
Microsoft Visual Studio Solution File, Format Version 12.00
# Visual Studio Version 17
VisualStudioVersion = 17.14.36811.4 d17.14
MinimumVisualStudioVersion = 10.0.40219.1
Project("{FAE04EC0-301F-11D3-BF4B-00C04F79EFBC}") = "WebDriverThing", "WebDriverThing.csproj", "{7F527E62-7022-4B6E-8B6A-C644CE1FCBD8}"
EndProject
Global
	GlobalSection(SolutionConfigurationPlatforms) = preSolution
		Debug|Any CPU = Debug|Any CPU
		Release|Any CPU = Release|Any CPU
	EndGlobalSection
	GlobalSection(ProjectConfigurationPlatforms) = postSolution
		{7F527E62-7022-4B6E-8B6A-C644CE1FCBD8}.Debug|Any CPU.ActiveCfg = Debug|Any CPU
		{7F527E62-7022-4B6E-8B6A-C644CE1FCBD8}.Debug|Any CPU.Build.0 = Debug|Any CPU
		{7F527E62-7022-4B6E-8B6A-C644CE1FCBD8}.Release|Any CPU.ActiveCfg = Release|Any CPU
		{7F527E62-7022-4B6E-8B6A-C644CE1FCBD8}.Release|Any CPU.Build.0 = Release|Any CPU
	EndGlobalSection
	GlobalSection(SolutionProperties) = preSolution
		HideSolutionNode = FALSE
	EndGlobalSection
	GlobalSection(ExtensibilityGlobals) = postSolution
		SolutionGuid = {C9E436B0-4652-4442-A78D-D5F897AB3D9E}
	EndGlobalSection
EndGlobal
