// !$*UTF8*$!
{
	archiveVersion = 1;
	classes = {
	};
	objectVersion = 77;
	objects = {

/* Begin PBXBuildFile section */
		BE16C9F02CD51F58005E5960 /* hello.odt in Resources */ = {isa = PBXBuildFile; fileRef = BE16C9EF2CD51F58005E5960 /* hello.odt */; };
		BE2231BA2CC67FDE00385A9C /* coolwsd-fork.cpp in Sources */ = {isa = PBXBuildFile; fileRef = BE2231B92CC67FDE00385A9C /* coolwsd-fork.cpp */; };
		BE22492C2CC79AD700385A9C /* cool.html in Resources */ = {isa = PBXBuildFile; fileRef = BE22492B2CC79AD700385A9C /* cool.html */; };
		BE2252292CC79BAE00385A9C /* bundle.js in Resources */ = {isa = PBXBuildFile; fileRef = BE22492E2CC79BAE00385A9C /* bundle.js */; };
		BE22529E2CC79BAE00385A9C /* cool-help.html in Resources */ = {isa = PBXBuildFile; fileRef = BE22492F2CC79BAE00385A9C /* cool-help.html */; };
		BE2253F32CC79BAE00385A9C /* device-desktop.css in Resources */ = {isa = PBXBuildFile; fileRef = BE2249302CC79BAE00385A9C /* device-desktop.css */; };
		BE22557E2CC79BAE00385A9C /* global.js in Resources */ = {isa = PBXBuildFile; fileRef = BE2249312CC79BAE00385A9C /* global.js */; };
		BE2257AD2CC79BAE00385A9C /* bundle.css in Resources */ = {isa = PBXBuildFile; fileRef = BE22492D2CC79BAE00385A9C /* bundle.css */; };
		BE22AA9C2CC7AE7400385A9C /* images in Resources */ = {isa = PBXBuildFile; fileRef = BE22AA9B2CC7AE7400385A9C /* images */; };
		BE4C620E2D59E85500047DF2 /* MobileApp.cpp in Sources */ = {isa = PBXBuildFile; fileRef = BE4C62062D59E85500047DF2 /* MobileApp.cpp */; };
		BE4C620F2D59E85500047DF2 /* Util-macos.cpp in Sources */ = {isa = PBXBuildFile; fileRef = BE4C620C2D59E85500047DF2 /* Util-macos.cpp */; };
		BE4C62102D59E85500047DF2 /* CoolMount.cpp in Sources */ = {isa = PBXBuildFile; fileRef = BE4C62002D59E85500047DF2 /* CoolMount.cpp */; };
		BE4C62112D59E85500047DF2 /* Unit-server.cpp in Sources */ = {isa = PBXBuildFile; fileRef = BE4C620B2D59E85500047DF2 /* Unit-server.cpp */; };
		BE4C62122D59E85500047DF2 /* JailUtil.cpp in Sources */ = {isa = PBXBuildFile; fileRef = BE4C62042D59E85500047DF2 /* JailUtil.cpp */; };
		BE4C62132D59E85500047DF2 /* Seccomp.cpp in Sources */ = {isa = PBXBuildFile; fileRef = BE4C62082D59E85500047DF2 /* Seccomp.cpp */; };
		BE4C62142D59E85500047DF2 /* CommandControl.cpp in Sources */ = {isa = PBXBuildFile; fileRef = BE4C61FE2D59E85500047DF2 /* CommandControl.cpp */; };
		BE4C62152D59E85500047DF2 /* Crypto.cpp in Sources */ = {isa = PBXBuildFile; fileRef = BE4C62022D59E85500047DF2 /* Crypto.cpp */; };
		BE4C62162D59E85500047DF2 /* SigUtil-server.cpp in Sources */ = {isa = PBXBuildFile; fileRef = BE4C62092D59E85500047DF2 /* SigUtil-server.cpp */; };
		BE4C62172D59E85500047DF2 /* Util-server.cpp in Sources */ = {isa = PBXBuildFile; fileRef = BE4C620D2D59E85500047DF2 /* Util-server.cpp */; };
		BE4C621C2D59EAA900047DF2 /* DelaySocket.cpp in Sources */ = {isa = PBXBuildFile; fileRef = BE4C62192D59EAA900047DF2 /* DelaySocket.cpp */; };
		BE4C621D2D59EAA900047DF2 /* HttpHelper.cpp in Sources */ = {isa = PBXBuildFile; fileRef = BE4C621B2D59EAA900047DF2 /* HttpHelper.cpp */; };
		BE4C623F2D59EBAC00047DF2 /* QuarantineUtil.cpp in Sources */ = {isa = PBXBuildFile; fileRef = BE4C62362D59EBAC00047DF2 /* QuarantineUtil.cpp */; };
		BE4C62402D59EBAC00047DF2 /* RemoteConfig.cpp in Sources */ = {isa = PBXBuildFile; fileRef = BE4C62382D59EBAC00047DF2 /* RemoteConfig.cpp */; };
		BE4C62412D59EBAC00047DF2 /* ProxyProtocol.cpp in Sources */ = {isa = PBXBuildFile; fileRef = BE4C62322D59EBAC00047DF2 /* ProxyProtocol.cpp */; };
		BE4C62422D59EBAC00047DF2 /* ProxyRequestHandler.cpp in Sources */ = {isa = PBXBuildFile; fileRef = BE4C62342D59EBAC00047DF2 /* ProxyRequestHandler.cpp */; };
		BE4C62432D59EBAC00047DF2 /* FileServerUtil.cpp in Sources */ = {isa = PBXBuildFile; fileRef = BE4C622C2D59EBAC00047DF2 /* FileServerUtil.cpp */; };
		BE4C62442D59EBAC00047DF2 /* ProofKey.cpp in Sources */ = {isa = PBXBuildFile; fileRef = BE4C62302D59EBAC00047DF2 /* ProofKey.cpp */; };
		BE4C62452D59EBAC00047DF2 /* ServerAuditUtil.cpp in Sources */ = {isa = PBXBuildFile; fileRef = BE4C623B2D59EBAC00047DF2 /* ServerAuditUtil.cpp */; };
		BE4C62462D59EBAC00047DF2 /* AdminModel.cpp in Sources */ = {isa = PBXBuildFile; fileRef = BE4C62212D59EBAC00047DF2 /* AdminModel.cpp */; };
		BE4C62472D59EBAC00047DF2 /* Admin.cpp in Sources */ = {isa = PBXBuildFile; fileRef = BE4C621F2D59EBAC00047DF2 /* Admin.cpp */; };
		BE4C62482D59EBAC00047DF2 /* Exceptions.cpp in Sources */ = {isa = PBXBuildFile; fileRef = BE4C62292D59EBAC00047DF2 /* Exceptions.cpp */; };
		BE4C62492D59EBAC00047DF2 /* SpecialBrokers.cpp in Sources */ = {isa = PBXBuildFile; fileRef = BE4C623D2D59EBAC00047DF2 /* SpecialBrokers.cpp */; };
		BE4C624A2D59EBAC00047DF2 /* FileServer.cpp in Sources */ = {isa = PBXBuildFile; fileRef = BE4C622B2D59EBAC00047DF2 /* FileServer.cpp */; };
		BE4C624B2D59EBAC00047DF2 /* HostUtil.cpp in Sources */ = {isa = PBXBuildFile; fileRef = BE4C622E2D59EBAC00047DF2 /* HostUtil.cpp */; };
		BE4C624C2D59EBAC00047DF2 /* Auth.cpp in Sources */ = {isa = PBXBuildFile; fileRef = BE4C62232D59EBAC00047DF2 /* Auth.cpp */; };
		BE4C62562D59EC5400047DF2 /* WopiStorage.cpp in Sources */ = {isa = PBXBuildFile; fileRef = BE4C62552D59EC5400047DF2 /* WopiStorage.cpp */; };
		BE4C62572D59EC5400047DF2 /* CheckFileInfo.cpp in Sources */ = {isa = PBXBuildFile; fileRef = BE4C624F2D59EC5400047DF2 /* CheckFileInfo.cpp */; };
		BE4C62582D59EC5400047DF2 /* WopiProxy.cpp in Sources */ = {isa = PBXBuildFile; fileRef = BE4C62532D59EC5400047DF2 /* WopiProxy.cpp */; };
		BE4C62592D59EC5400047DF2 /* StorageConnectionManager.cpp in Sources */ = {isa = PBXBuildFile; fileRef = BE4C62512D59EC5400047DF2 /* StorageConnectionManager.cpp */; };
		BE4C625C2D5A3C8A00047DF2 /* Ssl.cpp in Sources */ = {isa = PBXBuildFile; fileRef = BE4C625B2D5A3C8A00047DF2 /* Ssl.cpp */; };
		BE4C625E2D5A3DDA00047DF2 /* Kit.cpp in Sources */ = {isa = PBXBuildFile; fileRef = BE4C625D2D5A3DDA00047DF2 /* Kit.cpp */; };
		BE5A7AE22D354F4000FE7D60 /* Syscall.cpp in Sources */ = {isa = PBXBuildFile; fileRef = BE5A7AE12D354F4000FE7D60 /* Syscall.cpp */; };
		BE9115AE2CECBD3100C597B2 /* FileUtil-unix.cpp in Sources */ = {isa = PBXBuildFile; fileRef = BE9115AD2CECBD3100C597B2 /* FileUtil-unix.cpp */; };
		BE9115B02CECBECF00C597B2 /* Util-unix.cpp in Sources */ = {isa = PBXBuildFile; fileRef = BE9115AF2CECBECF00C597B2 /* Util-unix.cpp */; };
		BEA2636D2CBE38E20007435A /* Uri.cpp in Sources */ = {isa = PBXBuildFile; fileRef = BEA2636A2CBE38E20007435A /* Uri.cpp */; };
		BEA2636E2CBE38E20007435A /* Util.cpp in Sources */ = {isa = PBXBuildFile; fileRef = BEA2636C2CBE38E20007435A /* Util.cpp */; };
		BEA2636F2CBE38E20007435A /* Unit.cpp in Sources */ = {isa = PBXBuildFile; fileRef = BEA263682CBE38E20007435A /* Unit.cpp */; };
		BEA263702CBE38E20007435A /* Log.cpp in Sources */ = {isa = PBXBuildFile; fileRef = BEA263582CBE38E20007435A /* Log.cpp */; };
		BEA263712CBE38E20007435A /* Simd.cpp in Sources */ = {isa = PBXBuildFile; fileRef = BEA263612CBE38E20007435A /* Simd.cpp */; };
		BEA263722CBE38E20007435A /* FileUtil.cpp in Sources */ = {isa = PBXBuildFile; fileRef = BEA263562CBE38E20007435A /* FileUtil.cpp */; };
		BEA263732CBE38E20007435A /* Session.cpp in Sources */ = {isa = PBXBuildFile; fileRef = BEA2635D2CBE38E20007435A /* Session.cpp */; };
		BEA263742CBE38E20007435A /* TraceEvent.cpp in Sources */ = {isa = PBXBuildFile; fileRef = BEA263662CBE38E20007435A /* TraceEvent.cpp */; };
		BEA263762CBE38E20007435A /* SpookyV2.cpp in Sources */ = {isa = PBXBuildFile; fileRef = BEA263622CBE38E20007435A /* SpookyV2.cpp */; };
		BEA263772CBE38E20007435A /* ConfigUtil.cpp in Sources */ = {isa = PBXBuildFile; fileRef = BEA263552CBE38E20007435A /* ConfigUtil.cpp */; };
		BEA263782CBE38E20007435A /* StringVector.cpp in Sources */ = {isa = PBXBuildFile; fileRef = BEA263642CBE38E20007435A /* StringVector.cpp */; };
		BEA263792CBE38E20007435A /* Protocol.cpp in Sources */ = {isa = PBXBuildFile; fileRef = BEA2635B2CBE38E20007435A /* Protocol.cpp */; };
		BEA2637A2CBE38E20007435A /* Authorization.cpp in Sources */ = {isa = PBXBuildFile; fileRef = BEA263532CBE38E20007435A /* Authorization.cpp */; };
		BEA264162CBE7A770007435A /* Config.xcconfig in Resources */ = {isa = PBXBuildFile; fileRef = BEA264152CBE7A770007435A /* Config.xcconfig */; };
		BEA264922CBE986C0007435A /* KitQueue.cpp in Sources */ = {isa = PBXBuildFile; fileRef = BEA264902CBE986C0007435A /* KitQueue.cpp */; };
		BEA264932CBE986C0007435A /* KitWebSocket.cpp in Sources */ = {isa = PBXBuildFile; fileRef = BEA264912CBE986C0007435A /* KitWebSocket.cpp */; };
		BEA264942CBE986C0007435A /* ChildSession.cpp in Sources */ = {isa = PBXBuildFile; fileRef = BEA2648D2CBE986C0007435A /* ChildSession.cpp */; };
		BEA264962CBE986C0007435A /* DeltaSimd.c in Sources */ = {isa = PBXBuildFile; fileRef = BEA2648C2CBE986C0007435A /* DeltaSimd.c */; };
		BEA264A02CBE98CD0007435A /* NetUtil.cpp in Sources */ = {isa = PBXBuildFile; fileRef = BEA2649C2CBE98CD0007435A /* NetUtil.cpp */; };
		BEA264A12CBE98CD0007435A /* Socket.cpp in Sources */ = {isa = PBXBuildFile; fileRef = BEA2649E2CBE98CD0007435A /* Socket.cpp */; };
		BEA264A22CBE98CD0007435A /* HttpRequest.cpp in Sources */ = {isa = PBXBuildFile; fileRef = BEA2649A2CBE98CD0007435A /* HttpRequest.cpp */; };
		BEA264A32CBE98CD0007435A /* FakeSocket.cpp in Sources */ = {isa = PBXBuildFile; fileRef = BEA264982CBE98CD0007435A /* FakeSocket.cpp */; };
		BEA264AD2CBE99340007435A /* Storage.cpp in Sources */ = {isa = PBXBuildFile; fileRef = BEA264AB2CBE99340007435A /* Storage.cpp */; };
		BEA264AE2CBE99340007435A /* TileCache.cpp in Sources */ = {isa = PBXBuildFile; fileRef = BEA264AC2CBE99340007435A /* TileCache.cpp */; };
		BEA264AF2CBE99340007435A /* COOLWSD.cpp in Sources */ = {isa = PBXBuildFile; fileRef = BEA264A62CBE99340007435A /* COOLWSD.cpp */; };
		BEA264B02CBE99340007435A /* ClientSession.cpp in Sources */ = {isa = PBXBuildFile; fileRef = BEA264A52CBE99340007435A /* ClientSession.cpp */; };
		BEA264B12CBE99340007435A /* RequestDetails.cpp in Sources */ = {isa = PBXBuildFile; fileRef = BEA264A92CBE99340007435A /* RequestDetails.cpp */; };
		BEA264B22CBE99340007435A /* ClientRequestDispatcher.cpp in Sources */ = {isa = PBXBuildFile; fileRef = BEA264A42CBE99340007435A /* ClientRequestDispatcher.cpp */; };
		BEA264B32CBE99340007435A /* DocumentBroker.cpp in Sources */ = {isa = PBXBuildFile; fileRef = BEA264A72CBE99340007435A /* DocumentBroker.cpp */; };
		BEA264B42CBE99340007435A /* RequestVettingStation.cpp in Sources */ = {isa = PBXBuildFile; fileRef = BEA264AA2CBE99340007435A /* RequestVettingStation.cpp */; };
		BEEF3F862CE2139E00ABE785 /* coolkitconfig.xcu in Resources */ = {isa = PBXBuildFile; fileRef = BEEF3F852CE2139E00ABE785 /* coolkitconfig.xcu */; };
/* End PBXBuildFile section */

/* Begin PBXContainerItemProxy section */
		BECC4BBD2CBD3FA400A120B3 /* PBXContainerItemProxy */ = {
			isa = PBXContainerItemProxy;
			containerPortal = BECC4BA32CBD3FA300A120B3 /* Project object */;
			proxyType = 1;
			remoteGlobalIDString = BECC4BAA2CBD3FA300A120B3;
			remoteInfo = coda;
		};
		BECC4BC72CBD3FA400A120B3 /* PBXContainerItemProxy */ = {
			isa = PBXContainerItemProxy;
			containerPortal = BECC4BA32CBD3FA300A120B3 /* Project object */;
			proxyType = 1;
			remoteGlobalIDString = BECC4BAA2CBD3FA300A120B3;
			remoteInfo = coda;
		};
/* End PBXContainerItemProxy section */

/* Begin PBXFileReference section */
		BE16C9EF2CD51F58005E5960 /* hello.odt */ = {isa = PBXFileReference; lastKnownFileType = file; name = hello.odt; path = ../../../test/data/hello.odt; sourceTree = "<group>"; };
		BE2231B92CC67FDE00385A9C /* coolwsd-fork.cpp */ = {isa = PBXFileReference; lastKnownFileType = sourcecode.cpp.cpp; name = "coolwsd-fork.cpp"; path = "../../../../wsd/coolwsd-fork.cpp"; sourceTree = "<group>"; };
		BE22492B2CC79AD700385A9C /* cool.html */ = {isa = PBXFileReference; lastKnownFileType = text.html; name = cool.html; path = ../../../browser/dist/cool.html; sourceTree = "<group>"; };
		BE22492D2CC79BAE00385A9C /* bundle.css */ = {isa = PBXFileReference; lastKnownFileType = text.css; name = bundle.css; path = ../../../browser/dist/bundle.css; sourceTree = "<group>"; };
		BE22492E2CC79BAE00385A9C /* bundle.js */ = {isa = PBXFileReference; lastKnownFileType = sourcecode.javascript; name = bundle.js; path = ../../../browser/dist/bundle.js; sourceTree = "<group>"; };
		BE22492F2CC79BAE00385A9C /* cool-help.html */ = {isa = PBXFileReference; lastKnownFileType = text.html; name = "cool-help.html"; path = "../../../browser/dist/cool-help.html"; sourceTree = "<group>"; };
		BE2249302CC79BAE00385A9C /* device-desktop.css */ = {isa = PBXFileReference; lastKnownFileType = text.css; name = "device-desktop.css"; path = "../../../browser/dist/device-desktop.css"; sourceTree = "<group>"; };
		BE2249312CC79BAE00385A9C /* global.js */ = {isa = PBXFileReference; lastKnownFileType = sourcecode.javascript; name = global.js; path = ../../../browser/dist/global.js; sourceTree = "<group>"; };
		BE22AA9B2CC7AE7400385A9C /* images */ = {isa = PBXFileReference; lastKnownFileType = folder; name = images; path = ../../../browser/dist/images; sourceTree = "<group>"; };
		BE4C61FD2D59E85500047DF2 /* CommandControl.hpp */ = {isa = PBXFileReference; lastKnownFileType = sourcecode.cpp.h; name = CommandControl.hpp; path = ../../../../common/CommandControl.hpp; sourceTree = "<group>"; };
		BE4C61FE2D59E85500047DF2 /* CommandControl.cpp */ = {isa = PBXFileReference; lastKnownFileType = sourcecode.cpp.cpp; name = CommandControl.cpp; path = ../../../../common/CommandControl.cpp; sourceTree = "<group>"; };
		BE4C61FF2D59E85500047DF2 /* Common.hpp */ = {isa = PBXFileReference; lastKnownFileType = sourcecode.cpp.h; name = Common.hpp; path = ../../../../common/Common.hpp; sourceTree = "<group>"; };
		BE4C62002D59E85500047DF2 /* CoolMount.cpp */ = {isa = PBXFileReference; lastKnownFileType = sourcecode.cpp.cpp; name = CoolMount.cpp; path = ../../../../common/CoolMount.cpp; sourceTree = "<group>"; };
		BE4C62012D59E85500047DF2 /* Crypto.hpp */ = {isa = PBXFileReference; lastKnownFileType = sourcecode.cpp.h; name = Crypto.hpp; path = ../../../../common/Crypto.hpp; sourceTree = "<group>"; };
		BE4C62022D59E85500047DF2 /* Crypto.cpp */ = {isa = PBXFileReference; lastKnownFileType = sourcecode.cpp.cpp; name = Crypto.cpp; path = ../../../../common/Crypto.cpp; sourceTree = "<group>"; };
		BE4C62032D59E85500047DF2 /* JailUtil.hpp */ = {isa = PBXFileReference; lastKnownFileType = sourcecode.cpp.h; name = JailUtil.hpp; path = ../../../../common/JailUtil.hpp; sourceTree = "<group>"; };
		BE4C62042D59E85500047DF2 /* JailUtil.cpp */ = {isa = PBXFileReference; lastKnownFileType = sourcecode.cpp.cpp; name = JailUtil.cpp; path = ../../../../common/JailUtil.cpp; sourceTree = "<group>"; };
		BE4C62052D59E85500047DF2 /* MobileApp.hpp */ = {isa = PBXFileReference; lastKnownFileType = sourcecode.cpp.h; name = MobileApp.hpp; path = ../../../../common/MobileApp.hpp; sourceTree = "<group>"; };
		BE4C62062D59E85500047DF2 /* MobileApp.cpp */ = {isa = PBXFileReference; lastKnownFileType = sourcecode.cpp.cpp; name = MobileApp.cpp; path = ../../../../common/MobileApp.cpp; sourceTree = "<group>"; };
		BE4C62072D59E85500047DF2 /* Seccomp.hpp */ = {isa = PBXFileReference; lastKnownFileType = sourcecode.cpp.h; name = Seccomp.hpp; path = ../../../../common/Seccomp.hpp; sourceTree = "<group>"; };
		BE4C62082D59E85500047DF2 /* Seccomp.cpp */ = {isa = PBXFileReference; lastKnownFileType = sourcecode.cpp.cpp; name = Seccomp.cpp; path = ../../../../common/Seccomp.cpp; sourceTree = "<group>"; };
		BE4C62092D59E85500047DF2 /* SigUtil-server.cpp */ = {isa = PBXFileReference; lastKnownFileType = sourcecode.cpp.cpp; name = "SigUtil-server.cpp"; path = "../../../../common/SigUtil-server.cpp"; sourceTree = "<group>"; };
		BE4C620A2D59E85500047DF2 /* SpookyV2.h */ = {isa = PBXFileReference; lastKnownFileType = sourcecode.c.h; name = SpookyV2.h; path = ../../../../common/SpookyV2.h; sourceTree = "<group>"; };
		BE4C620B2D59E85500047DF2 /* Unit-server.cpp */ = {isa = PBXFileReference; lastKnownFileType = sourcecode.cpp.cpp; name = "Unit-server.cpp"; path = "../../../../common/Unit-server.cpp"; sourceTree = "<group>"; };
		BE4C620C2D59E85500047DF2 /* Util-macos.cpp */ = {isa = PBXFileReference; lastKnownFileType = sourcecode.cpp.cpp; name = "Util-macos.cpp"; path = "../../../../common/Util-macos.cpp"; sourceTree = "<group>"; };
		BE4C620D2D59E85500047DF2 /* Util-server.cpp */ = {isa = PBXFileReference; lastKnownFileType = sourcecode.cpp.cpp; name = "Util-server.cpp"; path = "../../../../common/Util-server.cpp"; sourceTree = "<group>"; };
		BE4C62182D59EAA900047DF2 /* DelaySocket.hpp */ = {isa = PBXFileReference; lastKnownFileType = sourcecode.cpp.h; name = DelaySocket.hpp; path = ../../../../net/DelaySocket.hpp; sourceTree = "<group>"; };
		BE4C62192D59EAA900047DF2 /* DelaySocket.cpp */ = {isa = PBXFileReference; lastKnownFileType = sourcecode.cpp.cpp; name = DelaySocket.cpp; path = ../../../../net/DelaySocket.cpp; sourceTree = "<group>"; };
		BE4C621A2D59EAA900047DF2 /* HttpHelper.hpp */ = {isa = PBXFileReference; lastKnownFileType = sourcecode.cpp.h; name = HttpHelper.hpp; path = ../../../../net/HttpHelper.hpp; sourceTree = "<group>"; };
		BE4C621B2D59EAA900047DF2 /* HttpHelper.cpp */ = {isa = PBXFileReference; lastKnownFileType = sourcecode.cpp.cpp; name = HttpHelper.cpp; path = ../../../../net/HttpHelper.cpp; sourceTree = "<group>"; };
		BE4C621E2D59EBAC00047DF2 /* Admin.hpp */ = {isa = PBXFileReference; lastKnownFileType = sourcecode.cpp.h; name = Admin.hpp; path = ../../../../wsd/Admin.hpp; sourceTree = "<group>"; };
		BE4C621F2D59EBAC00047DF2 /* Admin.cpp */ = {isa = PBXFileReference; lastKnownFileType = sourcecode.cpp.cpp; name = Admin.cpp; path = ../../../../wsd/Admin.cpp; sourceTree = "<group>"; };
		BE4C62202D59EBAC00047DF2 /* AdminModel.hpp */ = {isa = PBXFileReference; lastKnownFileType = sourcecode.cpp.h; name = AdminModel.hpp; path = ../../../../wsd/AdminModel.hpp; sourceTree = "<group>"; };
		BE4C62212D59EBAC00047DF2 /* AdminModel.cpp */ = {isa = PBXFileReference; lastKnownFileType = sourcecode.cpp.cpp; name = AdminModel.cpp; path = ../../../../wsd/AdminModel.cpp; sourceTree = "<group>"; };
		BE4C62222D59EBAC00047DF2 /* Auth.hpp */ = {isa = PBXFileReference; lastKnownFileType = sourcecode.cpp.h; name = Auth.hpp; path = ../../../../wsd/Auth.hpp; sourceTree = "<group>"; };
		BE4C62232D59EBAC00047DF2 /* Auth.cpp */ = {isa = PBXFileReference; lastKnownFileType = sourcecode.cpp.cpp; name = Auth.cpp; path = ../../../../wsd/Auth.cpp; sourceTree = "<group>"; };
		BE4C62242D59EBAC00047DF2 /* ClientRequestDispatcher.hpp */ = {isa = PBXFileReference; lastKnownFileType = sourcecode.cpp.h; name = ClientRequestDispatcher.hpp; path = ../../../../wsd/ClientRequestDispatcher.hpp; sourceTree = "<group>"; };
		BE4C62252D59EBAC00047DF2 /* ClientSession.hpp */ = {isa = PBXFileReference; lastKnownFileType = sourcecode.cpp.h; name = ClientSession.hpp; path = ../../../../wsd/ClientSession.hpp; sourceTree = "<group>"; };
		BE4C62262D59EBAC00047DF2 /* COOLWSD.hpp */ = {isa = PBXFileReference; lastKnownFileType = sourcecode.cpp.h; name = COOLWSD.hpp; path = ../../../../wsd/COOLWSD.hpp; sourceTree = "<group>"; };
		BE4C62272D59EBAC00047DF2 /* DocumentBroker.hpp */ = {isa = PBXFileReference; lastKnownFileType = sourcecode.cpp.h; name = DocumentBroker.hpp; path = ../../../../wsd/DocumentBroker.hpp; sourceTree = "<group>"; };
		BE4C62282D59EBAC00047DF2 /* Exceptions.hpp */ = {isa = PBXFileReference; lastKnownFileType = sourcecode.cpp.h; name = Exceptions.hpp; path = ../../../../wsd/Exceptions.hpp; sourceTree = "<group>"; };
		BE4C62292D59EBAC00047DF2 /* Exceptions.cpp */ = {isa = PBXFileReference; lastKnownFileType = sourcecode.cpp.cpp; name = Exceptions.cpp; path = ../../../../wsd/Exceptions.cpp; sourceTree = "<group>"; };
		BE4C622A2D59EBAC00047DF2 /* FileServer.hpp */ = {isa = PBXFileReference; lastKnownFileType = sourcecode.cpp.h; name = FileServer.hpp; path = ../../../../wsd/FileServer.hpp; sourceTree = "<group>"; };
		BE4C622B2D59EBAC00047DF2 /* FileServer.cpp */ = {isa = PBXFileReference; lastKnownFileType = sourcecode.cpp.cpp; name = FileServer.cpp; path = ../../../../wsd/FileServer.cpp; sourceTree = "<group>"; };
		BE4C622C2D59EBAC00047DF2 /* FileServerUtil.cpp */ = {isa = PBXFileReference; lastKnownFileType = sourcecode.cpp.cpp; name = FileServerUtil.cpp; path = ../../../../wsd/FileServerUtil.cpp; sourceTree = "<group>"; };
		BE4C622D2D59EBAC00047DF2 /* HostUtil.hpp */ = {isa = PBXFileReference; lastKnownFileType = sourcecode.cpp.h; name = HostUtil.hpp; path = ../../../../wsd/HostUtil.hpp; sourceTree = "<group>"; };
		BE4C622E2D59EBAC00047DF2 /* HostUtil.cpp */ = {isa = PBXFileReference; lastKnownFileType = sourcecode.cpp.cpp; name = HostUtil.cpp; path = ../../../../wsd/HostUtil.cpp; sourceTree = "<group>"; };
		BE4C622F2D59EBAC00047DF2 /* ProofKey.hpp */ = {isa = PBXFileReference; lastKnownFileType = sourcecode.cpp.h; name = ProofKey.hpp; path = ../../../../wsd/ProofKey.hpp; sourceTree = "<group>"; };
		BE4C62302D59EBAC00047DF2 /* ProofKey.cpp */ = {isa = PBXFileReference; lastKnownFileType = sourcecode.cpp.cpp; name = ProofKey.cpp; path = ../../../../wsd/ProofKey.cpp; sourceTree = "<group>"; };
		BE4C62312D59EBAC00047DF2 /* ProxyProtocol.hpp */ = {isa = PBXFileReference; lastKnownFileType = sourcecode.cpp.h; name = ProxyProtocol.hpp; path = ../../../../wsd/ProxyProtocol.hpp; sourceTree = "<group>"; };
		BE4C62322D59EBAC00047DF2 /* ProxyProtocol.cpp */ = {isa = PBXFileReference; lastKnownFileType = sourcecode.cpp.cpp; name = ProxyProtocol.cpp; path = ../../../../wsd/ProxyProtocol.cpp; sourceTree = "<group>"; };
		BE4C62332D59EBAC00047DF2 /* ProxyRequestHandler.hpp */ = {isa = PBXFileReference; lastKnownFileType = sourcecode.cpp.h; name = ProxyRequestHandler.hpp; path = ../../../../wsd/ProxyRequestHandler.hpp; sourceTree = "<group>"; };
		BE4C62342D59EBAC00047DF2 /* ProxyRequestHandler.cpp */ = {isa = PBXFileReference; lastKnownFileType = sourcecode.cpp.cpp; name = ProxyRequestHandler.cpp; path = ../../../../wsd/ProxyRequestHandler.cpp; sourceTree = "<group>"; };
		BE4C62352D59EBAC00047DF2 /* QuarantineUtil.hpp */ = {isa = PBXFileReference; lastKnownFileType = sourcecode.cpp.h; name = QuarantineUtil.hpp; path = ../../../../wsd/QuarantineUtil.hpp; sourceTree = "<group>"; };
		BE4C62362D59EBAC00047DF2 /* QuarantineUtil.cpp */ = {isa = PBXFileReference; lastKnownFileType = sourcecode.cpp.cpp; name = QuarantineUtil.cpp; path = ../../../../wsd/QuarantineUtil.cpp; sourceTree = "<group>"; };
		BE4C62372D59EBAC00047DF2 /* RemoteConfig.hpp */ = {isa = PBXFileReference; lastKnownFileType = sourcecode.cpp.h; name = RemoteConfig.hpp; path = ../../../../wsd/RemoteConfig.hpp; sourceTree = "<group>"; };
		BE4C62382D59EBAC00047DF2 /* RemoteConfig.cpp */ = {isa = PBXFileReference; lastKnownFileType = sourcecode.cpp.cpp; name = RemoteConfig.cpp; path = ../../../../wsd/RemoteConfig.cpp; sourceTree = "<group>"; };
		BE4C62392D59EBAC00047DF2 /* RequestVettingStation.hpp */ = {isa = PBXFileReference; lastKnownFileType = sourcecode.cpp.h; name = RequestVettingStation.hpp; path = ../../../../wsd/RequestVettingStation.hpp; sourceTree = "<group>"; };
		BE4C623A2D59EBAC00047DF2 /* ServerAuditUtil.hpp */ = {isa = PBXFileReference; lastKnownFileType = sourcecode.cpp.h; name = ServerAuditUtil.hpp; path = ../../../../wsd/ServerAuditUtil.hpp; sourceTree = "<group>"; };
		BE4C623B2D59EBAC00047DF2 /* ServerAuditUtil.cpp */ = {isa = PBXFileReference; lastKnownFileType = sourcecode.cpp.cpp; name = ServerAuditUtil.cpp; path = ../../../../wsd/ServerAuditUtil.cpp; sourceTree = "<group>"; };
		BE4C623C2D59EBAC00047DF2 /* SpecialBrokers.hpp */ = {isa = PBXFileReference; lastKnownFileType = sourcecode.cpp.h; name = SpecialBrokers.hpp; path = ../../../../wsd/SpecialBrokers.hpp; sourceTree = "<group>"; };
		BE4C623D2D59EBAC00047DF2 /* SpecialBrokers.cpp */ = {isa = PBXFileReference; lastKnownFileType = sourcecode.cpp.cpp; name = SpecialBrokers.cpp; path = ../../../../wsd/SpecialBrokers.cpp; sourceTree = "<group>"; };
		BE4C623E2D59EBAC00047DF2 /* TileCache.hpp */ = {isa = PBXFileReference; lastKnownFileType = sourcecode.cpp.h; name = TileCache.hpp; path = ../../../../wsd/TileCache.hpp; sourceTree = "<group>"; };
		BE4C624E2D59EC5400047DF2 /* CheckFileInfo.hpp */ = {isa = PBXFileReference; lastKnownFileType = sourcecode.cpp.h; name = CheckFileInfo.hpp; path = ../../../../../wsd/wopi/CheckFileInfo.hpp; sourceTree = "<group>"; };
		BE4C624F2D59EC5400047DF2 /* CheckFileInfo.cpp */ = {isa = PBXFileReference; lastKnownFileType = sourcecode.cpp.cpp; name = CheckFileInfo.cpp; path = ../../../../../wsd/wopi/CheckFileInfo.cpp; sourceTree = "<group>"; };
		BE4C62502D59EC5400047DF2 /* StorageConnectionManager.hpp */ = {isa = PBXFileReference; lastKnownFileType = sourcecode.cpp.h; name = StorageConnectionManager.hpp; path = ../../../../../wsd/wopi/StorageConnectionManager.hpp; sourceTree = "<group>"; };
		BE4C62512D59EC5400047DF2 /* StorageConnectionManager.cpp */ = {isa = PBXFileReference; lastKnownFileType = sourcecode.cpp.cpp; name = StorageConnectionManager.cpp; path = ../../../../../wsd/wopi/StorageConnectionManager.cpp; sourceTree = "<group>"; };
		BE4C62522D59EC5400047DF2 /* WopiProxy.hpp */ = {isa = PBXFileReference; lastKnownFileType = sourcecode.cpp.h; name = WopiProxy.hpp; path = ../../../../../wsd/wopi/WopiProxy.hpp; sourceTree = "<group>"; };
		BE4C62532D59EC5400047DF2 /* WopiProxy.cpp */ = {isa = PBXFileReference; lastKnownFileType = sourcecode.cpp.cpp; name = WopiProxy.cpp; path = ../../../../../wsd/wopi/WopiProxy.cpp; sourceTree = "<group>"; };
		BE4C62542D59EC5400047DF2 /* WopiStorage.hpp */ = {isa = PBXFileReference; lastKnownFileType = sourcecode.cpp.h; name = WopiStorage.hpp; path = ../../../../../wsd/wopi/WopiStorage.hpp; sourceTree = "<group>"; };
		BE4C62552D59EC5400047DF2 /* WopiStorage.cpp */ = {isa = PBXFileReference; lastKnownFileType = sourcecode.cpp.cpp; name = WopiStorage.cpp; path = ../../../../../wsd/wopi/WopiStorage.cpp; sourceTree = "<group>"; };
		BE4C625A2D5A3C8A00047DF2 /* Ssl.hpp */ = {isa = PBXFileReference; lastKnownFileType = sourcecode.cpp.h; name = Ssl.hpp; path = ../../../../net/Ssl.hpp; sourceTree = "<group>"; };
		BE4C625B2D5A3C8A00047DF2 /* Ssl.cpp */ = {isa = PBXFileReference; lastKnownFileType = sourcecode.cpp.cpp; name = Ssl.cpp; path = ../../../../net/Ssl.cpp; sourceTree = "<group>"; };
		BE4C625D2D5A3DDA00047DF2 /* Kit.cpp */ = {isa = PBXFileReference; lastKnownFileType = sourcecode.cpp.cpp; name = Kit.cpp; path = ../../../../kit/Kit.cpp; sourceTree = "<group>"; };
		BE5A7A282D2BE28200FE7D60 /* FileUtil.hpp */ = {isa = PBXFileReference; lastKnownFileType = sourcecode.cpp.h; name = FileUtil.hpp; path = ../../../../common/FileUtil.hpp; sourceTree = "<group>"; };
		BE5A7AE02D354F4000FE7D60 /* Syscall.hpp */ = {isa = PBXFileReference; lastKnownFileType = sourcecode.cpp.h; name = Syscall.hpp; path = ../../../../common/Syscall.hpp; sourceTree = "<group>"; };
		BE5A7AE12D354F4000FE7D60 /* Syscall.cpp */ = {isa = PBXFileReference; lastKnownFileType = sourcecode.cpp.cpp; name = Syscall.cpp; path = ../../../../common/Syscall.cpp; sourceTree = "<group>"; };
		BE9115AD2CECBD3100C597B2 /* FileUtil-unix.cpp */ = {isa = PBXFileReference; lastKnownFileType = sourcecode.cpp.cpp; name = "FileUtil-unix.cpp"; path = "../../../../common/FileUtil-unix.cpp"; sourceTree = "<group>"; };
		BE9115AF2CECBECF00C597B2 /* Util-unix.cpp */ = {isa = PBXFileReference; lastKnownFileType = sourcecode.cpp.cpp; name = "Util-unix.cpp"; path = "../../../../common/Util-unix.cpp"; sourceTree = "<group>"; };
		BEA263522CBE38E20007435A /* Authorization.hpp */ = {isa = PBXFileReference; lastKnownFileType = sourcecode.cpp.h; name = Authorization.hpp; path = ../../../../common/Authorization.hpp; sourceTree = "<group>"; };
		BEA263532CBE38E20007435A /* Authorization.cpp */ = {isa = PBXFileReference; lastKnownFileType = sourcecode.cpp.cpp; name = Authorization.cpp; path = ../../../../common/Authorization.cpp; sourceTree = "<group>"; };
		BEA263542CBE38E20007435A /* ConfigUtil.hpp */ = {isa = PBXFileReference; lastKnownFileType = sourcecode.cpp.h; name = ConfigUtil.hpp; path = ../../../../common/ConfigUtil.hpp; sourceTree = "<group>"; };
		BEA263552CBE38E20007435A /* ConfigUtil.cpp */ = {isa = PBXFileReference; lastKnownFileType = sourcecode.cpp.cpp; name = ConfigUtil.cpp; path = ../../../../common/ConfigUtil.cpp; sourceTree = "<group>"; };
		BEA263562CBE38E20007435A /* FileUtil.cpp */ = {isa = PBXFileReference; lastKnownFileType = sourcecode.cpp.cpp; name = FileUtil.cpp; path = ../../../../common/FileUtil.cpp; sourceTree = "<group>"; };
		BEA263572CBE38E20007435A /* Log.hpp */ = {isa = PBXFileReference; lastKnownFileType = sourcecode.cpp.h; name = Log.hpp; path = ../../../../common/Log.hpp; sourceTree = "<group>"; };
		BEA263582CBE38E20007435A /* Log.cpp */ = {isa = PBXFileReference; lastKnownFileType = sourcecode.cpp.cpp; name = Log.cpp; path = ../../../../common/Log.cpp; sourceTree = "<group>"; };
		BEA263592CBE38E20007435A /* Png.hpp */ = {isa = PBXFileReference; lastKnownFileType = sourcecode.cpp.h; name = Png.hpp; path = ../../../../common/Png.hpp; sourceTree = "<group>"; };
		BEA2635A2CBE38E20007435A /* Protocol.hpp */ = {isa = PBXFileReference; lastKnownFileType = sourcecode.cpp.h; name = Protocol.hpp; path = ../../../../common/Protocol.hpp; sourceTree = "<group>"; };
		BEA2635B2CBE38E20007435A /* Protocol.cpp */ = {isa = PBXFileReference; lastKnownFileType = sourcecode.cpp.cpp; name = Protocol.cpp; path = ../../../../common/Protocol.cpp; sourceTree = "<group>"; };
		BEA2635C2CBE38E20007435A /* Session.hpp */ = {isa = PBXFileReference; lastKnownFileType = sourcecode.cpp.h; name = Session.hpp; path = ../../../../common/Session.hpp; sourceTree = "<group>"; };
		BEA2635D2CBE38E20007435A /* Session.cpp */ = {isa = PBXFileReference; lastKnownFileType = sourcecode.cpp.cpp; name = Session.cpp; path = ../../../../common/Session.cpp; sourceTree = "<group>"; };
		BEA2635E2CBE38E20007435A /* SigUtil.hpp */ = {isa = PBXFileReference; lastKnownFileType = sourcecode.cpp.h; name = SigUtil.hpp; path = ../../../../common/SigUtil.hpp; sourceTree = "<group>"; };
		BEA263602CBE38E20007435A /* Simd.hpp */ = {isa = PBXFileReference; lastKnownFileType = sourcecode.cpp.h; name = Simd.hpp; path = ../../../../common/Simd.hpp; sourceTree = "<group>"; };
		BEA263612CBE38E20007435A /* Simd.cpp */ = {isa = PBXFileReference; lastKnownFileType = sourcecode.cpp.cpp; name = Simd.cpp; path = ../../../../common/Simd.cpp; sourceTree = "<group>"; };
		BEA263622CBE38E20007435A /* SpookyV2.cpp */ = {isa = PBXFileReference; lastKnownFileType = sourcecode.cpp.cpp; name = SpookyV2.cpp; path = ../../../../common/SpookyV2.cpp; sourceTree = "<group>"; };
		BEA263632CBE38E20007435A /* StringVector.hpp */ = {isa = PBXFileReference; lastKnownFileType = sourcecode.cpp.h; name = StringVector.hpp; path = ../../../../common/StringVector.hpp; sourceTree = "<group>"; };
		BEA263642CBE38E20007435A /* StringVector.cpp */ = {isa = PBXFileReference; lastKnownFileType = sourcecode.cpp.cpp; name = StringVector.cpp; path = ../../../../common/StringVector.cpp; sourceTree = "<group>"; };
		BEA263652CBE38E20007435A /* TraceEvent.hpp */ = {isa = PBXFileReference; lastKnownFileType = sourcecode.cpp.h; name = TraceEvent.hpp; path = ../../../../common/TraceEvent.hpp; sourceTree = "<group>"; };
		BEA263662CBE38E20007435A /* TraceEvent.cpp */ = {isa = PBXFileReference; lastKnownFileType = sourcecode.cpp.cpp; name = TraceEvent.cpp; path = ../../../../common/TraceEvent.cpp; sourceTree = "<group>"; };
		BEA263672CBE38E20007435A /* Unit.hpp */ = {isa = PBXFileReference; lastKnownFileType = sourcecode.cpp.h; name = Unit.hpp; path = ../../../../common/Unit.hpp; sourceTree = "<group>"; };
		BEA263682CBE38E20007435A /* Unit.cpp */ = {isa = PBXFileReference; lastKnownFileType = sourcecode.cpp.cpp; name = Unit.cpp; path = ../../../../common/Unit.cpp; sourceTree = "<group>"; };
		BEA263692CBE38E20007435A /* Uri.hpp */ = {isa = PBXFileReference; lastKnownFileType = sourcecode.cpp.h; name = Uri.hpp; path = ../../../../common/Uri.hpp; sourceTree = "<group>"; };
		BEA2636A2CBE38E20007435A /* Uri.cpp */ = {isa = PBXFileReference; lastKnownFileType = sourcecode.cpp.cpp; name = Uri.cpp; path = ../../../../common/Uri.cpp; sourceTree = "<group>"; };
		BEA2636B2CBE38E20007435A /* Util.hpp */ = {isa = PBXFileReference; lastKnownFileType = sourcecode.cpp.h; name = Util.hpp; path = ../../../../common/Util.hpp; sourceTree = "<group>"; };
		BEA2636C2CBE38E20007435A /* Util.cpp */ = {isa = PBXFileReference; lastKnownFileType = sourcecode.cpp.cpp; name = Util.cpp; path = ../../../../common/Util.cpp; sourceTree = "<group>"; };
		BEA2637B2CBE38F50007435A /* coda-Bridging-Header.h */ = {isa = PBXFileReference; lastKnownFileType = sourcecode.c.h; path = "coda-Bridging-Header.h"; sourceTree = "<group>"; };
		BEA264152CBE7A770007435A /* Config.xcconfig */ = {isa = PBXFileReference; lastKnownFileType = text.xcconfig; path = Config.xcconfig; sourceTree = "<group>"; };
		BEA2648B2CBE986C0007435A /* DeltaSimd.h */ = {isa = PBXFileReference; lastKnownFileType = sourcecode.c.h; name = DeltaSimd.h; path = ../../../../kit/DeltaSimd.h; sourceTree = "<group>"; };
		BEA2648C2CBE986C0007435A /* DeltaSimd.c */ = {isa = PBXFileReference; lastKnownFileType = sourcecode.c.c; name = DeltaSimd.c; path = ../../../../kit/DeltaSimd.c; sourceTree = "<group>"; };
		BEA2648D2CBE986C0007435A /* ChildSession.cpp */ = {isa = PBXFileReference; lastKnownFileType = sourcecode.cpp.cpp; name = ChildSession.cpp; path = ../../../../kit/ChildSession.cpp; sourceTree = "<group>"; };
		BEA2648F2CBE986C0007435A /* KitQueue.hpp */ = {isa = PBXFileReference; lastKnownFileType = sourcecode.cpp.h; name = KitQueue.hpp; path = ../../../../kit/KitQueue.hpp; sourceTree = "<group>"; };
		BEA264902CBE986C0007435A /* KitQueue.cpp */ = {isa = PBXFileReference; lastKnownFileType = sourcecode.cpp.cpp; name = KitQueue.cpp; path = ../../../../kit/KitQueue.cpp; sourceTree = "<group>"; };
		BEA264912CBE986C0007435A /* KitWebSocket.cpp */ = {isa = PBXFileReference; lastKnownFileType = sourcecode.cpp.cpp; name = KitWebSocket.cpp; path = ../../../../kit/KitWebSocket.cpp; sourceTree = "<group>"; };
		BEA264972CBE98CD0007435A /* AsyncDNS.hpp */ = {isa = PBXFileReference; lastKnownFileType = sourcecode.cpp.h; name = AsyncDNS.hpp; path = ../../../../net/AsyncDNS.hpp; sourceTree = "<group>"; };
		BEA264982CBE98CD0007435A /* FakeSocket.cpp */ = {isa = PBXFileReference; lastKnownFileType = sourcecode.cpp.cpp; name = FakeSocket.cpp; path = ../../../../net/FakeSocket.cpp; sourceTree = "<group>"; };
		BEA264992CBE98CD0007435A /* HttpRequest.hpp */ = {isa = PBXFileReference; lastKnownFileType = sourcecode.cpp.h; name = HttpRequest.hpp; path = ../../../../net/HttpRequest.hpp; sourceTree = "<group>"; };
		BEA2649A2CBE98CD0007435A /* HttpRequest.cpp */ = {isa = PBXFileReference; lastKnownFileType = sourcecode.cpp.cpp; name = HttpRequest.cpp; path = ../../../../net/HttpRequest.cpp; sourceTree = "<group>"; };
		BEA2649B2CBE98CD0007435A /* NetUtil.hpp */ = {isa = PBXFileReference; lastKnownFileType = sourcecode.cpp.h; name = NetUtil.hpp; path = ../../../../net/NetUtil.hpp; sourceTree = "<group>"; };
		BEA2649C2CBE98CD0007435A /* NetUtil.cpp */ = {isa = PBXFileReference; lastKnownFileType = sourcecode.cpp.cpp; name = NetUtil.cpp; path = ../../../../net/NetUtil.cpp; sourceTree = "<group>"; };
		BEA2649D2CBE98CD0007435A /* Socket.hpp */ = {isa = PBXFileReference; lastKnownFileType = sourcecode.cpp.h; name = Socket.hpp; path = ../../../../net/Socket.hpp; sourceTree = "<group>"; };
		BEA2649E2CBE98CD0007435A /* Socket.cpp */ = {isa = PBXFileReference; lastKnownFileType = sourcecode.cpp.cpp; name = Socket.cpp; path = ../../../../net/Socket.cpp; sourceTree = "<group>"; };
		BEA2649F2CBE98CD0007435A /* WebSocketHandler.hpp */ = {isa = PBXFileReference; lastKnownFileType = sourcecode.cpp.h; name = WebSocketHandler.hpp; path = ../../../../net/WebSocketHandler.hpp; sourceTree = "<group>"; };
		BEA264A42CBE99340007435A /* ClientRequestDispatcher.cpp */ = {isa = PBXFileReference; lastKnownFileType = sourcecode.cpp.cpp; name = ClientRequestDispatcher.cpp; path = ../../../../wsd/ClientRequestDispatcher.cpp; sourceTree = "<group>"; };
		BEA264A52CBE99340007435A /* ClientSession.cpp */ = {isa = PBXFileReference; lastKnownFileType = sourcecode.cpp.cpp; name = ClientSession.cpp; path = ../../../../wsd/ClientSession.cpp; sourceTree = "<group>"; };
		BEA264A62CBE99340007435A /* COOLWSD.cpp */ = {isa = PBXFileReference; lastKnownFileType = sourcecode.cpp.cpp; name = COOLWSD.cpp; path = ../../../../wsd/COOLWSD.cpp; sourceTree = "<group>"; };
		BEA264A72CBE99340007435A /* DocumentBroker.cpp */ = {isa = PBXFileReference; lastKnownFileType = sourcecode.cpp.cpp; name = DocumentBroker.cpp; path = ../../../../wsd/DocumentBroker.cpp; sourceTree = "<group>"; };
		BEA264A82CBE99340007435A /* RequestDetails.hpp */ = {isa = PBXFileReference; lastKnownFileType = sourcecode.cpp.h; name = RequestDetails.hpp; path = ../../../../wsd/RequestDetails.hpp; sourceTree = "<group>"; };
		BEA264A92CBE99340007435A /* RequestDetails.cpp */ = {isa = PBXFileReference; lastKnownFileType = sourcecode.cpp.cpp; name = RequestDetails.cpp; path = ../../../../wsd/RequestDetails.cpp; sourceTree = "<group>"; };
		BEA264AA2CBE99340007435A /* RequestVettingStation.cpp */ = {isa = PBXFileReference; lastKnownFileType = sourcecode.cpp.cpp; name = RequestVettingStation.cpp; path = ../../../../wsd/RequestVettingStation.cpp; sourceTree = "<group>"; };
		BEA264AB2CBE99340007435A /* Storage.cpp */ = {isa = PBXFileReference; lastKnownFileType = sourcecode.cpp.cpp; name = Storage.cpp; path = ../../../../wsd/Storage.cpp; sourceTree = "<group>"; };
		BEA264AC2CBE99340007435A /* TileCache.cpp */ = {isa = PBXFileReference; lastKnownFileType = sourcecode.cpp.cpp; name = TileCache.cpp; path = ../../../../wsd/TileCache.cpp; sourceTree = "<group>"; };
		BEA264B52CBE9BEF0007435A /* Storage.hpp */ = {isa = PBXFileReference; lastKnownFileType = sourcecode.cpp.h; name = Storage.hpp; path = ../../../../wsd/Storage.hpp; sourceTree = "<group>"; };
		BECC4BAB2CBD3FA300A120B3 /* coda.app */ = {isa = PBXFileReference; explicitFileType = wrapper.application; includeInIndex = 0; path = coda.app; sourceTree = BUILT_PRODUCTS_DIR; };
		BECC4BBC2CBD3FA400A120B3 /* codaTests.xctest */ = {isa = PBXFileReference; explicitFileType = wrapper.cfbundle; includeInIndex = 0; path = codaTests.xctest; sourceTree = BUILT_PRODUCTS_DIR; };
		BECC4BC62CBD3FA400A120B3 /* codaUITests.xctest */ = {isa = PBXFileReference; explicitFileType = wrapper.cfbundle; includeInIndex = 0; path = codaUITests.xctest; sourceTree = BUILT_PRODUCTS_DIR; };
		BEEF3F822CE20BDD00ABE785 /* SetupKitEnvironment.hpp */ = {isa = PBXFileReference; lastKnownFileType = sourcecode.cpp.h; name = SetupKitEnvironment.hpp; path = ../../../../kit/SetupKitEnvironment.hpp; sourceTree = "<group>"; };
		BEEF3F852CE2139E00ABE785 /* coolkitconfig.xcu */ = {isa = PBXFileReference; lastKnownFileType = text.xml; name = coolkitconfig.xcu; path = ../../../coolkitconfig.xcu; sourceTree = "<group>"; };
/* End PBXFileReference section */

/* Begin PBXFileSystemSynchronizedRootGroup section */
		BECC4BAD2CBD3FA300A120B3 /* coda */ = {
			isa = PBXFileSystemSynchronizedRootGroup;
			path = coda;
			sourceTree = "<group>";
		};
		BECC4BBF2CBD3FA400A120B3 /* codaTests */ = {
			isa = PBXFileSystemSynchronizedRootGroup;
			path = codaTests;
			sourceTree = "<group>";
		};
		BECC4BC92CBD3FA400A120B3 /* codaUITests */ = {
			isa = PBXFileSystemSynchronizedRootGroup;
			path = codaUITests;
			sourceTree = "<group>";
		};
/* End PBXFileSystemSynchronizedRootGroup section */

/* Begin PBXFrameworksBuildPhase section */
		BECC4BA82CBD3FA300A120B3 /* Frameworks */ = {
			isa = PBXFrameworksBuildPhase;
			buildActionMask = 2147483647;
			files = (
			);
			runOnlyForDeploymentPostprocessing = 0;
		};
		BECC4BB92CBD3FA400A120B3 /* Frameworks */ = {
			isa = PBXFrameworksBuildPhase;
			buildActionMask = 2147483647;
			files = (
			);
			runOnlyForDeploymentPostprocessing = 0;
		};
		BECC4BC32CBD3FA400A120B3 /* Frameworks */ = {
			isa = PBXFrameworksBuildPhase;
			buildActionMask = 2147483647;
			files = (
			);
			runOnlyForDeploymentPostprocessing = 0;
		};
/* End PBXFrameworksBuildPhase section */

/* Begin PBXGroup section */
		BE22492A2CC79AAC00385A9C /* dist */ = {
			isa = PBXGroup;
			children = (
				BE22AA9B2CC7AE7400385A9C /* images */,
				BE22492D2CC79BAE00385A9C /* bundle.css */,
				BE22492E2CC79BAE00385A9C /* bundle.js */,
				BE22492B2CC79AD700385A9C /* cool.html */,
				BE22492F2CC79BAE00385A9C /* cool-help.html */,
				BEEF3F852CE2139E00ABE785 /* coolkitconfig.xcu */,
				BE2249302CC79BAE00385A9C /* device-desktop.css */,
				BE2249312CC79BAE00385A9C /* global.js */,
				BE16C9EF2CD51F58005E5960 /* hello.odt */,
			);
			path = dist;
			sourceTree = "<group>";
		};
		BE4C624D2D59EC1D00047DF2 /* wopi */ = {
			isa = PBXGroup;
			children = (
				BE4C624E2D59EC5400047DF2 /* CheckFileInfo.hpp */,
				BE4C624F2D59EC5400047DF2 /* CheckFileInfo.cpp */,
				BE4C62502D59EC5400047DF2 /* StorageConnectionManager.hpp */,
				BE4C62512D59EC5400047DF2 /* StorageConnectionManager.cpp */,
				BE4C62522D59EC5400047DF2 /* WopiProxy.hpp */,
				BE4C62532D59EC5400047DF2 /* WopiProxy.cpp */,
				BE4C62542D59EC5400047DF2 /* WopiStorage.hpp */,
				BE4C62552D59EC5400047DF2 /* WopiStorage.cpp */,
			);
			path = wopi;
			sourceTree = "<group>";
		};
		BEA2637C2CBE38FE0007435A /* common */ = {
			isa = PBXGroup;
			children = (
				BEA263532CBE38E20007435A /* Authorization.cpp */,
				BEA263522CBE38E20007435A /* Authorization.hpp */,
				BE4C61FD2D59E85500047DF2 /* CommandControl.hpp */,
				BE4C61FE2D59E85500047DF2 /* CommandControl.cpp */,
				BE4C61FF2D59E85500047DF2 /* Common.hpp */,
				BEA263542CBE38E20007435A /* ConfigUtil.hpp */,
				BEA263552CBE38E20007435A /* ConfigUtil.cpp */,
				BE4C62002D59E85500047DF2 /* CoolMount.cpp */,
				BE4C62012D59E85500047DF2 /* Crypto.hpp */,
				BE4C62022D59E85500047DF2 /* Crypto.cpp */,
				BE5A7A282D2BE28200FE7D60 /* FileUtil.hpp */,
				BEA263562CBE38E20007435A /* FileUtil.cpp */,
				BE9115AD2CECBD3100C597B2 /* FileUtil-unix.cpp */,
				BE4C62032D59E85500047DF2 /* JailUtil.hpp */,
				BE4C62042D59E85500047DF2 /* JailUtil.cpp */,
				BEA263572CBE38E20007435A /* Log.hpp */,
				BEA263582CBE38E20007435A /* Log.cpp */,
				BE4C62052D59E85500047DF2 /* MobileApp.hpp */,
				BE4C62062D59E85500047DF2 /* MobileApp.cpp */,
				BEA263592CBE38E20007435A /* Png.hpp */,
				BEA2635A2CBE38E20007435A /* Protocol.hpp */,
				BEA2635B2CBE38E20007435A /* Protocol.cpp */,
				BE4C62072D59E85500047DF2 /* Seccomp.hpp */,
				BE4C62082D59E85500047DF2 /* Seccomp.cpp */,
				BEA2635C2CBE38E20007435A /* Session.hpp */,
				BEA2635D2CBE38E20007435A /* Session.cpp */,
				BEA2635E2CBE38E20007435A /* SigUtil.hpp */,
				BE4C62092D59E85500047DF2 /* SigUtil-server.cpp */,
				BEA263602CBE38E20007435A /* Simd.hpp */,
				BEA263612CBE38E20007435A /* Simd.cpp */,
				BE4C620A2D59E85500047DF2 /* SpookyV2.h */,
				BEA263622CBE38E20007435A /* SpookyV2.cpp */,
				BEA263632CBE38E20007435A /* StringVector.hpp */,
				BEA263642CBE38E20007435A /* StringVector.cpp */,
				BE5A7AE02D354F4000FE7D60 /* Syscall.hpp */,
				BE5A7AE12D354F4000FE7D60 /* Syscall.cpp */,
				BEA263652CBE38E20007435A /* TraceEvent.hpp */,
				BEA263662CBE38E20007435A /* TraceEvent.cpp */,
				BEA263672CBE38E20007435A /* Unit.hpp */,
				BEA263682CBE38E20007435A /* Unit.cpp */,
				BE4C620B2D59E85500047DF2 /* Unit-server.cpp */,
				BEA263692CBE38E20007435A /* Uri.hpp */,
				BEA2636A2CBE38E20007435A /* Uri.cpp */,
				BEA2636B2CBE38E20007435A /* Util.hpp */,
				BEA2636C2CBE38E20007435A /* Util.cpp */,
				BE4C620C2D59E85500047DF2 /* Util-macos.cpp */,
				BE4C620D2D59E85500047DF2 /* Util-server.cpp */,
				BE9115AF2CECBECF00C597B2 /* Util-unix.cpp */,
			);
			path = common;
			sourceTree = "<group>";
		};
		BEA2637D2CBE39C30007435A /* Online */ = {
			isa = PBXGroup;
			children = (
				BEA2637C2CBE38FE0007435A /* common */,
				BEA264882CBE97C30007435A /* kit */,
				BEA264892CBE97D40007435A /* net */,
				BEA2648A2CBE98010007435A /* wsd */,
			);
			path = Online;
			sourceTree = "<group>";
		};
		BEA264882CBE97C30007435A /* kit */ = {
			isa = PBXGroup;
			children = (
				BEA2648B2CBE986C0007435A /* DeltaSimd.h */,
				BEA2648C2CBE986C0007435A /* DeltaSimd.c */,
				BEA2648D2CBE986C0007435A /* ChildSession.cpp */,
				BE4C625D2D5A3DDA00047DF2 /* Kit.cpp */,
				BEA2648F2CBE986C0007435A /* KitQueue.hpp */,
				BEA264902CBE986C0007435A /* KitQueue.cpp */,
				BEA264912CBE986C0007435A /* KitWebSocket.cpp */,
				BEEF3F822CE20BDD00ABE785 /* SetupKitEnvironment.hpp */,
			);
			path = kit;
			sourceTree = "<group>";
		};
		BEA264892CBE97D40007435A /* net */ = {
			isa = PBXGroup;
			children = (
				BEA264972CBE98CD0007435A /* AsyncDNS.hpp */,
				BE4C62182D59EAA900047DF2 /* DelaySocket.hpp */,
				BE4C62192D59EAA900047DF2 /* DelaySocket.cpp */,
				BEA264982CBE98CD0007435A /* FakeSocket.cpp */,
				BE4C621A2D59EAA900047DF2 /* HttpHelper.hpp */,
				BE4C621B2D59EAA900047DF2 /* HttpHelper.cpp */,
				BEA264992CBE98CD0007435A /* HttpRequest.hpp */,
				BEA2649A2CBE98CD0007435A /* HttpRequest.cpp */,
				BEA2649B2CBE98CD0007435A /* NetUtil.hpp */,
				BEA2649C2CBE98CD0007435A /* NetUtil.cpp */,
				BEA2649D2CBE98CD0007435A /* Socket.hpp */,
				BEA2649E2CBE98CD0007435A /* Socket.cpp */,
				BE4C625A2D5A3C8A00047DF2 /* Ssl.hpp */,
				BE4C625B2D5A3C8A00047DF2 /* Ssl.cpp */,
				BEA2649F2CBE98CD0007435A /* WebSocketHandler.hpp */,
			);
			path = net;
			sourceTree = "<group>";
		};
		BEA2648A2CBE98010007435A /* wsd */ = {
			isa = PBXGroup;
			children = (
				BE4C624D2D59EC1D00047DF2 /* wopi */,
				BE4C621E2D59EBAC00047DF2 /* Admin.hpp */,
				BE4C621F2D59EBAC00047DF2 /* Admin.cpp */,
				BE4C62202D59EBAC00047DF2 /* AdminModel.hpp */,
				BE4C62212D59EBAC00047DF2 /* AdminModel.cpp */,
				BE4C62222D59EBAC00047DF2 /* Auth.hpp */,
				BE4C62232D59EBAC00047DF2 /* Auth.cpp */,
				BE4C62252D59EBAC00047DF2 /* ClientSession.hpp */,
				BE4C62242D59EBAC00047DF2 /* ClientRequestDispatcher.hpp */,
				BEA264A42CBE99340007435A /* ClientRequestDispatcher.cpp */,
				BEA264A52CBE99340007435A /* ClientSession.cpp */,
				BE4C62262D59EBAC00047DF2 /* COOLWSD.hpp */,
				BEA264A62CBE99340007435A /* COOLWSD.cpp */,
				BE2231B92CC67FDE00385A9C /* coolwsd-fork.cpp */,
				BE4C62272D59EBAC00047DF2 /* DocumentBroker.hpp */,
				BEA264A72CBE99340007435A /* DocumentBroker.cpp */,
				BE4C62282D59EBAC00047DF2 /* Exceptions.hpp */,
				BE4C62292D59EBAC00047DF2 /* Exceptions.cpp */,
				BE4C622A2D59EBAC00047DF2 /* FileServer.hpp */,
				BE4C622B2D59EBAC00047DF2 /* FileServer.cpp */,
				BE4C622C2D59EBAC00047DF2 /* FileServerUtil.cpp */,
				BE4C622D2D59EBAC00047DF2 /* HostUtil.hpp */,
				BE4C622E2D59EBAC00047DF2 /* HostUtil.cpp */,
				BE4C622F2D59EBAC00047DF2 /* ProofKey.hpp */,
				BE4C62302D59EBAC00047DF2 /* ProofKey.cpp */,
				BE4C62312D59EBAC00047DF2 /* ProxyProtocol.hpp */,
				BE4C62322D59EBAC00047DF2 /* ProxyProtocol.cpp */,
				BE4C62332D59EBAC00047DF2 /* ProxyRequestHandler.hpp */,
				BE4C62342D59EBAC00047DF2 /* ProxyRequestHandler.cpp */,
				BE4C62352D59EBAC00047DF2 /* QuarantineUtil.hpp */,
				BE4C62362D59EBAC00047DF2 /* QuarantineUtil.cpp */,
				BE4C62372D59EBAC00047DF2 /* RemoteConfig.hpp */,
				BE4C62382D59EBAC00047DF2 /* RemoteConfig.cpp */,
				BEA264A82CBE99340007435A /* RequestDetails.hpp */,
				BEA264A92CBE99340007435A /* RequestDetails.cpp */,
				BE4C62392D59EBAC00047DF2 /* RequestVettingStation.hpp */,
				BEA264AA2CBE99340007435A /* RequestVettingStation.cpp */,
				BE4C623A2D59EBAC00047DF2 /* ServerAuditUtil.hpp */,
				BE4C623B2D59EBAC00047DF2 /* ServerAuditUtil.cpp */,
				BE4C623C2D59EBAC00047DF2 /* SpecialBrokers.hpp */,
				BE4C623D2D59EBAC00047DF2 /* SpecialBrokers.cpp */,
				BEA264B52CBE9BEF0007435A /* Storage.hpp */,
				BEA264AB2CBE99340007435A /* Storage.cpp */,
				BE4C623E2D59EBAC00047DF2 /* TileCache.hpp */,
				BEA264AC2CBE99340007435A /* TileCache.cpp */,
			);
			path = wsd;
			sourceTree = "<group>";
		};
		BECC4BA22CBD3FA300A120B3 = {
			isa = PBXGroup;
			children = (
				BE22492A2CC79AAC00385A9C /* dist */,
				BEA2637D2CBE39C30007435A /* Online */,
				BECC4BAD2CBD3FA300A120B3 /* coda */,
				BECC4BBF2CBD3FA400A120B3 /* codaTests */,
				BECC4BC92CBD3FA400A120B3 /* codaUITests */,
				BECC4BAC2CBD3FA300A120B3 /* Products */,
				BEA2637B2CBE38F50007435A /* coda-Bridging-Header.h */,
				BEA264152CBE7A770007435A /* Config.xcconfig */,
			);
			sourceTree = "<group>";
		};
		BECC4BAC2CBD3FA300A120B3 /* Products */ = {
			isa = PBXGroup;
			children = (
				BECC4BAB2CBD3FA300A120B3 /* coda.app */,
				BECC4BBC2CBD3FA400A120B3 /* codaTests.xctest */,
				BECC4BC62CBD3FA400A120B3 /* codaUITests.xctest */,
			);
			name = Products;
			sourceTree = "<group>";
		};
/* End PBXGroup section */

/* Begin PBXNativeTarget section */
		BECC4BAA2CBD3FA300A120B3 /* coda */ = {
			isa = PBXNativeTarget;
			buildConfigurationList = BECC4BD02CBD3FA400A120B3 /* Build configuration list for PBXNativeTarget "coda" */;
			buildPhases = (
				BECC4BA72CBD3FA300A120B3 /* Sources */,
				BECC4BA82CBD3FA300A120B3 /* Frameworks */,
				BECC4BA92CBD3FA300A120B3 /* Resources */,
				BEE076602CDA3024004111EF /* ShellScript */,
			);
			buildRules = (
			);
			dependencies = (
			);
			fileSystemSynchronizedGroups = (
				BECC4BAD2CBD3FA300A120B3 /* coda */,
			);
			name = coda;
			packageProductDependencies = (
			);
			productName = coda;
			productReference = BECC4BAB2CBD3FA300A120B3 /* coda.app */;
			productType = "com.apple.product-type.application";
		};
		BECC4BBB2CBD3FA400A120B3 /* codaTests */ = {
			isa = PBXNativeTarget;
			buildConfigurationList = BECC4BD32CBD3FA400A120B3 /* Build configuration list for PBXNativeTarget "codaTests" */;
			buildPhases = (
				BECC4BB82CBD3FA400A120B3 /* Sources */,
				BECC4BB92CBD3FA400A120B3 /* Frameworks */,
				BECC4BBA2CBD3FA400A120B3 /* Resources */,
			);
			buildRules = (
			);
			dependencies = (
				BECC4BBE2CBD3FA400A120B3 /* PBXTargetDependency */,
			);
			fileSystemSynchronizedGroups = (
				BECC4BBF2CBD3FA400A120B3 /* codaTests */,
			);
			name = codaTests;
			packageProductDependencies = (
			);
			productName = codaTests;
			productReference = BECC4BBC2CBD3FA400A120B3 /* codaTests.xctest */;
			productType = "com.apple.product-type.bundle.unit-test";
		};
		BECC4BC52CBD3FA400A120B3 /* codaUITests */ = {
			isa = PBXNativeTarget;
			buildConfigurationList = BECC4BD62CBD3FA400A120B3 /* Build configuration list for PBXNativeTarget "codaUITests" */;
			buildPhases = (
				BECC4BC22CBD3FA400A120B3 /* Sources */,
				BECC4BC32CBD3FA400A120B3 /* Frameworks */,
				BECC4BC42CBD3FA400A120B3 /* Resources */,
			);
			buildRules = (
			);
			dependencies = (
				BECC4BC82CBD3FA400A120B3 /* PBXTargetDependency */,
			);
			fileSystemSynchronizedGroups = (
				BECC4BC92CBD3FA400A120B3 /* codaUITests */,
			);
			name = codaUITests;
			packageProductDependencies = (
			);
			productName = codaUITests;
			productReference = BECC4BC62CBD3FA400A120B3 /* codaUITests.xctest */;
			productType = "com.apple.product-type.bundle.ui-testing";
		};
/* End PBXNativeTarget section */

/* Begin PBXProject section */
		BECC4BA32CBD3FA300A120B3 /* Project object */ = {
			isa = PBXProject;
			attributes = {
				BuildIndependentTargetsInParallel = 1;
				LastSwiftUpdateCheck = 1600;
				LastUpgradeCheck = 1600;
				TargetAttributes = {
					BECC4BAA2CBD3FA300A120B3 = {
						CreatedOnToolsVersion = 16.0;
						LastSwiftMigration = 1600;
					};
					BECC4BBB2CBD3FA400A120B3 = {
						CreatedOnToolsVersion = 16.0;
						TestTargetID = BECC4BAA2CBD3FA300A120B3;
					};
					BECC4BC52CBD3FA400A120B3 = {
						CreatedOnToolsVersion = 16.0;
						TestTargetID = BECC4BAA2CBD3FA300A120B3;
					};
				};
			};
			buildConfigurationList = BECC4BA62CBD3FA300A120B3 /* Build configuration list for PBXProject "coda" */;
			developmentRegion = en;
			hasScannedForEncodings = 0;
			knownRegions = (
				en,
				Base,
			);
			mainGroup = BECC4BA22CBD3FA300A120B3;
			minimizedProjectReferenceProxies = 1;
			preferredProjectObjectVersion = 77;
			productRefGroup = BECC4BAC2CBD3FA300A120B3 /* Products */;
			projectDirPath = "";
			projectRoot = "";
			targets = (
				BECC4BAA2CBD3FA300A120B3 /* coda */,
				BECC4BBB2CBD3FA400A120B3 /* codaTests */,
				BECC4BC52CBD3FA400A120B3 /* codaUITests */,
			);
		};
/* End PBXProject section */

/* Begin PBXResourcesBuildPhase section */
		BECC4BA92CBD3FA300A120B3 /* Resources */ = {
			isa = PBXResourcesBuildPhase;
			buildActionMask = 2147483647;
			files = (
				BE22AA9C2CC7AE7400385A9C /* images in Resources */,
				BE2252292CC79BAE00385A9C /* bundle.js in Resources */,
				BE22529E2CC79BAE00385A9C /* cool-help.html in Resources */,
				BE2253F32CC79BAE00385A9C /* device-desktop.css in Resources */,
				BE22557E2CC79BAE00385A9C /* global.js in Resources */,
				BE16C9F02CD51F58005E5960 /* hello.odt in Resources */,
				BE2257AD2CC79BAE00385A9C /* bundle.css in Resources */,
				BE22492C2CC79AD700385A9C /* cool.html in Resources */,
				BEEF3F862CE2139E00ABE785 /* coolkitconfig.xcu in Resources */,
				BEA264162CBE7A770007435A /* Config.xcconfig in Resources */,
			);
			runOnlyForDeploymentPostprocessing = 0;
		};
		BECC4BBA2CBD3FA400A120B3 /* Resources */ = {
			isa = PBXResourcesBuildPhase;
			buildActionMask = 2147483647;
			files = (
			);
			runOnlyForDeploymentPostprocessing = 0;
		};
		BECC4BC42CBD3FA400A120B3 /* Resources */ = {
			isa = PBXResourcesBuildPhase;
			buildActionMask = 2147483647;
			files = (
			);
			runOnlyForDeploymentPostprocessing = 0;
		};
/* End PBXResourcesBuildPhase section */

/* Begin PBXShellScriptBuildPhase section */
		BEE076602CDA3024004111EF /* ShellScript */ = {
			isa = PBXShellScriptBuildPhase;
			alwaysOutOfDate = 1;
			buildActionMask = 2147483647;
			files = (
			);
			inputFileListPaths = (
			);
			inputPaths = (
			);
			outputFileListPaths = (
			);
			outputPaths = (
			);
			runOnlyForDeploymentPostprocessing = 0;
			shellPath = /bin/sh;
			shellScript = "# Type a script or drag a script file from your workspace to insert its path.\n\nif [ -z \"$LO_PATH\" ]; then\n  echo \"Error: LO_PATH is not set. Please configure it in Config.xcconfig.\"\n  exit 1\nfi\n\necho \"Copying $LO_PATH/Contents/ to ${CONFIGURATION_BUILD_DIR}/${TARGET_NAME}.app/Contents/lokit/\"\nrsync -avz $LO_PATH/Contents/ ${CONFIGURATION_BUILD_DIR}/${TARGET_NAME}.app/Contents/lokit/\n";
		};
/* End PBXShellScriptBuildPhase section */

/* Begin PBXSourcesBuildPhase section */
		BECC4BA72CBD3FA300A120B3 /* Sources */ = {
			isa = PBXSourcesBuildPhase;
			buildActionMask = 2147483647;
			files = (
				BE4C625C2D5A3C8A00047DF2 /* Ssl.cpp in Sources */,
				BE4C625E2D5A3DDA00047DF2 /* Kit.cpp in Sources */,
				BE4C623F2D59EBAC00047DF2 /* QuarantineUtil.cpp in Sources */,
				BE4C62402D59EBAC00047DF2 /* RemoteConfig.cpp in Sources */,
				BE4C62412D59EBAC00047DF2 /* ProxyProtocol.cpp in Sources */,
				BE4C62422D59EBAC00047DF2 /* ProxyRequestHandler.cpp in Sources */,
				BE4C62432D59EBAC00047DF2 /* FileServerUtil.cpp in Sources */,
				BE4C62442D59EBAC00047DF2 /* ProofKey.cpp in Sources */,
				BE4C62452D59EBAC00047DF2 /* ServerAuditUtil.cpp in Sources */,
				BE4C62462D59EBAC00047DF2 /* AdminModel.cpp in Sources */,
				BE4C62472D59EBAC00047DF2 /* Admin.cpp in Sources */,
				BE4C62482D59EBAC00047DF2 /* Exceptions.cpp in Sources */,
				BE4C62492D59EBAC00047DF2 /* SpecialBrokers.cpp in Sources */,
				BE4C624A2D59EBAC00047DF2 /* FileServer.cpp in Sources */,
				BE4C624B2D59EBAC00047DF2 /* HostUtil.cpp in Sources */,
				BE4C624C2D59EBAC00047DF2 /* Auth.cpp in Sources */,
				BEA2636D2CBE38E20007435A /* Uri.cpp in Sources */,
				BEA264922CBE986C0007435A /* KitQueue.cpp in Sources */,
				BE4C621C2D59EAA900047DF2 /* DelaySocket.cpp in Sources */,
				BE4C621D2D59EAA900047DF2 /* HttpHelper.cpp in Sources */,
				BE9115AE2CECBD3100C597B2 /* FileUtil-unix.cpp in Sources */,
				BEA264932CBE986C0007435A /* KitWebSocket.cpp in Sources */,
				BEA264942CBE986C0007435A /* ChildSession.cpp in Sources */,
				BEA264962CBE986C0007435A /* DeltaSimd.c in Sources */,
				BE4C62562D59EC5400047DF2 /* WopiStorage.cpp in Sources */,
				BE4C62572D59EC5400047DF2 /* CheckFileInfo.cpp in Sources */,
				BE4C62582D59EC5400047DF2 /* WopiProxy.cpp in Sources */,
				BE4C62592D59EC5400047DF2 /* StorageConnectionManager.cpp in Sources */,
				BEA2636E2CBE38E20007435A /* Util.cpp in Sources */,
				BEA2636F2CBE38E20007435A /* Unit.cpp in Sources */,
				BEA263702CBE38E20007435A /* Log.cpp in Sources */,
				BEA263712CBE38E20007435A /* Simd.cpp in Sources */,
				BEA263722CBE38E20007435A /* FileUtil.cpp in Sources */,
				BEA263732CBE38E20007435A /* Session.cpp in Sources */,
				BEA263742CBE38E20007435A /* TraceEvent.cpp in Sources */,
				BEA264A02CBE98CD0007435A /* NetUtil.cpp in Sources */,
				BEA264A12CBE98CD0007435A /* Socket.cpp in Sources */,
				BEA264A22CBE98CD0007435A /* HttpRequest.cpp in Sources */,
				BE9115B02CECBECF00C597B2 /* Util-unix.cpp in Sources */,
				BE4C620E2D59E85500047DF2 /* MobileApp.cpp in Sources */,
				BE4C620F2D59E85500047DF2 /* Util-macos.cpp in Sources */,
				BE4C62102D59E85500047DF2 /* CoolMount.cpp in Sources */,
				BE4C62112D59E85500047DF2 /* Unit-server.cpp in Sources */,
				BE4C62122D59E85500047DF2 /* JailUtil.cpp in Sources */,
				BE4C62132D59E85500047DF2 /* Seccomp.cpp in Sources */,
				BE4C62142D59E85500047DF2 /* CommandControl.cpp in Sources */,
				BE4C62152D59E85500047DF2 /* Crypto.cpp in Sources */,
				BE4C62162D59E85500047DF2 /* SigUtil-server.cpp in Sources */,
				BE4C62172D59E85500047DF2 /* Util-server.cpp in Sources */,
				BEA264A32CBE98CD0007435A /* FakeSocket.cpp in Sources */,
				BEA263762CBE38E20007435A /* SpookyV2.cpp in Sources */,
				BEA264AD2CBE99340007435A /* Storage.cpp in Sources */,
				BEA264AE2CBE99340007435A /* TileCache.cpp in Sources */,
				BEA264AF2CBE99340007435A /* COOLWSD.cpp in Sources */,
				BEA264B02CBE99340007435A /* ClientSession.cpp in Sources */,
				BEA264B12CBE99340007435A /* RequestDetails.cpp in Sources */,
				BEA264B22CBE99340007435A /* ClientRequestDispatcher.cpp in Sources */,
				BE2231BA2CC67FDE00385A9C /* coolwsd-fork.cpp in Sources */,
				BEA264B32CBE99340007435A /* DocumentBroker.cpp in Sources */,
				BEA264B42CBE99340007435A /* RequestVettingStation.cpp in Sources */,
				BE5A7AE22D354F4000FE7D60 /* Syscall.cpp in Sources */,
				BEA263772CBE38E20007435A /* ConfigUtil.cpp in Sources */,
				BEA263782CBE38E20007435A /* StringVector.cpp in Sources */,
				BEA263792CBE38E20007435A /* Protocol.cpp in Sources */,
				BEA2637A2CBE38E20007435A /* Authorization.cpp in Sources */,
			);
			runOnlyForDeploymentPostprocessing = 0;
		};
		BECC4BB82CBD3FA400A120B3 /* Sources */ = {
			isa = PBXSourcesBuildPhase;
			buildActionMask = 2147483647;
			files = (
			);
			runOnlyForDeploymentPostprocessing = 0;
		};
		BECC4BC22CBD3FA400A120B3 /* Sources */ = {
			isa = PBXSourcesBuildPhase;
			buildActionMask = 2147483647;
			files = (
			);
			runOnlyForDeploymentPostprocessing = 0;
		};
/* End PBXSourcesBuildPhase section */

/* Begin PBXTargetDependency section */
		BECC4BBE2CBD3FA400A120B3 /* PBXTargetDependency */ = {
			isa = PBXTargetDependency;
			target = BECC4BAA2CBD3FA300A120B3 /* coda */;
			targetProxy = BECC4BBD2CBD3FA400A120B3 /* PBXContainerItemProxy */;
		};
		BECC4BC82CBD3FA400A120B3 /* PBXTargetDependency */ = {
			isa = PBXTargetDependency;
			target = BECC4BAA2CBD3FA300A120B3 /* coda */;
			targetProxy = BECC4BC72CBD3FA400A120B3 /* PBXContainerItemProxy */;
		};
/* End PBXTargetDependency section */

/* Begin XCBuildConfiguration section */
		BECC4BCE2CBD3FA400A120B3 /* Debug */ = {
			isa = XCBuildConfiguration;
			baseConfigurationReference = BEA264152CBE7A770007435A /* Config.xcconfig */;
			buildSettings = {
				ALWAYS_SEARCH_USER_PATHS = NO;
				ASSETCATALOG_COMPILER_GENERATE_SWIFT_ASSET_SYMBOL_EXTENSIONS = YES;
				CLANG_ANALYZER_NONNULL = YES;
				CLANG_ANALYZER_NUMBER_OBJECT_CONVERSION = YES_AGGRESSIVE;
				CLANG_CXX_LANGUAGE_STANDARD = "gnu++20";
				CLANG_ENABLE_MODULES = YES;
				CLANG_ENABLE_OBJC_ARC = YES;
				CLANG_ENABLE_OBJC_WEAK = YES;
				CLANG_WARN_BLOCK_CAPTURE_AUTORELEASING = YES;
				CLANG_WARN_BOOL_CONVERSION = YES;
				CLANG_WARN_COMMA = YES;
				CLANG_WARN_CONSTANT_CONVERSION = YES;
				CLANG_WARN_DEPRECATED_OBJC_IMPLEMENTATIONS = YES;
				CLANG_WARN_DIRECT_OBJC_ISA_USAGE = YES_ERROR;
				CLANG_WARN_DOCUMENTATION_COMMENTS = YES;
				CLANG_WARN_EMPTY_BODY = YES;
				CLANG_WARN_ENUM_CONVERSION = YES;
				CLANG_WARN_INFINITE_RECURSION = YES;
				CLANG_WARN_INT_CONVERSION = YES;
				CLANG_WARN_NON_LITERAL_NULL_CONVERSION = YES;
				CLANG_WARN_OBJC_IMPLICIT_RETAIN_SELF = YES;
				CLANG_WARN_OBJC_LITERAL_CONVERSION = YES;
				CLANG_WARN_OBJC_ROOT_CLASS = YES_ERROR;
				CLANG_WARN_QUOTED_INCLUDE_IN_FRAMEWORK_HEADER = YES;
				CLANG_WARN_RANGE_LOOP_ANALYSIS = YES;
				CLANG_WARN_STRICT_PROTOTYPES = YES;
				CLANG_WARN_SUSPICIOUS_MOVE = YES;
				CLANG_WARN_UNGUARDED_AVAILABILITY = YES_AGGRESSIVE;
				CLANG_WARN_UNREACHABLE_CODE = YES;
				CLANG_WARN__DUPLICATE_METHOD_MATCH = YES;
				COPY_PHASE_STRIP = NO;
				DEBUG_INFORMATION_FORMAT = dwarf;
				ENABLE_STRICT_OBJC_MSGSEND = YES;
				ENABLE_TESTABILITY = YES;
				ENABLE_USER_SCRIPT_SANDBOXING = YES;
				GCC_C_LANGUAGE_STANDARD = gnu17;
				GCC_DYNAMIC_NO_PIC = NO;
				GCC_NO_COMMON_BLOCKS = YES;
				GCC_OPTIMIZATION_LEVEL = 0;
				GCC_PREPROCESSOR_DEFINITIONS = (
					"DEBUG=1",
					"$(inherited)",
				);
				GCC_WARN_64_TO_32_BIT_CONVERSION = YES;
				GCC_WARN_ABOUT_RETURN_TYPE = YES_ERROR;
				GCC_WARN_UNDECLARED_SELECTOR = YES;
				GCC_WARN_UNINITIALIZED_AUTOS = YES_AGGRESSIVE;
				GCC_WARN_UNUSED_FUNCTION = YES;
				GCC_WARN_UNUSED_VARIABLE = YES;
				HEADER_SEARCH_PATHS = (
					"$(inherited)",
					"$(SRCROOT)",
					"$(SRCROOT)/coda",
					"$(SRCROOT)/../..",
					"$(SRCROOT)/../../common",
					"$(SRCROOT)/../../kit",
					"$(SRCROOT)/../../net",
					"$(SRCROOT)/../../wsd",
					"$(HOMEBREW_PATH)/include",
				);
				LIBRARY_SEARCH_PATHS = "$(HOMEBREW_PATH)/lib";
				LOCALIZATION_PREFERS_STRING_CATALOGS = YES;
				MACOSX_DEPLOYMENT_TARGET = 15.0;
				MTL_ENABLE_DEBUG_INFO = INCLUDE_SOURCE;
				MTL_FAST_MATH = YES;
				ONLY_ACTIVE_ARCH = YES;
				OTHER_LDFLAGS = (
					"-lPocoFoundation",
					"-lPocoUtil",
					"-lPocoXML",
					"-lPocoJSON",
					"-lPocoNet",
					"-lzstd",
					"-lpng",
				);
				SDKROOT = macosx;
				SWIFT_ACTIVE_COMPILATION_CONDITIONS = "DEBUG $(inherited)";
				SWIFT_OPTIMIZATION_LEVEL = "-Onone";
			};
			name = Debug;
		};
		BECC4BCF2CBD3FA400A120B3 /* Release */ = {
			isa = XCBuildConfiguration;
			baseConfigurationReference = BEA264152CBE7A770007435A /* Config.xcconfig */;
			buildSettings = {
				ALWAYS_SEARCH_USER_PATHS = NO;
				ASSETCATALOG_COMPILER_GENERATE_SWIFT_ASSET_SYMBOL_EXTENSIONS = YES;
				CLANG_ANALYZER_NONNULL = YES;
				CLANG_ANALYZER_NUMBER_OBJECT_CONVERSION = YES_AGGRESSIVE;
				CLANG_CXX_LANGUAGE_STANDARD = "gnu++20";
				CLANG_ENABLE_MODULES = YES;
				CLANG_ENABLE_OBJC_ARC = YES;
				CLANG_ENABLE_OBJC_WEAK = YES;
				CLANG_WARN_BLOCK_CAPTURE_AUTORELEASING = YES;
				CLANG_WARN_BOOL_CONVERSION = YES;
				CLANG_WARN_COMMA = YES;
				CLANG_WARN_CONSTANT_CONVERSION = YES;
				CLANG_WARN_DEPRECATED_OBJC_IMPLEMENTATIONS = YES;
				CLANG_WARN_DIRECT_OBJC_ISA_USAGE = YES_ERROR;
				CLANG_WARN_DOCUMENTATION_COMMENTS = YES;
				CLANG_WARN_EMPTY_BODY = YES;
				CLANG_WARN_ENUM_CONVERSION = YES;
				CLANG_WARN_INFINITE_RECURSION = YES;
				CLANG_WARN_INT_CONVERSION = YES;
				CLANG_WARN_NON_LITERAL_NULL_CONVERSION = YES;
				CLANG_WARN_OBJC_IMPLICIT_RETAIN_SELF = YES;
				CLANG_WARN_OBJC_LITERAL_CONVERSION = YES;
				CLANG_WARN_OBJC_ROOT_CLASS = YES_ERROR;
				CLANG_WARN_QUOTED_INCLUDE_IN_FRAMEWORK_HEADER = YES;
				CLANG_WARN_RANGE_LOOP_ANALYSIS = YES;
				CLANG_WARN_STRICT_PROTOTYPES = YES;
				CLANG_WARN_SUSPICIOUS_MOVE = YES;
				CLANG_WARN_UNGUARDED_AVAILABILITY = YES_AGGRESSIVE;
				CLANG_WARN_UNREACHABLE_CODE = YES;
				CLANG_WARN__DUPLICATE_METHOD_MATCH = YES;
				COPY_PHASE_STRIP = NO;
				DEBUG_INFORMATION_FORMAT = "dwarf-with-dsym";
				ENABLE_NS_ASSERTIONS = NO;
				ENABLE_STRICT_OBJC_MSGSEND = YES;
				ENABLE_USER_SCRIPT_SANDBOXING = YES;
				GCC_C_LANGUAGE_STANDARD = gnu17;
				GCC_NO_COMMON_BLOCKS = YES;
				GCC_PREPROCESSOR_DEFINITIONS = "$(inherited)";
				GCC_WARN_64_TO_32_BIT_CONVERSION = YES;
				GCC_WARN_ABOUT_RETURN_TYPE = YES_ERROR;
				GCC_WARN_UNDECLARED_SELECTOR = YES;
				GCC_WARN_UNINITIALIZED_AUTOS = YES_AGGRESSIVE;
				GCC_WARN_UNUSED_FUNCTION = YES;
				GCC_WARN_UNUSED_VARIABLE = YES;
				HEADER_SEARCH_PATHS = (
					"$(inherited)",
					"$(SRCROOT)",
					"$(SRCROOT)/coda",
					"$(SRCROOT)/../..",
					"$(SRCROOT)/../../common",
					"$(SRCROOT)/../../kit",
					"$(SRCROOT)/../../net",
					"$(SRCROOT)/../../wsd",
					"$(HOMEBREW_PATH)/include",
				);
				LIBRARY_SEARCH_PATHS = "$(HOMEBREW_PATH)/lib";
				LOCALIZATION_PREFERS_STRING_CATALOGS = YES;
				MACOSX_DEPLOYMENT_TARGET = 15.0;
				MTL_ENABLE_DEBUG_INFO = NO;
				MTL_FAST_MATH = YES;
				OTHER_LDFLAGS = (
					"-lPocoFoundation",
					"-lPocoUtil",
					"-lPocoXML",
					"-lPocoJSON",
					"-lPocoNet",
					"-lzstd",
					"-lpng",
				);
				SDKROOT = macosx;
				SWIFT_COMPILATION_MODE = wholemodule;
			};
			name = Release;
		};
		BECC4BD12CBD3FA400A120B3 /* Debug */ = {
			isa = XCBuildConfiguration;
			buildSettings = {
				ASSETCATALOG_COMPILER_APPICON_NAME = AppIcon;
				ASSETCATALOG_COMPILER_GLOBAL_ACCENT_COLOR_NAME = AccentColor;
				CLANG_ENABLE_MODULES = YES;
				CODE_SIGN_ENTITLEMENTS = coda/coda.entitlements;
				CODE_SIGN_STYLE = Automatic;
				COMBINE_HIDPI_IMAGES = YES;
				CURRENT_PROJECT_VERSION = 1;
				DEVELOPMENT_TEAM = J4FQ687VJK;
				ENABLE_HARDENED_RUNTIME = YES;
				ENABLE_USER_SCRIPT_SANDBOXING = NO;
				GENERATE_INFOPLIST_FILE = YES;
				INFOPLIST_FILE = coda/Info.plist;
				INFOPLIST_KEY_NSHumanReadableCopyright = "";
				INFOPLIST_KEY_NSMainStoryboardFile = Main;
				INFOPLIST_KEY_NSPrincipalClass = NSApplication;
				LD_RUNPATH_SEARCH_PATHS = (
					"$(inherited)",
					"@executable_path/../Frameworks",
				);
				MARKETING_VERSION = 1.0;
				OTHER_LDFLAGS = (
					"-liconv",
					"-lpam",
					"-lPocoFoundation",
					"-lPocoUtil",
					"-lPocoXML",
					"-lPocoJSON",
					"-lPocoNet",
					"-lPocoNetSSL",
					"-lPocoCrypto",
					"-lzstd",
					"-lpng",
					"-lz",
					"-lssl",
					"-lcrypto",
				);
				PRODUCT_BUNDLE_IDENTIFIER = com.collabora.coda;
				PRODUCT_NAME = "$(TARGET_NAME)";
				SWIFT_EMIT_LOC_STRINGS = YES;
				SWIFT_OBJC_BRIDGING_HEADER = "coda-Bridging-Header.h";
				SWIFT_OPTIMIZATION_LEVEL = "-Onone";
				SWIFT_VERSION = 5.0;
			};
			name = Debug;
		};
		BECC4BD22CBD3FA400A120B3 /* Release */ = {
			isa = XCBuildConfiguration;
			buildSettings = {
				ASSETCATALOG_COMPILER_APPICON_NAME = AppIcon;
				ASSETCATALOG_COMPILER_GLOBAL_ACCENT_COLOR_NAME = AccentColor;
				CLANG_ENABLE_MODULES = YES;
				CODE_SIGN_ENTITLEMENTS = coda/coda.entitlements;
				CODE_SIGN_STYLE = Automatic;
				COMBINE_HIDPI_IMAGES = YES;
				CURRENT_PROJECT_VERSION = 1;
				DEVELOPMENT_TEAM = J4FQ687VJK;
				ENABLE_HARDENED_RUNTIME = YES;
				ENABLE_USER_SCRIPT_SANDBOXING = NO;
				GENERATE_INFOPLIST_FILE = YES;
				INFOPLIST_FILE = coda/Info.plist;
				INFOPLIST_KEY_NSHumanReadableCopyright = "";
				INFOPLIST_KEY_NSMainStoryboardFile = Main;
				INFOPLIST_KEY_NSPrincipalClass = NSApplication;
				LD_RUNPATH_SEARCH_PATHS = (
					"$(inherited)",
					"@executable_path/../Frameworks",
				);
				MARKETING_VERSION = 1.0;
				OTHER_LDFLAGS = (
					"-liconv",
					"-lpam",
					"-lPocoFoundation",
					"-lPocoUtil",
					"-lPocoXML",
					"-lPocoJSON",
					"-lPocoNet",
					"-lPocoNetSSL",
					"-lPocoCrypto",
					"-lzstd",
					"-lpng",
					"-lz",
					"-lssl",
					"-lcrypto",
				);
				PRODUCT_BUNDLE_IDENTIFIER = com.collabora.coda;
				PRODUCT_NAME = "$(TARGET_NAME)";
				SWIFT_EMIT_LOC_STRINGS = YES;
				SWIFT_OBJC_BRIDGING_HEADER = "coda-Bridging-Header.h";
				SWIFT_VERSION = 5.0;
			};
			name = Release;
		};
		BECC4BD42CBD3FA400A120B3 /* Debug */ = {
			isa = XCBuildConfiguration;
			buildSettings = {
				BUNDLE_LOADER = "$(TEST_HOST)";
				CODE_SIGN_STYLE = Automatic;
				CURRENT_PROJECT_VERSION = 1;
				DEVELOPMENT_TEAM = J4FQ687VJK;
				GENERATE_INFOPLIST_FILE = YES;
				MACOSX_DEPLOYMENT_TARGET = 15.0;
				MARKETING_VERSION = 1.0;
				PRODUCT_BUNDLE_IDENTIFIER = com.collabora.codaTests;
				PRODUCT_NAME = "$(TARGET_NAME)";
				SWIFT_EMIT_LOC_STRINGS = NO;
				SWIFT_VERSION = 5.0;
				TEST_HOST = "$(BUILT_PRODUCTS_DIR)/coda.app/$(BUNDLE_EXECUTABLE_FOLDER_PATH)/coda";
			};
			name = Debug;
		};
		BECC4BD52CBD3FA400A120B3 /* Release */ = {
			isa = XCBuildConfiguration;
			buildSettings = {
				BUNDLE_LOADER = "$(TEST_HOST)";
				CODE_SIGN_STYLE = Automatic;
				CURRENT_PROJECT_VERSION = 1;
				DEVELOPMENT_TEAM = J4FQ687VJK;
				GENERATE_INFOPLIST_FILE = YES;
				MACOSX_DEPLOYMENT_TARGET = 15.0;
				MARKETING_VERSION = 1.0;
				PRODUCT_BUNDLE_IDENTIFIER = com.collabora.codaTests;
				PRODUCT_NAME = "$(TARGET_NAME)";
				SWIFT_EMIT_LOC_STRINGS = NO;
				SWIFT_VERSION = 5.0;
				TEST_HOST = "$(BUILT_PRODUCTS_DIR)/coda.app/$(BUNDLE_EXECUTABLE_FOLDER_PATH)/coda";
			};
			name = Release;
		};
		BECC4BD72CBD3FA400A120B3 /* Debug */ = {
			isa = XCBuildConfiguration;
			buildSettings = {
				CODE_SIGN_STYLE = Automatic;
				CURRENT_PROJECT_VERSION = 1;
				DEVELOPMENT_TEAM = J4FQ687VJK;
				GENERATE_INFOPLIST_FILE = YES;
				MARKETING_VERSION = 1.0;
				PRODUCT_BUNDLE_IDENTIFIER = com.collabora.codaUITests;
				PRODUCT_NAME = "$(TARGET_NAME)";
				SWIFT_EMIT_LOC_STRINGS = NO;
				SWIFT_VERSION = 5.0;
				TEST_TARGET_NAME = coda;
			};
			name = Debug;
		};
		BECC4BD82CBD3FA400A120B3 /* Release */ = {
			isa = XCBuildConfiguration;
			buildSettings = {
				CODE_SIGN_STYLE = Automatic;
				CURRENT_PROJECT_VERSION = 1;
				DEVELOPMENT_TEAM = J4FQ687VJK;
				GENERATE_INFOPLIST_FILE = YES;
				MARKETING_VERSION = 1.0;
				PRODUCT_BUNDLE_IDENTIFIER = com.collabora.codaUITests;
				PRODUCT_NAME = "$(TARGET_NAME)";
				SWIFT_EMIT_LOC_STRINGS = NO;
				SWIFT_VERSION = 5.0;
				TEST_TARGET_NAME = coda;
			};
			name = Release;
		};
/* End XCBuildConfiguration section */

/* Begin XCConfigurationList section */
		BECC4BA62CBD3FA300A120B3 /* Build configuration list for PBXProject "coda" */ = {
			isa = XCConfigurationList;
			buildConfigurations = (
				BECC4BCE2CBD3FA400A120B3 /* Debug */,
				BECC4BCF2CBD3FA400A120B3 /* Release */,
			);
			defaultConfigurationIsVisible = 0;
			defaultConfigurationName = Release;
		};
		BECC4BD02CBD3FA400A120B3 /* Build configuration list for PBXNativeTarget "coda" */ = {
			isa = XCConfigurationList;
			buildConfigurations = (
				BECC4BD12CBD3FA400A120B3 /* Debug */,
				BECC4BD22CBD3FA400A120B3 /* Release */,
			);
			defaultConfigurationIsVisible = 0;
			defaultConfigurationName = Release;
		};
		BECC4BD32CBD3FA400A120B3 /* Build configuration list for PBXNativeTarget "codaTests" */ = {
			isa = XCConfigurationList;
			buildConfigurations = (
				BECC4BD42CBD3FA400A120B3 /* Debug */,
				BECC4BD52CBD3FA400A120B3 /* Release */,
			);
			defaultConfigurationIsVisible = 0;
			defaultConfigurationName = Release;
		};
		BECC4BD62CBD3FA400A120B3 /* Build configuration list for PBXNativeTarget "codaUITests" */ = {
			isa = XCConfigurationList;
			buildConfigurations = (
				BECC4BD72CBD3FA400A120B3 /* Debug */,
				BECC4BD82CBD3FA400A120B3 /* Release */,
			);
			defaultConfigurationIsVisible = 0;
			defaultConfigurationName = Release;
		};
/* End XCConfigurationList section */
	};
	rootObject = BECC4BA32CBD3FA300A120B3 /* Project object */;
}
