// !$*UTF8*$!
{
	archiveVersion = 1;
	classes = {
	};
	objectVersion = 50;
	objects = {

/* Begin PBXBuildFile section */
		3FEA5EA62986D0F90066CD99 /* libiconv.tbd in Frameworks */ = {isa = PBXBuildFile; fileRef = 3FEA5EA52986D0F90066CD99 /* libiconv.tbd */; };
		3FEA5EA82986D13E0066CD99 /* libsqlite3.tbd in Frameworks */ = {isa = PBXBuildFile; fileRef = 3FEA5EA72986D13E0066CD99 /* libsqlite3.tbd */; };
		BE00F8A021396585001CE2D4 /* cool.html in Resources */ = {isa = PBXBuildFile; fileRef = BE00F89621396585001CE2D4 /* cool.html */; };
		BE00F8A121396585001CE2D4 /* bundle.css in Resources */ = {isa = PBXBuildFile; fileRef = BE00F89721396585001CE2D4 /* bundle.css */; };
		BE00F8A321396585001CE2D4 /* bundle.js in Resources */ = {isa = PBXBuildFile; fileRef = BE00F89921396585001CE2D4 /* bundle.js */; };
		BE00F8A721396585001CE2D4 /* cool-help.html in Resources */ = {isa = PBXBuildFile; fileRef = BE00F89D21396585001CE2D4 /* cool-help.html */; };
		BE00F8A821396585001CE2D4 /* images in Resources */ = {isa = PBXBuildFile; fileRef = BE00F89E21396585001CE2D4 /* images */; };
		BE18C7DE226DE09A001AD27E /* Branding in Resources */ = {isa = PBXBuildFile; fileRef = BE18C7DD226DE09A001AD27E /* Branding */; };
		BE55E0EB2653FCCB007DDF29 /* ConfigUtil.cpp in Sources */ = {isa = PBXBuildFile; fileRef = BE55E0E92653FCCB007DDF29 /* ConfigUtil.cpp */; };
		BE5EB5C1213FE29900E0826C /* Log.cpp in Sources */ = {isa = PBXBuildFile; fileRef = BE5EB5B9213FE29900E0826C /* Log.cpp */; };
		BE5EB5C2213FE29900E0826C /* SpookyV2.cpp in Sources */ = {isa = PBXBuildFile; fileRef = BE5EB5BA213FE29900E0826C /* SpookyV2.cpp */; };
		BE5EB5C3213FE29900E0826C /* Session.cpp in Sources */ = {isa = PBXBuildFile; fileRef = BE5EB5BB213FE29900E0826C /* Session.cpp */; };
		BE5EB5C4213FE29900E0826C /* Util.cpp in Sources */ = {isa = PBXBuildFile; fileRef = BE5EB5BC213FE29900E0826C /* Util.cpp */; };
		BE5EB5C5213FE29900E0826C /* MessageQueue.cpp in Sources */ = {isa = PBXBuildFile; fileRef = BE5EB5BD213FE29900E0826C /* MessageQueue.cpp */; };
		BE5EB5C6213FE29900E0826C /* SigUtil.cpp in Sources */ = {isa = PBXBuildFile; fileRef = BE5EB5BE213FE29900E0826C /* SigUtil.cpp */; };
		BE5EB5C7213FE29900E0826C /* Protocol.cpp in Sources */ = {isa = PBXBuildFile; fileRef = BE5EB5BF213FE29900E0826C /* Protocol.cpp */; };
		BE5EB5C8213FE29900E0826C /* FileUtil.cpp in Sources */ = {isa = PBXBuildFile; fileRef = BE5EB5C0213FE29900E0826C /* FileUtil.cpp */; };
		BE5EB5CF213FE2D000E0826C /* ClientSession.cpp in Sources */ = {isa = PBXBuildFile; fileRef = BE5EB5CC213FE2D000E0826C /* ClientSession.cpp */; };
		BE5EB5D0213FE2D000E0826C /* TileCache.cpp in Sources */ = {isa = PBXBuildFile; fileRef = BE5EB5CD213FE2D000E0826C /* TileCache.cpp */; };
		BE5EB5D22140039100E0826C /* COOLWSD.cpp in Sources */ = {isa = PBXBuildFile; fileRef = BE5EB5D12140039100E0826C /* COOLWSD.cpp */; };
		BE5EB5D421400DC100E0826C /* DocumentBroker.cpp in Sources */ = {isa = PBXBuildFile; fileRef = BE5EB5D321400DC100E0826C /* DocumentBroker.cpp */; };
		BE5EB5D621401E0F00E0826C /* Storage.cpp in Sources */ = {isa = PBXBuildFile; fileRef = BE5EB5D521401E0F00E0826C /* Storage.cpp */; };
		BE5EB5DA2140363100E0826C /* ios.mm in Sources */ = {isa = PBXBuildFile; fileRef = BE5EB5D92140363100E0826C /* ios.mm */; };
		BE5EB5DC2140480B00E0826C /* ICU.dat in Resources */ = {isa = PBXBuildFile; fileRef = BE5EB5DB2140480B00E0826C /* ICU.dat */; };
		BE6362C22153B5B500F4237E /* CoreServices.framework in Frameworks */ = {isa = PBXBuildFile; fileRef = BE6362C12153B5B500F4237E /* CoreServices.framework */; };
		BE7228E22417BC9F000ADABD /* StringVector.cpp in Sources */ = {isa = PBXBuildFile; fileRef = BE7228E02417BC9F000ADABD /* StringVector.cpp */; };
		BE7D6A6B23FAA8B500C2E605 /* coolkitconfig.xcu in Resources */ = {isa = PBXBuildFile; fileRef = BE7D6A6A23FAA8B500C2E605 /* coolkitconfig.xcu */; };
		BE80E43221AD92F700859C97 /* Fonts in Resources */ = {isa = PBXBuildFile; fileRef = BE80E43121AD92F600859C97 /* Fonts */; };
		BE80E45821B68F5700859C97 /* TemplateCollectionViewController.mm in Sources */ = {isa = PBXBuildFile; fileRef = BE80E45721B68F5700859C97 /* TemplateCollectionViewController.mm */; };
		BE80E45E21B6CEF200859C97 /* TemplateSectionHeaderView.m in Sources */ = {isa = PBXBuildFile; fileRef = BE80E45D21B6CEF200859C97 /* TemplateSectionHeaderView.m */; };
		BE80E46821B7066D00859C97 /* Templates in Resources */ = {isa = PBXBuildFile; fileRef = BE80E46721B7066C00859C97 /* Templates */; };
		BE8D772C2136762500AC58EA /* AppDelegate.mm in Sources */ = {isa = PBXBuildFile; fileRef = BE8D772B2136762500AC58EA /* AppDelegate.mm */; };
		BE8D772F2136762500AC58EA /* DocumentBrowserViewController.mm in Sources */ = {isa = PBXBuildFile; fileRef = BE8D772E2136762500AC58EA /* DocumentBrowserViewController.mm */; };
		BE8D77322136762500AC58EA /* DocumentViewController.mm in Sources */ = {isa = PBXBuildFile; fileRef = BE8D77312136762500AC58EA /* DocumentViewController.mm */; };
		BE8D77352136762500AC58EA /* CODocument.mm in Sources */ = {isa = PBXBuildFile; fileRef = BE8D77342136762500AC58EA /* CODocument.mm */; };
		BE8D77382136762500AC58EA /* Main.storyboard in Resources */ = {isa = PBXBuildFile; fileRef = BE8D77362136762500AC58EA /* Main.storyboard */; };
		BE8D773A2136762600AC58EA /* Assets.xcassets in Resources */ = {isa = PBXBuildFile; fileRef = BE8D77392136762600AC58EA /* Assets.xcassets */; };
		BE8D773D2136762600AC58EA /* LaunchScreen.storyboard in Resources */ = {isa = PBXBuildFile; fileRef = BE8D773B2136762600AC58EA /* LaunchScreen.storyboard */; };
		BE8D77402136762600AC58EA /* main.m in Sources */ = {isa = PBXBuildFile; fileRef = BE8D773F2136762600AC58EA /* main.m */; };
		BE8D85CA214055F3009F1860 /* offapi.rdb in Resources */ = {isa = PBXBuildFile; fileRef = BE8D85BC214055F2009F1860 /* offapi.rdb */; };
		BE8D85CB214055F3009F1860 /* share in Resources */ = {isa = PBXBuildFile; fileRef = BE8D85BD214055F2009F1860 /* share */; };
		BE8D85CC214055F3009F1860 /* config in Resources */ = {isa = PBXBuildFile; fileRef = BE8D85BE214055F2009F1860 /* config */; };
		BE8D85CE214055F3009F1860 /* oovbaapi.rdb in Resources */ = {isa = PBXBuildFile; fileRef = BE8D85C0214055F2009F1860 /* oovbaapi.rdb */; };
		BE8D85CF214055F3009F1860 /* udkapi.rdb in Resources */ = {isa = PBXBuildFile; fileRef = BE8D85C1214055F2009F1860 /* udkapi.rdb */; };
		BE8D85D0214055F3009F1860 /* services in Resources */ = {isa = PBXBuildFile; fileRef = BE8D85C2214055F2009F1860 /* services */; };
		BE8D85D1214055F3009F1860 /* services.rdb in Resources */ = {isa = PBXBuildFile; fileRef = BE8D85C3214055F2009F1860 /* services.rdb */; };
		BE8D85D2214055F3009F1860 /* program in Resources */ = {isa = PBXBuildFile; fileRef = BE8D85C4214055F3009F1860 /* program */; };
		BE8D85D4214055F3009F1860 /* fundamentalrc in Resources */ = {isa = PBXBuildFile; fileRef = BE8D85C6214055F3009F1860 /* fundamentalrc */; };
		BE8D85D5214055F3009F1860 /* unorc in Resources */ = {isa = PBXBuildFile; fileRef = BE8D85C7214055F3009F1860 /* unorc */; };
		BE8D85D6214055F3009F1860 /* rc in Resources */ = {isa = PBXBuildFile; fileRef = BE8D85C8214055F3009F1860 /* rc */; };
		BE9ADE3F265D046600BC034A /* TraceEvent.cpp in Sources */ = {isa = PBXBuildFile; fileRef = BE9ADE3D265D046600BC034A /* TraceEvent.cpp */; };
		BEA2835621467FDD00848631 /* Kit.cpp in Sources */ = {isa = PBXBuildFile; fileRef = BEA2835521467FDD00848631 /* Kit.cpp */; };
		BEA283582146945500848631 /* ChildSession.cpp in Sources */ = {isa = PBXBuildFile; fileRef = BEA283572146945500848631 /* ChildSession.cpp */; };
		BEA2835A21470A1C00848631 /* WebKit.framework in Frameworks */ = {isa = PBXBuildFile; fileRef = BEA2835921470A1C00848631 /* WebKit.framework */; };
		BEA2835D21498AD400848631 /* Socket.cpp in Sources */ = {isa = PBXBuildFile; fileRef = BEA2835C21498AD400848631 /* Socket.cpp */; };
		BEA28360214ACA8500848631 /* FakeSocket.cpp in Sources */ = {isa = PBXBuildFile; fileRef = BEA2835F214ACA8500848631 /* FakeSocket.cpp */; };
		BEA28377214FFD8C00848631 /* Unit.cpp in Sources */ = {isa = PBXBuildFile; fileRef = BEA28376214FFD8C00848631 /* Unit.cpp */; };
		BEABFC6824AC94C3004DE339 /* Authorization.cpp in Sources */ = {isa = PBXBuildFile; fileRef = BEABFC6624AC94C3004DE339 /* Authorization.cpp */; };
		BEB0E5D921C7CA800085A0CF /* Settings.bundle in Resources */ = {isa = PBXBuildFile; fileRef = BEB0E5D821C7CA800085A0CF /* Settings.bundle */; };
		BEBF3EB0246EB1C800415E87 /* RequestDetails.cpp in Sources */ = {isa = PBXBuildFile; fileRef = BEBF3EAF246EB1C800415E87 /* RequestDetails.cpp */; };
		BECD984024336DD400016117 /* device-mobile.css in Resources */ = {isa = PBXBuildFile; fileRef = BECD983E24336DD400016117 /* device-mobile.css */; };
		BECD984124336DD400016117 /* device-tablet.css in Resources */ = {isa = PBXBuildFile; fileRef = BECD983F24336DD400016117 /* device-tablet.css */; };
		BEDCC84E2452F82800FB02BD /* MobileApp.cpp in Sources */ = {isa = PBXBuildFile; fileRef = BEDCC84C2452F82800FB02BD /* MobileApp.cpp */; };
		BEDCC8992456FFAD00FB02BD /* SceneDelegate.mm in Sources */ = {isa = PBXBuildFile; fileRef = BEDCC8982456FFAC00FB02BD /* SceneDelegate.mm */; };
		BEFB1EE121C29CC70081D757 /* L10n.mm in Sources */ = {isa = PBXBuildFile; fileRef = BEFB1EE021C29CC70081D757 /* L10n.mm */; };
/* End PBXBuildFile section */

/* Begin PBXFileReference section */
		3F1F6F7C2986D4F400A44BA6 /* libzstd.a */ = {isa = PBXFileReference; lastKnownFileType = archive.ar; name = libzstd.a; path = "../../zstd-1.5.2/lib/libzstd.a"; sourceTree = "<group>"; };
		3FEA5EA52986D0F90066CD99 /* libiconv.tbd */ = {isa = PBXFileReference; lastKnownFileType = "sourcecode.text-based-dylib-definition"; name = libiconv.tbd; path = usr/lib/libiconv.tbd; sourceTree = SDKROOT; };
		3FEA5EA72986D13E0066CD99 /* libsqlite3.tbd */ = {isa = PBXFileReference; lastKnownFileType = "sourcecode.text-based-dylib-definition"; name = libsqlite3.tbd; path = usr/lib/libsqlite3.tbd; sourceTree = SDKROOT; };
		BE00F89621396585001CE2D4 /* cool.html */ = {isa = PBXFileReference; fileEncoding = 4; lastKnownFileType = text.html; name = cool.html; path = ../../../browser/dist/cool.html; sourceTree = "<group>"; };
		BE00F89721396585001CE2D4 /* bundle.css */ = {isa = PBXFileReference; fileEncoding = 4; lastKnownFileType = text.css; name = bundle.css; path = ../../../browser/dist/bundle.css; sourceTree = "<group>"; };
		BE00F89921396585001CE2D4 /* bundle.js */ = {isa = PBXFileReference; fileEncoding = 4; lastKnownFileType = sourcecode.javascript; name = bundle.js; path = ../../../browser/dist/bundle.js; sourceTree = "<group>"; };
		BE00F89D21396585001CE2D4 /* cool-help.html */ = {isa = PBXFileReference; fileEncoding = 4; lastKnownFileType = text.html; name = "cool-help.html"; path = "../../../browser/dist/cool-help.html"; sourceTree = "<group>"; };
		BE00F89E21396585001CE2D4 /* images */ = {isa = PBXFileReference; lastKnownFileType = folder; name = images; path = ../../../browser/dist/images; sourceTree = "<group>"; };
		BE18C7DD226DE09A001AD27E /* Branding */ = {isa = PBXFileReference; lastKnownFileType = folder; name = Branding; path = Mobile/Branding; sourceTree = SOURCE_ROOT; };
		BE484B71228D8622001EE76C /* DocumentBroker.hpp */ = {isa = PBXFileReference; fileEncoding = 4; lastKnownFileType = sourcecode.cpp.h; path = DocumentBroker.hpp; sourceTree = "<group>"; };
		BE55E0E92653FCCB007DDF29 /* ConfigUtil.cpp */ = {isa = PBXFileReference; fileEncoding = 4; lastKnownFileType = sourcecode.cpp.cpp; path = ConfigUtil.cpp; sourceTree = "<group>"; };
		BE55E0EA2653FCCB007DDF29 /* ConfigUtil.hpp */ = {isa = PBXFileReference; fileEncoding = 4; lastKnownFileType = sourcecode.cpp.h; path = ConfigUtil.hpp; sourceTree = "<group>"; };
		BE58E129217F295B00249358 /* Log.hpp */ = {isa = PBXFileReference; fileEncoding = 4; lastKnownFileType = sourcecode.cpp.h; path = Log.hpp; sourceTree = "<group>"; };
		BE58E12A217F295B00249358 /* Png.hpp */ = {isa = PBXFileReference; fileEncoding = 4; lastKnownFileType = sourcecode.cpp.h; path = Png.hpp; sourceTree = "<group>"; };
		BE58E12B217F295B00249358 /* SigUtil.hpp */ = {isa = PBXFileReference; fileEncoding = 4; lastKnownFileType = sourcecode.cpp.h; path = SigUtil.hpp; sourceTree = "<group>"; };
		BE58E12C217F295B00249358 /* Util.hpp */ = {isa = PBXFileReference; fileEncoding = 4; lastKnownFileType = sourcecode.cpp.h; path = Util.hpp; sourceTree = "<group>"; };
		BE58E12D217F295B00249358 /* MessageQueue.hpp */ = {isa = PBXFileReference; fileEncoding = 4; lastKnownFileType = sourcecode.cpp.h; path = MessageQueue.hpp; sourceTree = "<group>"; };
		BE58E12E217F295B00249358 /* Protocol.hpp */ = {isa = PBXFileReference; fileEncoding = 4; lastKnownFileType = sourcecode.cpp.h; path = Protocol.hpp; sourceTree = "<group>"; };
		BE58E12F217F295B00249358 /* Session.hpp */ = {isa = PBXFileReference; fileEncoding = 4; lastKnownFileType = sourcecode.cpp.h; path = Session.hpp; sourceTree = "<group>"; };
		BE58E13021874A2E00249358 /* Mobile.entitlements */ = {isa = PBXFileReference; lastKnownFileType = text.plist.entitlements; path = Mobile.entitlements; sourceTree = "<group>"; };
		BE5EB5B9213FE29900E0826C /* Log.cpp */ = {isa = PBXFileReference; fileEncoding = 4; lastKnownFileType = sourcecode.cpp.cpp; path = Log.cpp; sourceTree = "<group>"; };
		BE5EB5BA213FE29900E0826C /* SpookyV2.cpp */ = {isa = PBXFileReference; fileEncoding = 4; lastKnownFileType = sourcecode.cpp.cpp; path = SpookyV2.cpp; sourceTree = "<group>"; };
		BE5EB5BB213FE29900E0826C /* Session.cpp */ = {isa = PBXFileReference; fileEncoding = 4; lastKnownFileType = sourcecode.cpp.cpp; path = Session.cpp; sourceTree = "<group>"; };
		BE5EB5BC213FE29900E0826C /* Util.cpp */ = {isa = PBXFileReference; fileEncoding = 4; lastKnownFileType = sourcecode.cpp.cpp; path = Util.cpp; sourceTree = "<group>"; };
		BE5EB5BD213FE29900E0826C /* MessageQueue.cpp */ = {isa = PBXFileReference; fileEncoding = 4; lastKnownFileType = sourcecode.cpp.cpp; path = MessageQueue.cpp; sourceTree = "<group>"; };
		BE5EB5BE213FE29900E0826C /* SigUtil.cpp */ = {isa = PBXFileReference; fileEncoding = 4; lastKnownFileType = sourcecode.cpp.cpp; path = SigUtil.cpp; sourceTree = "<group>"; };
		BE5EB5BF213FE29900E0826C /* Protocol.cpp */ = {isa = PBXFileReference; fileEncoding = 4; lastKnownFileType = sourcecode.cpp.cpp; path = Protocol.cpp; sourceTree = "<group>"; };
		BE5EB5C0213FE29900E0826C /* FileUtil.cpp */ = {isa = PBXFileReference; fileEncoding = 4; lastKnownFileType = sourcecode.cpp.cpp; path = FileUtil.cpp; sourceTree = "<group>"; };
		BE5EB5CC213FE2D000E0826C /* ClientSession.cpp */ = {isa = PBXFileReference; fileEncoding = 4; lastKnownFileType = sourcecode.cpp.cpp; path = ClientSession.cpp; sourceTree = "<group>"; };
		BE5EB5CD213FE2D000E0826C /* TileCache.cpp */ = {isa = PBXFileReference; fileEncoding = 4; lastKnownFileType = sourcecode.cpp.cpp; path = TileCache.cpp; sourceTree = "<group>"; };
		BE5EB5D12140039100E0826C /* COOLWSD.cpp */ = {isa = PBXFileReference; fileEncoding = 4; lastKnownFileType = sourcecode.cpp.cpp; path = COOLWSD.cpp; sourceTree = "<group>"; };
		BE5EB5D321400DC100E0826C /* DocumentBroker.cpp */ = {isa = PBXFileReference; fileEncoding = 4; lastKnownFileType = sourcecode.cpp.cpp; path = DocumentBroker.cpp; sourceTree = "<group>"; };
		BE5EB5D521401E0F00E0826C /* Storage.cpp */ = {isa = PBXFileReference; fileEncoding = 4; lastKnownFileType = sourcecode.cpp.cpp; path = Storage.cpp; sourceTree = "<group>"; };
		BE5EB5D92140363100E0826C /* ios.mm */ = {isa = PBXFileReference; fileEncoding = 4; lastKnownFileType = sourcecode.cpp.objcpp; name = ios.mm; path = ../../ios/ios.mm; sourceTree = "<group>"; };
		BE5EB5DB2140480B00E0826C /* ICU.dat */ = {isa = PBXFileReference; lastKnownFileType = file; name = ICU.dat; path = ../../../ICU.dat; sourceTree = "<group>"; };
		BE636210215101D000F4237E /* WebSocketHandler.hpp */ = {isa = PBXFileReference; fileEncoding = 4; lastKnownFileType = sourcecode.cpp.h; path = WebSocketHandler.hpp; sourceTree = "<group>"; };
		BE6362C12153B5B500F4237E /* CoreServices.framework */ = {isa = PBXFileReference; lastKnownFileType = wrapper.framework; name = CoreServices.framework; path = System/Library/Frameworks/CoreServices.framework; sourceTree = SDKROOT; };
		BE7228E02417BC9F000ADABD /* StringVector.cpp */ = {isa = PBXFileReference; fileEncoding = 4; lastKnownFileType = sourcecode.cpp.cpp; path = StringVector.cpp; sourceTree = "<group>"; };
		BE7228E12417BC9F000ADABD /* StringVector.hpp */ = {isa = PBXFileReference; fileEncoding = 4; lastKnownFileType = sourcecode.cpp.h; path = StringVector.hpp; sourceTree = "<group>"; };
		BE7D6A6A23FAA8B500C2E605 /* coolkitconfig.xcu */ = {isa = PBXFileReference; fileEncoding = 4; lastKnownFileType = text.xml; name = coolkitconfig.xcu; path = ../coolkitconfig.xcu; sourceTree = "<group>"; };
		BE80E43121AD92F600859C97 /* Fonts */ = {isa = PBXFileReference; lastKnownFileType = folder; name = Fonts; path = Mobile/Fonts; sourceTree = SOURCE_ROOT; };
		BE80E45621B68F5000859C97 /* TemplateCollectionViewController.h */ = {isa = PBXFileReference; fileEncoding = 4; lastKnownFileType = sourcecode.c.h; path = TemplateCollectionViewController.h; sourceTree = "<group>"; };
		BE80E45721B68F5700859C97 /* TemplateCollectionViewController.mm */ = {isa = PBXFileReference; fileEncoding = 4; lastKnownFileType = sourcecode.cpp.objcpp; path = TemplateCollectionViewController.mm; sourceTree = "<group>"; };
		BE80E45C21B6CEF100859C97 /* TemplateSectionHeaderView.h */ = {isa = PBXFileReference; fileEncoding = 4; lastKnownFileType = sourcecode.c.h; path = TemplateSectionHeaderView.h; sourceTree = "<group>"; };
		BE80E45D21B6CEF200859C97 /* TemplateSectionHeaderView.m */ = {isa = PBXFileReference; fileEncoding = 4; lastKnownFileType = sourcecode.c.objc; path = TemplateSectionHeaderView.m; sourceTree = "<group>"; };
		BE80E46721B7066C00859C97 /* Templates */ = {isa = PBXFileReference; lastKnownFileType = folder; path = Templates; sourceTree = "<group>"; };
		BE8D77272136762500AC58EA /* Mobile.app */ = {isa = PBXFileReference; explicitFileType = wrapper.application; includeInIndex = 0; path = Mobile.app; sourceTree = BUILT_PRODUCTS_DIR; };
		BE8D772A2136762500AC58EA /* AppDelegate.h */ = {isa = PBXFileReference; lastKnownFileType = sourcecode.c.h; path = AppDelegate.h; sourceTree = "<group>"; };
		BE8D772B2136762500AC58EA /* AppDelegate.mm */ = {isa = PBXFileReference; lastKnownFileType = sourcecode.cpp.objcpp; path = AppDelegate.mm; sourceTree = "<group>"; };
		BE8D772D2136762500AC58EA /* DocumentBrowserViewController.h */ = {isa = PBXFileReference; lastKnownFileType = sourcecode.c.h; path = DocumentBrowserViewController.h; sourceTree = "<group>"; };
		BE8D772E2136762500AC58EA /* DocumentBrowserViewController.mm */ = {isa = PBXFileReference; lastKnownFileType = sourcecode.cpp.objcpp; path = DocumentBrowserViewController.mm; sourceTree = "<group>"; };
		BE8D77302136762500AC58EA /* DocumentViewController.h */ = {isa = PBXFileReference; lastKnownFileType = sourcecode.c.h; path = DocumentViewController.h; sourceTree = "<group>"; };
		BE8D77312136762500AC58EA /* DocumentViewController.mm */ = {isa = PBXFileReference; lastKnownFileType = sourcecode.cpp.objcpp; path = DocumentViewController.mm; sourceTree = "<group>"; };
		BE8D77332136762500AC58EA /* CODocument.h */ = {isa = PBXFileReference; lastKnownFileType = sourcecode.c.h; path = CODocument.h; sourceTree = "<group>"; };
		BE8D77342136762500AC58EA /* CODocument.mm */ = {isa = PBXFileReference; lastKnownFileType = sourcecode.c.objcpp; path = CODocument.mm; sourceTree = "<group>"; };
		BE8D77372136762500AC58EA /* Base */ = {isa = PBXFileReference; lastKnownFileType = file.storyboard; name = Base; path = Base.lproj/Main.storyboard; sourceTree = "<group>"; };
		BE8D77392136762600AC58EA /* Assets.xcassets */ = {isa = PBXFileReference; lastKnownFileType = folder.assetcatalog; path = Assets.xcassets; sourceTree = "<group>"; };
		BE8D773C2136762600AC58EA /* Base */ = {isa = PBXFileReference; lastKnownFileType = file.storyboard; name = Base; path = Base.lproj/LaunchScreen.storyboard; sourceTree = "<group>"; };
		BE8D773E2136762600AC58EA /* Info.plist */ = {isa = PBXFileReference; lastKnownFileType = text.plist.xml; path = Info.plist; sourceTree = "<group>"; };
		BE8D773F2136762600AC58EA /* main.m */ = {isa = PBXFileReference; lastKnownFileType = sourcecode.c.objc; path = main.m; sourceTree = "<group>"; };
		BE8D85BC214055F2009F1860 /* offapi.rdb */ = {isa = PBXFileReference; lastKnownFileType = file; name = offapi.rdb; path = "../../../lobuilddir-symlink/workdir/CustomTarget/ios/resources/offapi.rdb"; sourceTree = "<group>"; };
		BE8D85BD214055F2009F1860 /* share */ = {isa = PBXFileReference; lastKnownFileType = folder; name = share; path = "../../../lobuilddir-symlink/workdir/CustomTarget/ios/resources/share"; sourceTree = "<group>"; };
		BE8D85BE214055F2009F1860 /* config */ = {isa = PBXFileReference; lastKnownFileType = folder; name = config; path = "../../../lobuilddir-symlink/workdir/CustomTarget/ios/resources/config"; sourceTree = "<group>"; };
		BE8D85C0214055F2009F1860 /* oovbaapi.rdb */ = {isa = PBXFileReference; lastKnownFileType = file; name = oovbaapi.rdb; path = "../../../lobuilddir-symlink/workdir/CustomTarget/ios/resources/oovbaapi.rdb"; sourceTree = "<group>"; };
		BE8D85C1214055F2009F1860 /* udkapi.rdb */ = {isa = PBXFileReference; lastKnownFileType = file; name = udkapi.rdb; path = "../../../lobuilddir-symlink/workdir/CustomTarget/ios/resources/udkapi.rdb"; sourceTree = "<group>"; };
		BE8D85C2214055F2009F1860 /* services */ = {isa = PBXFileReference; lastKnownFileType = folder; name = services; path = "../../../lobuilddir-symlink/workdir/CustomTarget/ios/resources/services"; sourceTree = "<group>"; };
		BE8D85C3214055F2009F1860 /* services.rdb */ = {isa = PBXFileReference; fileEncoding = 4; lastKnownFileType = text.xml; name = services.rdb; path = "../../../lobuilddir-symlink/workdir/CustomTarget/ios/resources/services.rdb"; sourceTree = "<group>"; };
		BE8D85C4214055F3009F1860 /* program */ = {isa = PBXFileReference; lastKnownFileType = folder; name = program; path = "../../../lobuilddir-symlink/workdir/CustomTarget/ios/resources/program"; sourceTree = "<group>"; };
		BE8D85C6214055F3009F1860 /* fundamentalrc */ = {isa = PBXFileReference; fileEncoding = 4; lastKnownFileType = text; name = fundamentalrc; path = "../../../lobuilddir-symlink/workdir/CustomTarget/ios/resources/fundamentalrc"; sourceTree = "<group>"; };
		BE8D85C7214055F3009F1860 /* unorc */ = {isa = PBXFileReference; fileEncoding = 4; lastKnownFileType = text; name = unorc; path = "../../../lobuilddir-symlink/workdir/CustomTarget/ios/resources/unorc"; sourceTree = "<group>"; };
		BE8D85C8214055F3009F1860 /* rc */ = {isa = PBXFileReference; fileEncoding = 4; lastKnownFileType = text; name = rc; path = "../../../lobuilddir-symlink/workdir/CustomTarget/ios/resources/rc"; sourceTree = "<group>"; };
		BE9ADE3D265D046600BC034A /* TraceEvent.cpp */ = {isa = PBXFileReference; fileEncoding = 4; lastKnownFileType = sourcecode.cpp.cpp; path = TraceEvent.cpp; sourceTree = "<group>"; };
		BE9ADE3E265D046600BC034A /* TraceEvent.hpp */ = {isa = PBXFileReference; fileEncoding = 4; lastKnownFileType = sourcecode.cpp.h; path = TraceEvent.hpp; sourceTree = "<group>"; };
		BEA2835521467FDD00848631 /* Kit.cpp */ = {isa = PBXFileReference; fileEncoding = 4; lastKnownFileType = sourcecode.cpp.cpp; path = Kit.cpp; sourceTree = "<group>"; };
		BEA283572146945500848631 /* ChildSession.cpp */ = {isa = PBXFileReference; fileEncoding = 4; lastKnownFileType = sourcecode.cpp.cpp; path = ChildSession.cpp; sourceTree = "<group>"; };
		BEA2835921470A1C00848631 /* WebKit.framework */ = {isa = PBXFileReference; lastKnownFileType = wrapper.framework; name = WebKit.framework; path = System/Library/Frameworks/WebKit.framework; sourceTree = SDKROOT; };
		BEA2835C21498AD400848631 /* Socket.cpp */ = {isa = PBXFileReference; fileEncoding = 4; lastKnownFileType = sourcecode.cpp.cpp; name = Socket.cpp; path = ../net/Socket.cpp; sourceTree = "<group>"; };
		BEA2835E214A8E2000848631 /* Socket.hpp */ = {isa = PBXFileReference; fileEncoding = 4; lastKnownFileType = sourcecode.cpp.h; path = Socket.hpp; sourceTree = "<group>"; };
		BEA2835F214ACA8500848631 /* FakeSocket.cpp */ = {isa = PBXFileReference; fileEncoding = 4; lastKnownFileType = sourcecode.cpp.cpp; path = FakeSocket.cpp; sourceTree = "<group>"; };
		BEA28376214FFD8C00848631 /* Unit.cpp */ = {isa = PBXFileReference; fileEncoding = 4; lastKnownFileType = sourcecode.cpp.cpp; path = Unit.cpp; sourceTree = "<group>"; };
		BEA283782150172600848631 /* Unit.hpp */ = {isa = PBXFileReference; fileEncoding = 4; lastKnownFileType = sourcecode.cpp.h; path = Unit.hpp; sourceTree = "<group>"; };
		BEABFC6624AC94C3004DE339 /* Authorization.cpp */ = {isa = PBXFileReference; fileEncoding = 4; lastKnownFileType = sourcecode.cpp.cpp; path = Authorization.cpp; sourceTree = "<group>"; };
		BEABFC6724AC94C3004DE339 /* Authorization.hpp */ = {isa = PBXFileReference; fileEncoding = 4; lastKnownFileType = sourcecode.cpp.h; path = Authorization.hpp; sourceTree = "<group>"; };
		BEB0E5D821C7CA800085A0CF /* Settings.bundle */ = {isa = PBXFileReference; lastKnownFileType = "wrapper.plug-in"; path = Settings.bundle; sourceTree = "<group>"; };
		BEBF3EAE246EB1C800415E87 /* RequestDetails.hpp */ = {isa = PBXFileReference; fileEncoding = 4; lastKnownFileType = sourcecode.cpp.h; path = RequestDetails.hpp; sourceTree = "<group>"; };
		BEBF3EAF246EB1C800415E87 /* RequestDetails.cpp */ = {isa = PBXFileReference; fileEncoding = 4; lastKnownFileType = sourcecode.cpp.cpp; path = RequestDetails.cpp; sourceTree = "<group>"; };
		BECD983E24336DD400016117 /* device-mobile.css */ = {isa = PBXFileReference; fileEncoding = 4; lastKnownFileType = text.css; name = "device-mobile.css"; path = "../../../browser/dist/device-mobile.css"; sourceTree = "<group>"; };
		BECD983F24336DD400016117 /* device-tablet.css */ = {isa = PBXFileReference; fileEncoding = 4; lastKnownFileType = text.css; name = "device-tablet.css"; path = "../../../browser/dist/device-tablet.css"; sourceTree = "<group>"; };
		BEDCC84C2452F82800FB02BD /* MobileApp.cpp */ = {isa = PBXFileReference; fileEncoding = 4; lastKnownFileType = sourcecode.cpp.cpp; path = MobileApp.cpp; sourceTree = "<group>"; };
		BEDCC84D2452F82800FB02BD /* MobileApp.hpp */ = {isa = PBXFileReference; fileEncoding = 4; lastKnownFileType = sourcecode.cpp.h; path = MobileApp.hpp; sourceTree = "<group>"; };
		BEDCC8972456FFAC00FB02BD /* SceneDelegate.h */ = {isa = PBXFileReference; fileEncoding = 4; lastKnownFileType = sourcecode.c.h; path = SceneDelegate.h; sourceTree = "<group>"; };
		BEDCC8982456FFAC00FB02BD /* SceneDelegate.mm */ = {isa = PBXFileReference; fileEncoding = 4; lastKnownFileType = sourcecode.cpp.objcpp; path = SceneDelegate.mm; sourceTree = "<group>"; };
		BEFB1EDF21C29CC70081D757 /* L10n.h */ = {isa = PBXFileReference; fileEncoding = 4; lastKnownFileType = sourcecode.c.h; path = L10n.h; sourceTree = "<group>"; };
		BEFB1EE021C29CC70081D757 /* L10n.mm */ = {isa = PBXFileReference; fileEncoding = 4; lastKnownFileType = sourcecode.cpp.objcpp; path = L10n.mm; sourceTree = "<group>"; };
/* End PBXFileReference section */

/* Begin PBXFrameworksBuildPhase section */
		BE8D77242136762500AC58EA /* Frameworks */ = {
			isa = PBXFrameworksBuildPhase;
			buildActionMask = 2147483647;
			files = (
				3FEA5EA82986D13E0066CD99 /* libsqlite3.tbd in Frameworks */,
				3FEA5EA62986D0F90066CD99 /* libiconv.tbd in Frameworks */,
				BE6362C22153B5B500F4237E /* CoreServices.framework in Frameworks */,
				BEA2835A21470A1C00848631 /* WebKit.framework in Frameworks */,
			);
			runOnlyForDeploymentPostprocessing = 0;
		};
/* End PBXFrameworksBuildPhase section */

/* Begin PBXGroup section */
		BE00F8922139494E001CE2D4 /* Resources */ = {
			isa = PBXGroup;
			children = (
				BE7D6A6A23FAA8B500C2E605 /* coolkitconfig.xcu */,
				BE18C7DD226DE09A001AD27E /* Branding */,
				BEB0E5D821C7CA800085A0CF /* Settings.bundle */,
				BE80E46721B7066C00859C97 /* Templates */,
				BE80E43121AD92F600859C97 /* Fonts */,
				BE8D85BE214055F2009F1860 /* config */,
				BE8D85C6214055F3009F1860 /* fundamentalrc */,
				BE8D85BC214055F2009F1860 /* offapi.rdb */,
				BE8D85C0214055F2009F1860 /* oovbaapi.rdb */,
				BE8D85C4214055F3009F1860 /* program */,
				BE8D85C8214055F3009F1860 /* rc */,
				BE8D85C2214055F2009F1860 /* services */,
				BE8D85C3214055F2009F1860 /* services.rdb */,
				BE8D85BD214055F2009F1860 /* share */,
				BE8D85C1214055F2009F1860 /* udkapi.rdb */,
				BE8D85C7214055F3009F1860 /* unorc */,
				BE5EB5DB2140480B00E0826C /* ICU.dat */,
				BE00F89721396585001CE2D4 /* bundle.css */,
				BECD983E24336DD400016117 /* device-mobile.css */,
				BECD983F24336DD400016117 /* device-tablet.css */,
				BE00F89921396585001CE2D4 /* bundle.js */,
				BE00F89E21396585001CE2D4 /* images */,
				BE00F89D21396585001CE2D4 /* cool-help.html */,
				BE00F89621396585001CE2D4 /* cool.html */,
			);
			path = Resources;
			sourceTree = "<group>";
		};
		BE00F8B3213ED542001CE2D4 /* Frameworks */ = {
			isa = PBXGroup;
			children = (
				3F1F6F7C2986D4F400A44BA6 /* libzstd.a */,
				3FEA5EA72986D13E0066CD99 /* libsqlite3.tbd */,
				3FEA5EA52986D0F90066CD99 /* libiconv.tbd */,
				BE6362C12153B5B500F4237E /* CoreServices.framework */,
				BEA2835921470A1C00848631 /* WebKit.framework */,
			);
			name = Frameworks;
			sourceTree = "<group>";
		};
		BE5EB5B5213FE1F900E0826C /* Online */ = {
			isa = PBXGroup;
			children = (
				BE5EB5B6213FE21000E0826C /* common */,
				BEA2835421467F8200848631 /* kit */,
				BEA2835B21498ABF00848631 /* net */,
				BE5EB5B7213FE21600E0826C /* wsd */,
			);
			name = Online;
			path = ..;
			sourceTree = SOURCE_ROOT;
		};
		BE5EB5B6213FE21000E0826C /* common */ = {
			isa = PBXGroup;
			children = (
				BEABFC6624AC94C3004DE339 /* Authorization.cpp */,
				BEABFC6724AC94C3004DE339 /* Authorization.hpp */,
				BE55E0E92653FCCB007DDF29 /* ConfigUtil.cpp */,
				BE55E0EA2653FCCB007DDF29 /* ConfigUtil.hpp */,
				BE5EB5C0213FE29900E0826C /* FileUtil.cpp */,
				BE5EB5B9213FE29900E0826C /* Log.cpp */,
				BE58E129217F295B00249358 /* Log.hpp */,
				BE5EB5BD213FE29900E0826C /* MessageQueue.cpp */,
				BE58E12D217F295B00249358 /* MessageQueue.hpp */,
				BEDCC84C2452F82800FB02BD /* MobileApp.cpp */,
				BEDCC84D2452F82800FB02BD /* MobileApp.hpp */,
				BE58E12A217F295B00249358 /* Png.hpp */,
				BE9ADE3D265D046600BC034A /* TraceEvent.cpp */,
				BE9ADE3E265D046600BC034A /* TraceEvent.hpp */,
				BE5EB5BF213FE29900E0826C /* Protocol.cpp */,
				BE58E12E217F295B00249358 /* Protocol.hpp */,
				BE5EB5BB213FE29900E0826C /* Session.cpp */,
				BE58E12F217F295B00249358 /* Session.hpp */,
				BE5EB5BE213FE29900E0826C /* SigUtil.cpp */,
				BE58E12B217F295B00249358 /* SigUtil.hpp */,
				BE5EB5BA213FE29900E0826C /* SpookyV2.cpp */,
				BE7228E02417BC9F000ADABD /* StringVector.cpp */,
				BE7228E12417BC9F000ADABD /* StringVector.hpp */,
				BEA28376214FFD8C00848631 /* Unit.cpp */,
				BEA283782150172600848631 /* Unit.hpp */,
				BE5EB5BC213FE29900E0826C /* Util.cpp */,
				BE58E12C217F295B00249358 /* Util.hpp */,
			);
			path = common;
			sourceTree = "<group>";
		};
		BE5EB5B7213FE21600E0826C /* wsd */ = {
			isa = PBXGroup;
			children = (
				BEBF3EAF246EB1C800415E87 /* RequestDetails.cpp */,
				BEBF3EAE246EB1C800415E87 /* RequestDetails.hpp */,
				BE5EB5CC213FE2D000E0826C /* ClientSession.cpp */,
				BE5EB5D321400DC100E0826C /* DocumentBroker.cpp */,
				BE484B71228D8622001EE76C /* DocumentBroker.hpp */,
				BE5EB5D12140039100E0826C /* COOLWSD.cpp */,
				BE5EB5D521401E0F00E0826C /* Storage.cpp */,
				BE5EB5CD213FE2D000E0826C /* TileCache.cpp */,
			);
			name = wsd;
			path = ../wsd;
			sourceTree = SOURCE_ROOT;
		};
		BE8D771E2136762500AC58EA = {
			isa = PBXGroup;
			children = (
				BE5EB5B5213FE1F900E0826C /* Online */,
				BE8D77292136762500AC58EA /* Mobile */,
				BE8D77282136762500AC58EA /* Products */,
				BE00F8B3213ED542001CE2D4 /* Frameworks */,
			);
			sourceTree = "<group>";
		};
		BE8D77282136762500AC58EA /* Products */ = {
			isa = PBXGroup;
			children = (
				BE8D77272136762500AC58EA /* Mobile.app */,
			);
			name = Products;
			sourceTree = "<group>";
		};
		BE8D77292136762500AC58EA /* Mobile */ = {
			isa = PBXGroup;
			children = (
				BE58E13021874A2E00249358 /* Mobile.entitlements */,
				BE5EB5D92140363100E0826C /* ios.mm */,
				BE00F8922139494E001CE2D4 /* Resources */,
				BE8D772A2136762500AC58EA /* AppDelegate.h */,
				BE8D772B2136762500AC58EA /* AppDelegate.mm */,
				BE8D77332136762500AC58EA /* CODocument.h */,
				BE8D77342136762500AC58EA /* CODocument.mm */,
				BE8D772D2136762500AC58EA /* DocumentBrowserViewController.h */,
				BE8D772E2136762500AC58EA /* DocumentBrowserViewController.mm */,
				BE8D77302136762500AC58EA /* DocumentViewController.h */,
				BE8D77312136762500AC58EA /* DocumentViewController.mm */,
				BEFB1EDF21C29CC70081D757 /* L10n.h */,
				BEFB1EE021C29CC70081D757 /* L10n.mm */,
				BEDCC8972456FFAC00FB02BD /* SceneDelegate.h */,
				BEDCC8982456FFAC00FB02BD /* SceneDelegate.mm */,
				BE80E45C21B6CEF100859C97 /* TemplateSectionHeaderView.h */,
				BE80E45D21B6CEF200859C97 /* TemplateSectionHeaderView.m */,
				BE80E45621B68F5000859C97 /* TemplateCollectionViewController.h */,
				BE80E45721B68F5700859C97 /* TemplateCollectionViewController.mm */,
				BE8D77362136762500AC58EA /* Main.storyboard */,
				BE8D77392136762600AC58EA /* Assets.xcassets */,
				BE8D773B2136762600AC58EA /* LaunchScreen.storyboard */,
				BE8D773E2136762600AC58EA /* Info.plist */,
				BE8D773F2136762600AC58EA /* main.m */,
			);
			path = Mobile;
			sourceTree = "<group>";
		};
		BEA2835421467F8200848631 /* kit */ = {
			isa = PBXGroup;
			children = (
				BEA283572146945500848631 /* ChildSession.cpp */,
				BEA2835521467FDD00848631 /* Kit.cpp */,
			);
			name = kit;
			path = ../kit;
			sourceTree = SOURCE_ROOT;
		};
		BEA2835B21498ABF00848631 /* net */ = {
			isa = PBXGroup;
			children = (
				BEA2835F214ACA8500848631 /* FakeSocket.cpp */,
				BEA2835C21498AD400848631 /* Socket.cpp */,
				BEA2835E214A8E2000848631 /* Socket.hpp */,
				BE636210215101D000F4237E /* WebSocketHandler.hpp */,
			);
			name = net;
			path = ../net;
			sourceTree = SOURCE_ROOT;
		};
/* End PBXGroup section */

/* Begin PBXNativeTarget section */
		BE8D77262136762500AC58EA /* Mobile */ = {
			isa = PBXNativeTarget;
			buildConfigurationList = BE8D77432136762600AC58EA /* Build configuration list for PBXNativeTarget "Mobile" */;
			buildPhases = (
				BE8D77232136762500AC58EA /* Sources */,
				BE8D77242136762500AC58EA /* Frameworks */,
				BE8D77252136762500AC58EA /* Resources */,
			);
			buildRules = (
			);
			dependencies = (
			);
			name = Mobile;
			productName = Mobile;
			productReference = BE8D77272136762500AC58EA /* Mobile.app */;
			productType = "com.apple.product-type.application";
		};
/* End PBXNativeTarget section */

/* Begin PBXProject section */
		BE8D771F2136762500AC58EA /* Project object */ = {
			isa = PBXProject;
			attributes = {
				LastUpgradeCheck = 1420;
				ORGANIZATIONNAME = Collabora;
				TargetAttributes = {
					BE8D77262136762500AC58EA = {
						CreatedOnToolsVersion = 9.4.1;
						SystemCapabilities = {
							com.apple.iCloud = {
								enabled = 1;
							};
						};
					};
				};
			};
			buildConfigurationList = BE8D77222136762500AC58EA /* Build configuration list for PBXProject "Mobile" */;
			compatibilityVersion = "Xcode 9.3";
			developmentRegion = en;
			hasScannedForEncodings = 0;
			knownRegions = (
				en,
				Base,
				fi,
			);
			mainGroup = BE8D771E2136762500AC58EA;
			productRefGroup = BE8D77282136762500AC58EA /* Products */;
			projectDirPath = "";
			projectRoot = "";
			targets = (
				BE8D77262136762500AC58EA /* Mobile */,
			);
		};
/* End PBXProject section */

/* Begin PBXResourcesBuildPhase section */
		BE8D77252136762500AC58EA /* Resources */ = {
			isa = PBXResourcesBuildPhase;
			buildActionMask = 2147483647;
			files = (
				BE8D85D6214055F3009F1860 /* rc in Resources */,
				BECD984124336DD400016117 /* device-tablet.css in Resources */,
				BE8D85D0214055F3009F1860 /* services in Resources */,
				BE8D85D4214055F3009F1860 /* fundamentalrc in Resources */,
				BECD984024336DD400016117 /* device-mobile.css in Resources */,
				BE80E43221AD92F700859C97 /* Fonts in Resources */,
				BE00F8A821396585001CE2D4 /* images in Resources */,
				BE5EB5DC2140480B00E0826C /* ICU.dat in Resources */,
				BE8D85CE214055F3009F1860 /* oovbaapi.rdb in Resources */,
				BE00F8A721396585001CE2D4 /* cool-help.html in Resources */,
				BE8D773D2136762600AC58EA /* LaunchScreen.storyboard in Resources */,
				BE00F8A121396585001CE2D4 /* bundle.css in Resources */,
				BE7D6A6B23FAA8B500C2E605 /* coolkitconfig.xcu in Resources */,
				BE8D85CF214055F3009F1860 /* udkapi.rdb in Resources */,
				BE18C7DE226DE09A001AD27E /* Branding in Resources */,
				BE8D85D5214055F3009F1860 /* unorc in Resources */,
				BE8D85D1214055F3009F1860 /* services.rdb in Resources */,
				BE00F8A021396585001CE2D4 /* cool.html in Resources */,
				BE8D85CA214055F3009F1860 /* offapi.rdb in Resources */,
				BE8D773A2136762600AC58EA /* Assets.xcassets in Resources */,
				BE8D85CC214055F3009F1860 /* config in Resources */,
				BE00F8A321396585001CE2D4 /* bundle.js in Resources */,
				BE8D77382136762500AC58EA /* Main.storyboard in Resources */,
				BE8D85D2214055F3009F1860 /* program in Resources */,
				BE8D85CB214055F3009F1860 /* share in Resources */,
				BE80E46821B7066D00859C97 /* Templates in Resources */,
				BEB0E5D921C7CA800085A0CF /* Settings.bundle in Resources */,
			);
			runOnlyForDeploymentPostprocessing = 0;
		};
/* End PBXResourcesBuildPhase section */

/* Begin PBXSourcesBuildPhase section */
		BE8D77232136762500AC58EA /* Sources */ = {
			isa = PBXSourcesBuildPhase;
			buildActionMask = 2147483647;
			files = (
				BEA2835D21498AD400848631 /* Socket.cpp in Sources */,
				BE5EB5C4213FE29900E0826C /* Util.cpp in Sources */,
				BEA283582146945500848631 /* ChildSession.cpp in Sources */,
				BE80E45E21B6CEF200859C97 /* TemplateSectionHeaderView.m in Sources */,
				BE5EB5C3213FE29900E0826C /* Session.cpp in Sources */,
				BE5EB5D22140039100E0826C /* COOLWSD.cpp in Sources */,
				BEFB1EE121C29CC70081D757 /* L10n.mm in Sources */,
				BEDCC8992456FFAD00FB02BD /* SceneDelegate.mm in Sources */,
				BE5EB5C6213FE29900E0826C /* SigUtil.cpp in Sources */,
				BE5EB5C1213FE29900E0826C /* Log.cpp in Sources */,
				BEDCC84E2452F82800FB02BD /* MobileApp.cpp in Sources */,
				BE5EB5DA2140363100E0826C /* ios.mm in Sources */,
				BE5EB5D421400DC100E0826C /* DocumentBroker.cpp in Sources */,
				BEA28377214FFD8C00848631 /* Unit.cpp in Sources */,
				BE5EB5CF213FE2D000E0826C /* ClientSession.cpp in Sources */,
				BEBF3EB0246EB1C800415E87 /* RequestDetails.cpp in Sources */,
				BE5EB5C2213FE29900E0826C /* SpookyV2.cpp in Sources */,
				BE8D77402136762600AC58EA /* main.m in Sources */,
				BE5EB5C8213FE29900E0826C /* FileUtil.cpp in Sources */,
				BEABFC6824AC94C3004DE339 /* Authorization.cpp in Sources */,
				BEA28360214ACA8500848631 /* FakeSocket.cpp in Sources */,
				BE80E45821B68F5700859C97 /* TemplateCollectionViewController.mm in Sources */,
				BE8D77352136762500AC58EA /* CODocument.mm in Sources */,
				BE5EB5C7213FE29900E0826C /* Protocol.cpp in Sources */,
				BE8D772F2136762500AC58EA /* DocumentBrowserViewController.mm in Sources */,
				BE9ADE3F265D046600BC034A /* TraceEvent.cpp in Sources */,
				BE5EB5D0213FE2D000E0826C /* TileCache.cpp in Sources */,
				BE5EB5C5213FE29900E0826C /* MessageQueue.cpp in Sources */,
				BE7228E22417BC9F000ADABD /* StringVector.cpp in Sources */,
				BE55E0EB2653FCCB007DDF29 /* ConfigUtil.cpp in Sources */,
				BE5EB5D621401E0F00E0826C /* Storage.cpp in Sources */,
				BEA2835621467FDD00848631 /* Kit.cpp in Sources */,
				BE8D77322136762500AC58EA /* DocumentViewController.mm in Sources */,
				BE8D772C2136762500AC58EA /* AppDelegate.mm in Sources */,
			);
			runOnlyForDeploymentPostprocessing = 0;
		};
/* End PBXSourcesBuildPhase section */

/* Begin PBXVariantGroup section */
		BE8D77362136762500AC58EA /* Main.storyboard */ = {
			isa = PBXVariantGroup;
			children = (
				BE8D77372136762500AC58EA /* Base */,
			);
			name = Main.storyboard;
			sourceTree = "<group>";
		};
		BE8D773B2136762600AC58EA /* LaunchScreen.storyboard */ = {
			isa = PBXVariantGroup;
			children = (
				BE8D773C2136762600AC58EA /* Base */,
			);
			name = LaunchScreen.storyboard;
			sourceTree = "<group>";
		};
/* End PBXVariantGroup section */

/* Begin XCBuildConfiguration section */
		BE8D77412136762600AC58EA /* Debug */ = {
			isa = XCBuildConfiguration;
			buildSettings = {
				ALWAYS_SEARCH_USER_PATHS = NO;
				CLANG_ANALYZER_LOCALIZABILITY_NONLOCALIZED = YES;
				CLANG_ANALYZER_NONNULL = YES;
				CLANG_ANALYZER_NUMBER_OBJECT_CONVERSION = YES_AGGRESSIVE;
				CLANG_CXX_LANGUAGE_STANDARD = "c++17";
				CLANG_CXX_LIBRARY = "libc++";
				CLANG_ENABLE_MODULES = YES;
				CLANG_ENABLE_OBJC_ARC = YES;
				CLANG_ENABLE_OBJC_WEAK = YES;
				CLANG_WARN_BLOCK_CAPTURE_AUTORELEASING = YES;
				CLANG_WARN_BOOL_CONVERSION = YES;
				CLANG_WARN_COMMA = YES;
				CLANG_WARN_CONSTANT_CONVERSION = YES;
				CLANG_WARN_DEPRECATED_OBJC_IMPLEMENTATIONS = YES;
				CLANG_WARN_DIRECT_OBJC_ISA_USAGE = YES_ERROR;
				CLANG_WARN_DOCUMENTATION_COMMENTS = YES;
				CLANG_WARN_EMPTY_BODY = YES;
				CLANG_WARN_ENUM_CONVERSION = YES;
				CLANG_WARN_INFINITE_RECURSION = YES;
				CLANG_WARN_INT_CONVERSION = YES;
				CLANG_WARN_NON_LITERAL_NULL_CONVERSION = YES;
				CLANG_WARN_OBJC_IMPLICIT_RETAIN_SELF = YES;
				CLANG_WARN_OBJC_LITERAL_CONVERSION = YES;
				CLANG_WARN_OBJC_ROOT_CLASS = YES_ERROR;
				CLANG_WARN_QUOTED_INCLUDE_IN_FRAMEWORK_HEADER = YES;
				CLANG_WARN_RANGE_LOOP_ANALYSIS = YES;
				CLANG_WARN_STRICT_PROTOTYPES = YES;
				CLANG_WARN_SUSPICIOUS_MOVE = YES;
				CLANG_WARN_UNGUARDED_AVAILABILITY = YES_AGGRESSIVE;
				CLANG_WARN_UNREACHABLE_CODE = YES;
				CLANG_WARN__DUPLICATE_METHOD_MATCH = YES;
				CODE_SIGN_IDENTITY = "iPhone Developer";
				COPY_PHASE_STRIP = NO;
				DEBUG_INFORMATION_FORMAT = dwarf;
				ENABLE_STRICT_OBJC_MSGSEND = YES;
				ENABLE_TESTABILITY = YES;
				GCC_C_LANGUAGE_STANDARD = gnu11;
				GCC_DYNAMIC_NO_PIC = NO;
				GCC_NO_COMMON_BLOCKS = YES;
				GCC_OPTIMIZATION_LEVEL = 0;
				GCC_PREPROCESSOR_DEFINITIONS = (
					"ENABLE_DEBUG=1",
					"$(inherited)",
				);
				GCC_WARN_64_TO_32_BIT_CONVERSION = YES;
				GCC_WARN_ABOUT_RETURN_TYPE = YES_ERROR;
				GCC_WARN_UNDECLARED_SELECTOR = YES;
				GCC_WARN_UNINITIALIZED_AUTOS = YES_AGGRESSIVE;
				GCC_WARN_UNUSED_FUNCTION = YES;
				GCC_WARN_UNUSED_VARIABLE = YES;
				IPHONEOS_DEPLOYMENT_TARGET = 14.5;
				LOSRCDIR = "$(SOURCE_ROOT)/../lobuilddir-symlink";
				MTL_ENABLE_DEBUG_INFO = YES;
				ONLY_ACTIVE_ARCH = YES;
				SDKROOT = iphoneos;
			};
			name = Debug;
		};
		BE8D77422136762600AC58EA /* Release */ = {
			isa = XCBuildConfiguration;
			buildSettings = {
				ALWAYS_SEARCH_USER_PATHS = NO;
				CLANG_ANALYZER_LOCALIZABILITY_NONLOCALIZED = YES;
				CLANG_ANALYZER_NONNULL = YES;
				CLANG_ANALYZER_NUMBER_OBJECT_CONVERSION = YES_AGGRESSIVE;
				CLANG_CXX_LANGUAGE_STANDARD = "c++17";
				CLANG_CXX_LIBRARY = "libc++";
				CLANG_ENABLE_MODULES = YES;
				CLANG_ENABLE_OBJC_ARC = YES;
				CLANG_ENABLE_OBJC_WEAK = YES;
				CLANG_WARN_BLOCK_CAPTURE_AUTORELEASING = YES;
				CLANG_WARN_BOOL_CONVERSION = YES;
				CLANG_WARN_COMMA = YES;
				CLANG_WARN_CONSTANT_CONVERSION = YES;
				CLANG_WARN_DEPRECATED_OBJC_IMPLEMENTATIONS = YES;
				CLANG_WARN_DIRECT_OBJC_ISA_USAGE = YES_ERROR;
				CLANG_WARN_DOCUMENTATION_COMMENTS = YES;
				CLANG_WARN_EMPTY_BODY = YES;
				CLANG_WARN_ENUM_CONVERSION = YES;
				CLANG_WARN_INFINITE_RECURSION = YES;
				CLANG_WARN_INT_CONVERSION = YES;
				CLANG_WARN_NON_LITERAL_NULL_CONVERSION = YES;
				CLANG_WARN_OBJC_IMPLICIT_RETAIN_SELF = YES;
				CLANG_WARN_OBJC_LITERAL_CONVERSION = YES;
				CLANG_WARN_OBJC_ROOT_CLASS = YES_ERROR;
				CLANG_WARN_QUOTED_INCLUDE_IN_FRAMEWORK_HEADER = YES;
				CLANG_WARN_RANGE_LOOP_ANALYSIS = YES;
				CLANG_WARN_STRICT_PROTOTYPES = YES;
				CLANG_WARN_SUSPICIOUS_MOVE = YES;
				CLANG_WARN_UNGUARDED_AVAILABILITY = YES_AGGRESSIVE;
				CLANG_WARN_UNREACHABLE_CODE = YES;
				CLANG_WARN__DUPLICATE_METHOD_MATCH = YES;
				CODE_SIGN_IDENTITY = "iPhone Developer";
				COPY_PHASE_STRIP = NO;
				DEBUG_INFORMATION_FORMAT = "dwarf-with-dsym";
				ENABLE_NS_ASSERTIONS = NO;
				ENABLE_STRICT_OBJC_MSGSEND = YES;
				GCC_C_LANGUAGE_STANDARD = gnu11;
				GCC_NO_COMMON_BLOCKS = YES;
				GCC_WARN_64_TO_32_BIT_CONVERSION = YES;
				GCC_WARN_ABOUT_RETURN_TYPE = YES_ERROR;
				GCC_WARN_UNDECLARED_SELECTOR = YES;
				GCC_WARN_UNINITIALIZED_AUTOS = YES_AGGRESSIVE;
				GCC_WARN_UNUSED_FUNCTION = YES;
				GCC_WARN_UNUSED_VARIABLE = YES;
				IPHONEOS_DEPLOYMENT_TARGET = 14.5;
				LOSRCDIR = "$(SOURCE_ROOT)/../lobuilddir-symlink";
				MTL_ENABLE_DEBUG_INFO = NO;
				SDKROOT = iphoneos;
				VALIDATE_PRODUCT = YES;
			};
			name = Release;
		};
		BE8D77442136762600AC58EA /* Debug */ = {
			isa = XCBuildConfiguration;
			buildSettings = {
				ASSETCATALOG_COMPILER_APPICON_NAME = AppIcon;
				CLANG_WARN_DOCUMENTATION_COMMENTS = NO;
				CODE_SIGN_ENTITLEMENTS = Mobile/Mobile.entitlements;
				CODE_SIGN_IDENTITY = "Apple Development";
				CODE_SIGN_STYLE = Automatic;
				DEVELOPMENT_TEAM = J4FQ687VJK;
				ENABLE_BITCODE = NO;
				GCC_PREPROCESSOR_DEFINITIONS = (
					"IOS=IOS",
					"DISABLE_DYNLOADING=1",
					"ENABLE_DEBUG=1",
					"COOLWSD_CONFIGDIR='\".\"'",
				);
				GCC_WARN_64_TO_32_BIT_CONVERSION = NO;
				HEADER_SEARCH_PATHS = (
					"$(SOURCE_ROOT)/../ios",
					"$(SOURCE_ROOT)/..",
					"$(SOURCE_ROOT)/../kit",
					"$(SOURCE_ROOT)/../common",
					"$(SOURCE_ROOT)/../wsd",
					"$(SOURCE_ROOT)/../net",
					"$(SOURCE_ROOT)/../lobuilddir-symlink/config_host",
					"$(LOSRCDIR)/include",
					"$(SOURCE_ROOT)/../lobuilddir-symlink/workdir/CustomTarget/ios",
					"$(SOURCE_ROOT)/../lobuilddir-symlink/workdir/UnpackedTarball/boost",
					"$(SOURCE_ROOT)/../lobuilddir-symlink/workdir/UnpackedTarball/libpng",
					"$(SOURCE_ROOT)/../lobuilddir-symlink/workdir/UnoApiHeadersTarget/udkapi/comprehensive",
					"$(SOURCE_ROOT)/../lobuilddir-symlink/workdir/UnoApiHeadersTarget/offapi/comprehensive",
					"$(SOURCE_ROOT)/../pocoinclude-symlink",
					"$(SOURCE_ROOT)/../zstdinclude-symlink",
				);
				INFOPLIST_FILE = Mobile/Info.plist;
				LD_GENERATE_MAP_FILE = YES;
				LD_RUNPATH_SEARCH_PATHS = (
					"$(inherited)",
					"@executable_path/Frameworks",
				);
				LIBRARY_SEARCH_PATHS = "$(inherited)";
				OTHER_CPLUSPLUSFLAGS = (
					"-x",
					"objective-c++",
					"$(OTHER_CFLAGS)",
				);
				OTHER_LDFLAGS = (
					"-filelist",
					"$(SOURCE_ROOT)/../lobuilddir-symlink/workdir/CustomTarget/ios/ios-all-static-libs.list",
					"-L",
					"$(SOURCE_ROOT)/../pocolib-symlink",
					"-lPocoFoundationd",
					"-lPocoUtild",
					"-lPocoXMLd",
					"-lPocoJSONd",
					"-lPocoNetd",
					"-L",
					"$(SOURCE_ROOT)/../zstdlib-symlink",
					"-lzstd",
				);
				PRODUCT_BUNDLE_IDENTIFIER = com.collabora.office.Mobile;
				PRODUCT_NAME = "$(TARGET_NAME)";
				PROVISIONING_PROFILE_SPECIFIER = "";
				TARGETED_DEVICE_FAMILY = "1,2";
			};
			name = Debug;
		};
		BE8D77452136762600AC58EA /* Release */ = {
			isa = XCBuildConfiguration;
			buildSettings = {
				ASSETCATALOG_COMPILER_APPICON_NAME = AppIcon;
				CLANG_WARN_DOCUMENTATION_COMMENTS = NO;
				CODE_SIGN_ENTITLEMENTS = Mobile/Mobile.entitlements;
				CODE_SIGN_IDENTITY = "Apple Development";
				CODE_SIGN_STYLE = Automatic;
				DEVELOPMENT_TEAM = J4FQ687VJK;
				ENABLE_BITCODE = NO;
				GCC_PREPROCESSOR_DEFINITIONS = (
					"IOS=IOS",
					"DISABLE_DYNLOADING=1",
					"COOLWSD_CONFIGDIR='\".\"'",
				);
				GCC_WARN_64_TO_32_BIT_CONVERSION = NO;
				HEADER_SEARCH_PATHS = (
					"$(SOURCE_ROOT)/../ios",
					"$(SOURCE_ROOT)/..",
					"$(SOURCE_ROOT)/../kit",
					"$(SOURCE_ROOT)/../common",
					"$(SOURCE_ROOT)/../wsd",
					"$(SOURCE_ROOT)/../net",
					"$(SOURCE_ROOT)/../lobuilddir-symlink/config_host",
					"$(LOSRCDIR)/include",
					"$(SOURCE_ROOT)/../lobuilddir-symlink/workdir/CustomTarget/ios",
					"$(SOURCE_ROOT)/../lobuilddir-symlink/workdir/UnpackedTarball/boost",
					"$(SOURCE_ROOT)/../lobuilddir-symlink/workdir/UnpackedTarball/libpng",
					"$(SOURCE_ROOT)/../lobuilddir-symlink/workdir/UnoApiHeadersTarget/udkapi/comprehensive",
					"$(SOURCE_ROOT)/../lobuilddir-symlink/workdir/UnoApiHeadersTarget/offapi/comprehensive",
					"$(SOURCE_ROOT)/../pocoinclude-symlink",
					"$(SOURCE_ROOT)/../zstdinclude-symlink",
				);
				INFOPLIST_FILE = Mobile/Info.plist;
				LD_GENERATE_MAP_FILE = YES;
				LD_RUNPATH_SEARCH_PATHS = (
					"$(inherited)",
					"@executable_path/Frameworks",
				);
				LIBRARY_SEARCH_PATHS = "$(inherited)";
				OTHER_CPLUSPLUSFLAGS = (
					"-x",
					"objective-c++",
					"$(OTHER_CFLAGS)",
				);
				OTHER_LDFLAGS = (
					"-filelist",
					"$(SOURCE_ROOT)/../lobuilddir-symlink/workdir/CustomTarget/ios/ios-all-static-libs.list",
					"-L",
					"$(SOURCE_ROOT)/../pocolib-symlink",
					"-lPocoFoundationd",
					"-lPocoUtild",
					"-lPocoXMLd",
					"-lPocoJSONd",
					"-lPocoNetd",
					"-L",
					"$(SOURCE_ROOT)/../zstdlib-symlink",
					"-lzstd",
				);
				PRODUCT_BUNDLE_IDENTIFIER = com.collabora.office.Mobile;
				PRODUCT_NAME = "$(TARGET_NAME)";
				PROVISIONING_PROFILE_SPECIFIER = "";
				TARGETED_DEVICE_FAMILY = "1,2";
			};
			name = Release;
		};
/* End XCBuildConfiguration section */

/* Begin XCConfigurationList section */
		BE8D77222136762500AC58EA /* Build configuration list for PBXProject "Mobile" */ = {
			isa = XCConfigurationList;
			buildConfigurations = (
				BE8D77412136762600AC58EA /* Debug */,
				BE8D77422136762600AC58EA /* Release */,
			);
			defaultConfigurationIsVisible = 0;
			defaultConfigurationName = Release;
		};
		BE8D77432136762600AC58EA /* Build configuration list for PBXNativeTarget "Mobile" */ = {
			isa = XCConfigurationList;
			buildConfigurations = (
				BE8D77442136762600AC58EA /* Debug */,
				BE8D77452136762600AC58EA /* Release */,
			);
			defaultConfigurationIsVisible = 0;
			defaultConfigurationName = Release;
		};
/* End XCConfigurationList section */
	};
	rootObject = BE8D771F2136762500AC58EA /* Project object */;
}
