// !$*UTF8*$!
{
	archiveVersion = 1;
	classes = {
	};
	objectVersion = 50;
	objects = {

/* Begin PBXBuildFile section */
		BE00F8A021396585001CE2D4 /* loleaflet.html in Resources */ = {isa = PBXBuildFile; fileRef = BE00F89621396585001CE2D4 /* loleaflet.html */; };
		BE00F8A121396585001CE2D4 /* bundle.css in Resources */ = {isa = PBXBuildFile; fileRef = BE00F89721396585001CE2D4 /* bundle.css */; };
		BE00F8A321396585001CE2D4 /* bundle.js in Resources */ = {isa = PBXBuildFile; fileRef = BE00F89921396585001CE2D4 /* bundle.js */; };
		BE00F8A521396585001CE2D4 /* l10n in Resources */ = {isa = PBXBuildFile; fileRef = BE00F89B21396585001CE2D4 /* l10n */; };
		BE00F8A621396585001CE2D4 /* loading.html in Resources */ = {isa = PBXBuildFile; fileRef = BE00F89C21396585001CE2D4 /* loading.html */; };
		BE00F8A721396585001CE2D4 /* loleaflet-help.html in Resources */ = {isa = PBXBuildFile; fileRef = BE00F89D21396585001CE2D4 /* loleaflet-help.html */; };
		BE00F8A821396585001CE2D4 /* images in Resources */ = {isa = PBXBuildFile; fileRef = BE00F89E21396585001CE2D4 /* images */; };
		BE00F8B5213ED543001CE2D4 /* libiconv.tbd in Frameworks */ = {isa = PBXBuildFile; fileRef = BE00F8B4213ED543001CE2D4 /* libiconv.tbd */; };
		BE00F8B7213ED573001CE2D4 /* libz.tbd in Frameworks */ = {isa = PBXBuildFile; fileRef = BE00F8B6213ED573001CE2D4 /* libz.tbd */; };
		BE5EB5C1213FE29900E0826C /* Log.cpp in Sources */ = {isa = PBXBuildFile; fileRef = BE5EB5B9213FE29900E0826C /* Log.cpp */; };
		BE5EB5C2213FE29900E0826C /* SpookyV2.cpp in Sources */ = {isa = PBXBuildFile; fileRef = BE5EB5BA213FE29900E0826C /* SpookyV2.cpp */; };
		BE5EB5C3213FE29900E0826C /* Session.cpp in Sources */ = {isa = PBXBuildFile; fileRef = BE5EB5BB213FE29900E0826C /* Session.cpp */; };
		BE5EB5C4213FE29900E0826C /* Util.cpp in Sources */ = {isa = PBXBuildFile; fileRef = BE5EB5BC213FE29900E0826C /* Util.cpp */; };
		BE5EB5C5213FE29900E0826C /* MessageQueue.cpp in Sources */ = {isa = PBXBuildFile; fileRef = BE5EB5BD213FE29900E0826C /* MessageQueue.cpp */; };
		BE5EB5C6213FE29900E0826C /* SigUtil.cpp in Sources */ = {isa = PBXBuildFile; fileRef = BE5EB5BE213FE29900E0826C /* SigUtil.cpp */; };
		BE5EB5C7213FE29900E0826C /* Protocol.cpp in Sources */ = {isa = PBXBuildFile; fileRef = BE5EB5BF213FE29900E0826C /* Protocol.cpp */; };
		BE5EB5C8213FE29900E0826C /* FileUtil.cpp in Sources */ = {isa = PBXBuildFile; fileRef = BE5EB5C0213FE29900E0826C /* FileUtil.cpp */; };
		BE5EB5CF213FE2D000E0826C /* ClientSession.cpp in Sources */ = {isa = PBXBuildFile; fileRef = BE5EB5CC213FE2D000E0826C /* ClientSession.cpp */; };
		BE5EB5D0213FE2D000E0826C /* TileCache.cpp in Sources */ = {isa = PBXBuildFile; fileRef = BE5EB5CD213FE2D000E0826C /* TileCache.cpp */; };
		BE5EB5D22140039100E0826C /* LOOLWSD.cpp in Sources */ = {isa = PBXBuildFile; fileRef = BE5EB5D12140039100E0826C /* LOOLWSD.cpp */; };
		BE5EB5D421400DC100E0826C /* DocumentBroker.cpp in Sources */ = {isa = PBXBuildFile; fileRef = BE5EB5D321400DC100E0826C /* DocumentBroker.cpp */; };
		BE5EB5D621401E0F00E0826C /* Storage.cpp in Sources */ = {isa = PBXBuildFile; fileRef = BE5EB5D521401E0F00E0826C /* Storage.cpp */; };
		BE5EB5DA2140363100E0826C /* ios.mm in Sources */ = {isa = PBXBuildFile; fileRef = BE5EB5D92140363100E0826C /* ios.mm */; };
		BE5EB5DC2140480B00E0826C /* icudt62l.dat in Resources */ = {isa = PBXBuildFile; fileRef = BE5EB5DB2140480B00E0826C /* icudt62l.dat */; };
		BE6362C22153B5B500F4237E /* MobileCoreServices.framework in Frameworks */ = {isa = PBXBuildFile; fileRef = BE6362C12153B5B500F4237E /* MobileCoreServices.framework */; };
		BE8D772C2136762500AC58EA /* AppDelegate.mm in Sources */ = {isa = PBXBuildFile; fileRef = BE8D772B2136762500AC58EA /* AppDelegate.mm */; };
		BE8D772F2136762500AC58EA /* DocumentBrowserViewController.mm in Sources */ = {isa = PBXBuildFile; fileRef = BE8D772E2136762500AC58EA /* DocumentBrowserViewController.mm */; };
		BE8D77322136762500AC58EA /* DocumentViewController.mm in Sources */ = {isa = PBXBuildFile; fileRef = BE8D77312136762500AC58EA /* DocumentViewController.mm */; };
		BE8D77352136762500AC58EA /* Document.mm in Sources */ = {isa = PBXBuildFile; fileRef = BE8D77342136762500AC58EA /* Document.mm */; };
		BE8D77382136762500AC58EA /* Main.storyboard in Resources */ = {isa = PBXBuildFile; fileRef = BE8D77362136762500AC58EA /* Main.storyboard */; };
		BE8D773A2136762600AC58EA /* Assets.xcassets in Resources */ = {isa = PBXBuildFile; fileRef = BE8D77392136762600AC58EA /* Assets.xcassets */; };
		BE8D773D2136762600AC58EA /* LaunchScreen.storyboard in Resources */ = {isa = PBXBuildFile; fileRef = BE8D773B2136762600AC58EA /* LaunchScreen.storyboard */; };
		BE8D77402136762600AC58EA /* main.m in Sources */ = {isa = PBXBuildFile; fileRef = BE8D773F2136762600AC58EA /* main.m */; };
		BE8D85C9214055F3009F1860 /* filter in Resources */ = {isa = PBXBuildFile; fileRef = BE8D85BB214055F2009F1860 /* filter */; };
		BE8D85CA214055F3009F1860 /* offapi.rdb in Resources */ = {isa = PBXBuildFile; fileRef = BE8D85BC214055F2009F1860 /* offapi.rdb */; };
		BE8D85CB214055F3009F1860 /* share in Resources */ = {isa = PBXBuildFile; fileRef = BE8D85BD214055F2009F1860 /* share */; };
		BE8D85CC214055F3009F1860 /* config in Resources */ = {isa = PBXBuildFile; fileRef = BE8D85BE214055F2009F1860 /* config */; };
		BE8D85CD214055F3009F1860 /* registry in Resources */ = {isa = PBXBuildFile; fileRef = BE8D85BF214055F2009F1860 /* registry */; };
		BE8D85CE214055F3009F1860 /* oovbaapi.rdb in Resources */ = {isa = PBXBuildFile; fileRef = BE8D85C0214055F2009F1860 /* oovbaapi.rdb */; };
		BE8D85CF214055F3009F1860 /* udkapi.rdb in Resources */ = {isa = PBXBuildFile; fileRef = BE8D85C1214055F2009F1860 /* udkapi.rdb */; };
		BE8D85D0214055F3009F1860 /* services in Resources */ = {isa = PBXBuildFile; fileRef = BE8D85C2214055F2009F1860 /* services */; };
		BE8D85D1214055F3009F1860 /* services.rdb in Resources */ = {isa = PBXBuildFile; fileRef = BE8D85C3214055F2009F1860 /* services.rdb */; };
		BE8D85D2214055F3009F1860 /* program in Resources */ = {isa = PBXBuildFile; fileRef = BE8D85C4214055F3009F1860 /* program */; };
		BE8D85D4214055F3009F1860 /* fundamentalrc in Resources */ = {isa = PBXBuildFile; fileRef = BE8D85C6214055F3009F1860 /* fundamentalrc */; };
		BE8D85D5214055F3009F1860 /* unorc in Resources */ = {isa = PBXBuildFile; fileRef = BE8D85C7214055F3009F1860 /* unorc */; };
		BE8D85D6214055F3009F1860 /* rc in Resources */ = {isa = PBXBuildFile; fileRef = BE8D85C8214055F3009F1860 /* rc */; };
		BEA2835621467FDD00848631 /* Kit.cpp in Sources */ = {isa = PBXBuildFile; fileRef = BEA2835521467FDD00848631 /* Kit.cpp */; };
		BEA283582146945500848631 /* ChildSession.cpp in Sources */ = {isa = PBXBuildFile; fileRef = BEA283572146945500848631 /* ChildSession.cpp */; };
		BEA2835A21470A1C00848631 /* WebKit.framework in Frameworks */ = {isa = PBXBuildFile; fileRef = BEA2835921470A1C00848631 /* WebKit.framework */; };
		BEA2835D21498AD400848631 /* Socket.cpp in Sources */ = {isa = PBXBuildFile; fileRef = BEA2835C21498AD400848631 /* Socket.cpp */; };
		BEA28360214ACA8500848631 /* FakeSocket.cpp in Sources */ = {isa = PBXBuildFile; fileRef = BEA2835F214ACA8500848631 /* FakeSocket.cpp */; };
		BEA28377214FFD8C00848631 /* Unit.cpp in Sources */ = {isa = PBXBuildFile; fileRef = BEA28376214FFD8C00848631 /* Unit.cpp */; };
/* End PBXBuildFile section */

/* Begin PBXFileReference section */
		BE00F89621396585001CE2D4 /* loleaflet.html */ = {isa = PBXFileReference; fileEncoding = 4; lastKnownFileType = text.html; name = loleaflet.html; path = ../../../loleaflet/dist/loleaflet.html; sourceTree = "<group>"; };
		BE00F89721396585001CE2D4 /* bundle.css */ = {isa = PBXFileReference; fileEncoding = 4; lastKnownFileType = text.css; name = bundle.css; path = ../../../loleaflet/dist/bundle.css; sourceTree = "<group>"; };
		BE00F89921396585001CE2D4 /* bundle.js */ = {isa = PBXFileReference; fileEncoding = 4; lastKnownFileType = sourcecode.javascript; name = bundle.js; path = ../../../loleaflet/dist/bundle.js; sourceTree = "<group>"; };
		BE00F89B21396585001CE2D4 /* l10n */ = {isa = PBXFileReference; lastKnownFileType = folder; name = l10n; path = ../../../loleaflet/dist/l10n; sourceTree = "<group>"; };
		BE00F89C21396585001CE2D4 /* loading.html */ = {isa = PBXFileReference; fileEncoding = 4; lastKnownFileType = text.html; name = loading.html; path = ../../../loleaflet/dist/loading.html; sourceTree = "<group>"; };
		BE00F89D21396585001CE2D4 /* loleaflet-help.html */ = {isa = PBXFileReference; fileEncoding = 4; lastKnownFileType = text.html; name = "loleaflet-help.html"; path = "../../../loleaflet/dist/loleaflet-help.html"; sourceTree = "<group>"; };
		BE00F89E21396585001CE2D4 /* images */ = {isa = PBXFileReference; lastKnownFileType = folder; name = images; path = ../../../loleaflet/dist/images; sourceTree = "<group>"; };
		BE00F8B4213ED543001CE2D4 /* libiconv.tbd */ = {isa = PBXFileReference; lastKnownFileType = "sourcecode.text-based-dylib-definition"; name = libiconv.tbd; path = usr/lib/libiconv.tbd; sourceTree = SDKROOT; };
		BE00F8B6213ED573001CE2D4 /* libz.tbd */ = {isa = PBXFileReference; lastKnownFileType = "sourcecode.text-based-dylib-definition"; name = libz.tbd; path = usr/lib/libz.tbd; sourceTree = SDKROOT; };
		BE5EB5B9213FE29900E0826C /* Log.cpp */ = {isa = PBXFileReference; fileEncoding = 4; lastKnownFileType = sourcecode.cpp.cpp; path = Log.cpp; sourceTree = "<group>"; };
		BE5EB5BA213FE29900E0826C /* SpookyV2.cpp */ = {isa = PBXFileReference; fileEncoding = 4; lastKnownFileType = sourcecode.cpp.cpp; path = SpookyV2.cpp; sourceTree = "<group>"; };
		BE5EB5BB213FE29900E0826C /* Session.cpp */ = {isa = PBXFileReference; fileEncoding = 4; lastKnownFileType = sourcecode.cpp.cpp; path = Session.cpp; sourceTree = "<group>"; };
		BE5EB5BC213FE29900E0826C /* Util.cpp */ = {isa = PBXFileReference; fileEncoding = 4; lastKnownFileType = sourcecode.cpp.cpp; path = Util.cpp; sourceTree = "<group>"; };
		BE5EB5BD213FE29900E0826C /* MessageQueue.cpp */ = {isa = PBXFileReference; fileEncoding = 4; lastKnownFileType = sourcecode.cpp.cpp; path = MessageQueue.cpp; sourceTree = "<group>"; };
		BE5EB5BE213FE29900E0826C /* SigUtil.cpp */ = {isa = PBXFileReference; fileEncoding = 4; lastKnownFileType = sourcecode.cpp.cpp; path = SigUtil.cpp; sourceTree = "<group>"; };
		BE5EB5BF213FE29900E0826C /* Protocol.cpp */ = {isa = PBXFileReference; fileEncoding = 4; lastKnownFileType = sourcecode.cpp.cpp; path = Protocol.cpp; sourceTree = "<group>"; };
		BE5EB5C0213FE29900E0826C /* FileUtil.cpp */ = {isa = PBXFileReference; fileEncoding = 4; lastKnownFileType = sourcecode.cpp.cpp; path = FileUtil.cpp; sourceTree = "<group>"; };
		BE5EB5CC213FE2D000E0826C /* ClientSession.cpp */ = {isa = PBXFileReference; fileEncoding = 4; lastKnownFileType = sourcecode.cpp.cpp; path = ClientSession.cpp; sourceTree = "<group>"; };
		BE5EB5CD213FE2D000E0826C /* TileCache.cpp */ = {isa = PBXFileReference; fileEncoding = 4; lastKnownFileType = sourcecode.cpp.cpp; path = TileCache.cpp; sourceTree = "<group>"; };
		BE5EB5D12140039100E0826C /* LOOLWSD.cpp */ = {isa = PBXFileReference; fileEncoding = 4; lastKnownFileType = sourcecode.cpp.cpp; path = LOOLWSD.cpp; sourceTree = "<group>"; };
		BE5EB5D321400DC100E0826C /* DocumentBroker.cpp */ = {isa = PBXFileReference; fileEncoding = 4; lastKnownFileType = sourcecode.cpp.cpp; path = DocumentBroker.cpp; sourceTree = "<group>"; };
		BE5EB5D521401E0F00E0826C /* Storage.cpp */ = {isa = PBXFileReference; fileEncoding = 4; lastKnownFileType = sourcecode.cpp.cpp; path = Storage.cpp; sourceTree = "<group>"; };
		BE5EB5D92140363100E0826C /* ios.mm */ = {isa = PBXFileReference; fileEncoding = 4; lastKnownFileType = sourcecode.cpp.objcpp; name = ios.mm; path = ../../ios/ios.mm; sourceTree = "<group>"; };
		BE5EB5DB2140480B00E0826C /* icudt62l.dat */ = {isa = PBXFileReference; lastKnownFileType = file; name = icudt62l.dat; path = "$(LOBUILDDIR)/workdir/CustomTarget/ios/resources/icudt62l.dat"; sourceTree = "<group>"; };
		BE636210215101D000F4237E /* WebSocketHandler.hpp */ = {isa = PBXFileReference; fileEncoding = 4; lastKnownFileType = sourcecode.cpp.h; path = WebSocketHandler.hpp; sourceTree = "<group>"; };
		BE6362C02153A7B500F4237E /* init.cxx */ = {isa = PBXFileReference; lastKnownFileType = sourcecode.cpp.cpp; name = init.cxx; path = "$(LOSRCDIR)/desktop/source/lib/init.cxx"; sourceTree = "<group>"; };
		BE6362C12153B5B500F4237E /* MobileCoreServices.framework */ = {isa = PBXFileReference; lastKnownFileType = wrapper.framework; name = MobileCoreServices.framework; path = System/Library/Frameworks/MobileCoreServices.framework; sourceTree = SDKROOT; };
		BE8D77272136762500AC58EA /* Mobile.app */ = {isa = PBXFileReference; explicitFileType = wrapper.application; includeInIndex = 0; path = Mobile.app; sourceTree = BUILT_PRODUCTS_DIR; };
		BE8D772A2136762500AC58EA /* AppDelegate.h */ = {isa = PBXFileReference; lastKnownFileType = sourcecode.c.h; path = AppDelegate.h; sourceTree = "<group>"; };
		BE8D772B2136762500AC58EA /* AppDelegate.mm */ = {isa = PBXFileReference; lastKnownFileType = sourcecode.cpp.objcpp; path = AppDelegate.mm; sourceTree = "<group>"; };
		BE8D772D2136762500AC58EA /* DocumentBrowserViewController.h */ = {isa = PBXFileReference; lastKnownFileType = sourcecode.c.h; path = DocumentBrowserViewController.h; sourceTree = "<group>"; };
		BE8D772E2136762500AC58EA /* DocumentBrowserViewController.mm */ = {isa = PBXFileReference; lastKnownFileType = sourcecode.cpp.objcpp; path = DocumentBrowserViewController.mm; sourceTree = "<group>"; };
		BE8D77302136762500AC58EA /* DocumentViewController.h */ = {isa = PBXFileReference; lastKnownFileType = sourcecode.c.h; path = DocumentViewController.h; sourceTree = "<group>"; };
		BE8D77312136762500AC58EA /* DocumentViewController.mm */ = {isa = PBXFileReference; lastKnownFileType = sourcecode.cpp.objcpp; path = DocumentViewController.mm; sourceTree = "<group>"; };
		BE8D77332136762500AC58EA /* Document.h */ = {isa = PBXFileReference; lastKnownFileType = sourcecode.c.h; path = Document.h; sourceTree = "<group>"; };
		BE8D77342136762500AC58EA /* Document.mm */ = {isa = PBXFileReference; lastKnownFileType = sourcecode.c.objcpp; path = Document.mm; sourceTree = "<group>"; };
		BE8D77372136762500AC58EA /* Base */ = {isa = PBXFileReference; lastKnownFileType = file.storyboard; name = Base; path = Base.lproj/Main.storyboard; sourceTree = "<group>"; };
		BE8D77392136762600AC58EA /* Assets.xcassets */ = {isa = PBXFileReference; lastKnownFileType = folder.assetcatalog; path = Assets.xcassets; sourceTree = "<group>"; };
		BE8D773C2136762600AC58EA /* Base */ = {isa = PBXFileReference; lastKnownFileType = file.storyboard; name = Base; path = Base.lproj/LaunchScreen.storyboard; sourceTree = "<group>"; };
		BE8D773E2136762600AC58EA /* Info.plist */ = {isa = PBXFileReference; lastKnownFileType = text.plist.xml; path = Info.plist; sourceTree = "<group>"; };
		BE8D773F2136762600AC58EA /* main.m */ = {isa = PBXFileReference; lastKnownFileType = sourcecode.c.objc; path = main.m; sourceTree = "<group>"; };
		BE8D85BB214055F2009F1860 /* filter */ = {isa = PBXFileReference; lastKnownFileType = folder; name = filter; path = "$(LOBUILDDIR)/workdir/CustomTarget/ios/resources/filter"; sourceTree = "<group>"; };
		BE8D85BC214055F2009F1860 /* offapi.rdb */ = {isa = PBXFileReference; lastKnownFileType = file; name = offapi.rdb; path = "$(LOBUILDDIR)/workdir/CustomTarget/ios/resources/offapi.rdb"; sourceTree = "<group>"; };
		BE8D85BD214055F2009F1860 /* share */ = {isa = PBXFileReference; lastKnownFileType = folder; name = share; path = "$(LOBUILDDIR)/workdir/CustomTarget/ios/resources/share"; sourceTree = "<group>"; };
		BE8D85BE214055F2009F1860 /* config */ = {isa = PBXFileReference; lastKnownFileType = folder; name = config; path = "$(LOBUILDDIR)/workdir/CustomTarget/ios/resources/config"; sourceTree = "<group>"; };
		BE8D85BF214055F2009F1860 /* registry */ = {isa = PBXFileReference; lastKnownFileType = folder; name = registry; path = "$(LOBUILDDIR)/workdir/CustomTarget/ios/resources/registry"; sourceTree = "<group>"; };
		BE8D85C0214055F2009F1860 /* oovbaapi.rdb */ = {isa = PBXFileReference; lastKnownFileType = file; name = oovbaapi.rdb; path = "$(LOBUILDDIR)/workdir/CustomTarget/ios/resources/oovbaapi.rdb"; sourceTree = "<group>"; };
		BE8D85C1214055F2009F1860 /* udkapi.rdb */ = {isa = PBXFileReference; lastKnownFileType = file; name = udkapi.rdb; path = "$(LOBUILDDIR)/workdir/CustomTarget/ios/resources/udkapi.rdb"; sourceTree = "<group>"; };
		BE8D85C2214055F2009F1860 /* services */ = {isa = PBXFileReference; lastKnownFileType = folder; name = services; path = "$(LOBUILDDIR)/workdir/CustomTarget/ios/resources/services"; sourceTree = "<group>"; };
		BE8D85C3214055F2009F1860 /* services.rdb */ = {isa = PBXFileReference; fileEncoding = 4; lastKnownFileType = text.xml; name = services.rdb; path = "$(LOBUILDDIR)/workdir/CustomTarget/ios/resources/services.rdb"; sourceTree = "<group>"; };
		BE8D85C4214055F3009F1860 /* program */ = {isa = PBXFileReference; lastKnownFileType = folder; name = program; path = "$(LOBUILDDIR)/workdir/CustomTarget/ios/resources/program"; sourceTree = "<group>"; };
		BE8D85C6214055F3009F1860 /* fundamentalrc */ = {isa = PBXFileReference; fileEncoding = 4; lastKnownFileType = text; name = fundamentalrc; path = "$(LOBUILDDIR)/workdir/CustomTarget/ios/resources/fundamentalrc"; sourceTree = "<group>"; };
		BE8D85C7214055F3009F1860 /* unorc */ = {isa = PBXFileReference; fileEncoding = 4; lastKnownFileType = text; name = unorc; path = "$(LOBUILDDIR)/workdir/CustomTarget/ios/resources/unorc"; sourceTree = "<group>"; };
		BE8D85C8214055F3009F1860 /* rc */ = {isa = PBXFileReference; fileEncoding = 4; lastKnownFileType = text; name = rc; path = "$(LOBUILDDIR)/workdir/CustomTarget/ios/resources/rc"; sourceTree = "<group>"; };
		BEA20D5721663BB60032F67B /* salgdiutils.cxx */ = {isa = PBXFileReference; lastKnownFileType = sourcecode.cpp.cpp; name = salgdiutils.cxx; path = "$(LOSRCDIR)/vcl/quartz/salgdiutils.cxx"; sourceTree = "<group>"; };
		BEA20D5821663BB70032F67B /* ctfonts.cxx */ = {isa = PBXFileReference; lastKnownFileType = sourcecode.cpp.cpp; name = ctfonts.cxx; path = "$(LOSRCDIR)/vcl/quartz/ctfonts.cxx"; sourceTree = "<group>"; };
		BEA20D5921663BB70032F67B /* utils.cxx */ = {isa = PBXFileReference; lastKnownFileType = sourcecode.cpp.cpp; name = utils.cxx; path = "$(LOSRCDIR)/vcl/quartz/utils.cxx"; sourceTree = "<group>"; };
		BEA20D5A21663BB70032F67B /* salvd.cxx */ = {isa = PBXFileReference; lastKnownFileType = sourcecode.cpp.cpp; name = salvd.cxx; path = "$(LOSRCDIR)/vcl/quartz/salvd.cxx"; sourceTree = "<group>"; };
		BEA20D5B21663BB70032F67B /* salgdicommon.cxx */ = {isa = PBXFileReference; lastKnownFileType = sourcecode.cpp.cpp; name = salgdicommon.cxx; path = "$(LOSRCDIR)/vcl/quartz/salgdicommon.cxx"; sourceTree = "<group>"; };
		BEA20D5C21663BB70032F67B /* salbmp.cxx */ = {isa = PBXFileReference; lastKnownFileType = sourcecode.cpp.cpp; name = salbmp.cxx; path = "$(LOSRCDIR)/vcl/quartz/salbmp.cxx"; sourceTree = "<group>"; };
		BEA20D5D21663BB70032F67B /* salgdi.cxx */ = {isa = PBXFileReference; lastKnownFileType = sourcecode.cpp.cpp; name = salgdi.cxx; path = "$(LOSRCDIR)/vcl/quartz/salgdi.cxx"; sourceTree = "<group>"; };
		BEA20D6221663C080032F67B /* iosinst.cxx */ = {isa = PBXFileReference; lastKnownFileType = sourcecode.cpp.cpp; name = iosinst.cxx; path = "$(LOSRCDIR)/vcl/ios/iosinst.cxx"; sourceTree = "<group>"; };
		BEA20D6321663C080032F67B /* dummies.cxx */ = {isa = PBXFileReference; lastKnownFileType = sourcecode.cpp.cpp; name = dummies.cxx; path = "$(LOSRCDIR)/vcl/ios/dummies.cxx"; sourceTree = "<group>"; };
		BEA20D72216663DA0032F67B /* builder.cxx */ = {isa = PBXFileReference; lastKnownFileType = sourcecode.cpp.cpp; name = builder.cxx; path = "$(LOSRCDIR)/vcl/source/window/builder.cxx"; sourceTree = "<group>"; };
		BEA20D73216663DA0032F67B /* splitwin.cxx */ = {isa = PBXFileReference; lastKnownFileType = sourcecode.cpp.cpp; name = splitwin.cxx; path = "$(LOSRCDIR)/vcl/source/window/splitwin.cxx"; sourceTree = "<group>"; };
		BEA20D74216663DA0032F67B /* printdlg.cxx */ = {isa = PBXFileReference; lastKnownFileType = sourcecode.cpp.cpp; name = printdlg.cxx; path = "$(LOSRCDIR)/vcl/source/window/printdlg.cxx"; sourceTree = "<group>"; };
		BEA20D75216663DA0032F67B /* keyevent.cxx */ = {isa = PBXFileReference; lastKnownFileType = sourcecode.cpp.cpp; name = keyevent.cxx; path = "$(LOSRCDIR)/vcl/source/window/keyevent.cxx"; sourceTree = "<group>"; };
		BEA20D76216663DA0032F67B /* menuwindow.cxx */ = {isa = PBXFileReference; lastKnownFileType = sourcecode.cpp.cpp; name = menuwindow.cxx; path = "$(LOSRCDIR)/vcl/source/window/menuwindow.cxx"; sourceTree = "<group>"; };
		BEA20D77216663DA0032F67B /* msgbox.cxx */ = {isa = PBXFileReference; lastKnownFileType = sourcecode.cpp.cpp; name = msgbox.cxx; path = "$(LOSRCDIR)/vcl/source/window/msgbox.cxx"; sourceTree = "<group>"; };
		BEA20D78216663DA0032F67B /* menuwindow.hxx */ = {isa = PBXFileReference; lastKnownFileType = sourcecode.cpp.h; name = menuwindow.hxx; path = "$(LOSRCDIR)/vcl/source/window/menuwindow.hxx"; sourceTree = "<group>"; };
		BEA20D79216663DA0032F67B /* clipping.cxx */ = {isa = PBXFileReference; lastKnownFileType = sourcecode.cpp.cpp; name = clipping.cxx; path = "$(LOSRCDIR)/vcl/source/window/clipping.cxx"; sourceTree = "<group>"; };
		BEA20D7A216663DA0032F67B /* seleng.cxx */ = {isa = PBXFileReference; lastKnownFileType = sourcecode.cpp.cpp; name = seleng.cxx; path = "$(LOSRCDIR)/vcl/source/window/seleng.cxx"; sourceTree = "<group>"; };
		BEA20D7B216663DA0032F67B /* event.cxx */ = {isa = PBXFileReference; lastKnownFileType = sourcecode.cpp.cpp; name = event.cxx; path = "$(LOSRCDIR)/vcl/source/window/event.cxx"; sourceTree = "<group>"; };
		BEA20D7C216663DA0032F67B /* debugevent.cxx */ = {isa = PBXFileReference; lastKnownFileType = sourcecode.cpp.cpp; name = debugevent.cxx; path = "$(LOSRCDIR)/vcl/source/window/debugevent.cxx"; sourceTree = "<group>"; };
		BEA20D7D216663DB0032F67B /* stacking.cxx */ = {isa = PBXFileReference; lastKnownFileType = sourcecode.cpp.cpp; name = stacking.cxx; path = "$(LOSRCDIR)/vcl/source/window/stacking.cxx"; sourceTree = "<group>"; };
		BEA20D7E216663DB0032F67B /* taskpanelist.cxx */ = {isa = PBXFileReference; lastKnownFileType = sourcecode.cpp.cpp; name = taskpanelist.cxx; path = "$(LOSRCDIR)/vcl/source/window/taskpanelist.cxx"; sourceTree = "<group>"; };
		BEA20D7F216663DB0032F67B /* introwin.cxx */ = {isa = PBXFileReference; lastKnownFileType = sourcecode.cpp.cpp; name = introwin.cxx; path = "$(LOSRCDIR)/vcl/source/window/introwin.cxx"; sourceTree = "<group>"; };
		BEA20D80216663DB0032F67B /* accel.cxx */ = {isa = PBXFileReference; lastKnownFileType = sourcecode.cpp.cpp; name = accel.cxx; path = "$(LOSRCDIR)/vcl/source/window/accel.cxx"; sourceTree = "<group>"; };
		BEA20D81216663DB0032F67B /* debug.cxx */ = {isa = PBXFileReference; lastKnownFileType = sourcecode.cpp.cpp; name = debug.cxx; path = "$(LOSRCDIR)/vcl/source/window/debug.cxx"; sourceTree = "<group>"; };
		BEA20D82216663DB0032F67B /* floatwin.cxx */ = {isa = PBXFileReference; lastKnownFileType = sourcecode.cpp.cpp; name = floatwin.cxx; path = "$(LOSRCDIR)/vcl/source/window/floatwin.cxx"; sourceTree = "<group>"; };
		BEA20D83216663DB0032F67B /* dialog.cxx */ = {isa = PBXFileReference; lastKnownFileType = sourcecode.cpp.cpp; name = dialog.cxx; path = "$(LOSRCDIR)/vcl/source/window/dialog.cxx"; sourceTree = "<group>"; };
		BEA20D84216663DB0032F67B /* tabpage.cxx */ = {isa = PBXFileReference; lastKnownFileType = sourcecode.cpp.cpp; name = tabpage.cxx; path = "$(LOSRCDIR)/vcl/source/window/tabpage.cxx"; sourceTree = "<group>"; };
		BEA20D85216663DB0032F67B /* dndlistenercontainer.cxx */ = {isa = PBXFileReference; lastKnownFileType = sourcecode.cpp.cpp; name = dndlistenercontainer.cxx; path = "$(LOSRCDIR)/vcl/source/window/dndlistenercontainer.cxx"; sourceTree = "<group>"; };
		BEA20D86216663DB0032F67B /* syschild.cxx */ = {isa = PBXFileReference; lastKnownFileType = sourcecode.cpp.cpp; name = syschild.cxx; path = "$(LOSRCDIR)/vcl/source/window/syschild.cxx"; sourceTree = "<group>"; };
		BEA20D87216663DB0032F67B /* dockwin.cxx */ = {isa = PBXFileReference; lastKnownFileType = sourcecode.cpp.cpp; name = dockwin.cxx; path = "$(LOSRCDIR)/vcl/source/window/dockwin.cxx"; sourceTree = "<group>"; };
		BEA20D88216663DB0032F67B /* globalization.cxx */ = {isa = PBXFileReference; lastKnownFileType = sourcecode.cpp.cpp; name = globalization.cxx; path = "$(LOSRCDIR)/vcl/source/window/globalization.cxx"; sourceTree = "<group>"; };
		BEA20D89216663DB0032F67B /* mnemonic.cxx */ = {isa = PBXFileReference; lastKnownFileType = sourcecode.cpp.cpp; name = mnemonic.cxx; path = "$(LOSRCDIR)/vcl/source/window/mnemonic.cxx"; sourceTree = "<group>"; };
		BEA20D8A216663DB0032F67B /* menuitemlist.cxx */ = {isa = PBXFileReference; lastKnownFileType = sourcecode.cpp.cpp; name = menuitemlist.cxx; path = "$(LOSRCDIR)/vcl/source/window/menuitemlist.cxx"; sourceTree = "<group>"; };
		BEA20D8B216663DB0032F67B /* tabdlg.cxx */ = {isa = PBXFileReference; lastKnownFileType = sourcecode.cpp.cpp; name = tabdlg.cxx; path = "$(LOSRCDIR)/vcl/source/window/tabdlg.cxx"; sourceTree = "<group>"; };
		BEA20D8C216663DB0032F67B /* wrkwin.cxx */ = {isa = PBXFileReference; lastKnownFileType = sourcecode.cpp.cpp; name = wrkwin.cxx; path = "$(LOSRCDIR)/vcl/source/window/wrkwin.cxx"; sourceTree = "<group>"; };
		BEA20D8D216663DB0032F67B /* menuitemlist.hxx */ = {isa = PBXFileReference; lastKnownFileType = sourcecode.cpp.h; name = menuitemlist.hxx; path = "$(LOSRCDIR)/vcl/source/window/menuitemlist.hxx"; sourceTree = "<group>"; };
		BEA20D8E216663DB0032F67B /* paint.cxx */ = {isa = PBXFileReference; lastKnownFileType = sourcecode.cpp.cpp; name = paint.cxx; path = "$(LOSRCDIR)/vcl/source/window/paint.cxx"; sourceTree = "<group>"; };
		BEA20D8F216663DB0032F67B /* commandevent.cxx */ = {isa = PBXFileReference; lastKnownFileType = sourcecode.cpp.cpp; name = commandevent.cxx; path = "$(LOSRCDIR)/vcl/source/window/commandevent.cxx"; sourceTree = "<group>"; };
		BEA20D90216663DB0032F67B /* legacyaccessibility.cxx */ = {isa = PBXFileReference; lastKnownFileType = sourcecode.cpp.cpp; name = legacyaccessibility.cxx; path = "$(LOSRCDIR)/vcl/source/window/legacyaccessibility.cxx"; sourceTree = "<group>"; };
		BEA20D91216663DB0032F67B /* window2.cxx */ = {isa = PBXFileReference; lastKnownFileType = sourcecode.cpp.cpp; name = window2.cxx; path = "$(LOSRCDIR)/vcl/source/window/window2.cxx"; sourceTree = "<group>"; };
		BEA20D92216663DB0032F67B /* menufloatingwindow.hxx */ = {isa = PBXFileReference; lastKnownFileType = sourcecode.cpp.h; name = menufloatingwindow.hxx; path = "$(LOSRCDIR)/vcl/source/window/menufloatingwindow.hxx"; sourceTree = "<group>"; };
		BEA20D93216663DB0032F67B /* split.cxx */ = {isa = PBXFileReference; lastKnownFileType = sourcecode.cpp.cpp; name = split.cxx; path = "$(LOSRCDIR)/vcl/source/window/split.cxx"; sourceTree = "<group>"; };
		BEA20D94216663DB0032F67B /* window.cxx */ = {isa = PBXFileReference; lastKnownFileType = sourcecode.cpp.cpp; name = window.cxx; path = "$(LOSRCDIR)/vcl/source/window/window.cxx"; sourceTree = "<group>"; };
		BEA20D95216663DB0032F67B /* menubarwindow.hxx */ = {isa = PBXFileReference; lastKnownFileType = sourcecode.cpp.h; name = menubarwindow.hxx; path = "$(LOSRCDIR)/vcl/source/window/menubarwindow.hxx"; sourceTree = "<group>"; };
		BEA20D96216663DB0032F67B /* accmgr.cxx */ = {isa = PBXFileReference; lastKnownFileType = sourcecode.cpp.cpp; name = accmgr.cxx; path = "$(LOSRCDIR)/vcl/source/window/accmgr.cxx"; sourceTree = "<group>"; };
		BEA20D97216663DB0032F67B /* abstdlg.cxx */ = {isa = PBXFileReference; lastKnownFileType = sourcecode.cpp.cpp; name = abstdlg.cxx; path = "$(LOSRCDIR)/vcl/source/window/abstdlg.cxx"; sourceTree = "<group>"; };
		BEA20D98216663DC0032F67B /* keycod.cxx */ = {isa = PBXFileReference; lastKnownFileType = sourcecode.cpp.cpp; name = keycod.cxx; path = "$(LOSRCDIR)/vcl/source/window/keycod.cxx"; sourceTree = "<group>"; };
		BEA20D99216663DC0032F67B /* layout.cxx */ = {isa = PBXFileReference; lastKnownFileType = sourcecode.cpp.cpp; name = layout.cxx; path = "$(LOSRCDIR)/vcl/source/window/layout.cxx"; sourceTree = "<group>"; };
		BEA20D9A216663DC0032F67B /* toolbox.cxx */ = {isa = PBXFileReference; lastKnownFileType = sourcecode.cpp.cpp; name = toolbox.cxx; path = "$(LOSRCDIR)/vcl/source/window/toolbox.cxx"; sourceTree = "<group>"; };
		BEA20D9B216663DC0032F67B /* dockmgr.cxx */ = {isa = PBXFileReference; lastKnownFileType = sourcecode.cpp.cpp; name = dockmgr.cxx; path = "$(LOSRCDIR)/vcl/source/window/dockmgr.cxx"; sourceTree = "<group>"; };
		BEA20D9C216663DC0032F67B /* syswin.cxx */ = {isa = PBXFileReference; lastKnownFileType = sourcecode.cpp.cpp; name = syswin.cxx; path = "$(LOSRCDIR)/vcl/source/window/syswin.cxx"; sourceTree = "<group>"; };
		BEA20D9D216663DC0032F67B /* dlgctrl.hxx */ = {isa = PBXFileReference; lastKnownFileType = sourcecode.cpp.h; name = dlgctrl.hxx; path = "$(LOSRCDIR)/vcl/source/window/dlgctrl.hxx"; sourceTree = "<group>"; };
		BEA20D9E216663DC0032F67B /* menufloatingwindow.cxx */ = {isa = PBXFileReference; lastKnownFileType = sourcecode.cpp.cpp; name = menufloatingwindow.cxx; path = "$(LOSRCDIR)/vcl/source/window/menufloatingwindow.cxx"; sourceTree = "<group>"; };
		BEA20D9F216663DC0032F67B /* window3.cxx */ = {isa = PBXFileReference; lastKnownFileType = sourcecode.cpp.cpp; name = window3.cxx; path = "$(LOSRCDIR)/vcl/source/window/window3.cxx"; sourceTree = "<group>"; };
		BEA20DA0216663DC0032F67B /* cursor.cxx */ = {isa = PBXFileReference; lastKnownFileType = sourcecode.cpp.cpp; name = cursor.cxx; path = "$(LOSRCDIR)/vcl/source/window/cursor.cxx"; sourceTree = "<group>"; };
		BEA20DA1216663DC0032F67B /* toolbox2.cxx */ = {isa = PBXFileReference; lastKnownFileType = sourcecode.cpp.cpp; name = toolbox2.cxx; path = "$(LOSRCDIR)/vcl/source/window/toolbox2.cxx"; sourceTree = "<group>"; };
		BEA20DA2216663DC0032F67B /* winproc.cxx */ = {isa = PBXFileReference; lastKnownFileType = sourcecode.cpp.cpp; name = winproc.cxx; path = "$(LOSRCDIR)/vcl/source/window/winproc.cxx"; sourceTree = "<group>"; };
		BEA20DA3216663DC0032F67B /* dndeventdispatcher.cxx */ = {isa = PBXFileReference; lastKnownFileType = sourcecode.cpp.cpp; name = dndeventdispatcher.cxx; path = "$(LOSRCDIR)/vcl/source/window/dndeventdispatcher.cxx"; sourceTree = "<group>"; };
		BEA20DA4216663DC0032F67B /* EnumContext.cxx */ = {isa = PBXFileReference; lastKnownFileType = sourcecode.cpp.cpp; name = EnumContext.cxx; path = "$(LOSRCDIR)/vcl/source/window/EnumContext.cxx"; sourceTree = "<group>"; };
		BEA20DA5216663DC0032F67B /* decoview.cxx */ = {isa = PBXFileReference; lastKnownFileType = sourcecode.cpp.cpp; name = decoview.cxx; path = "$(LOSRCDIR)/vcl/source/window/decoview.cxx"; sourceTree = "<group>"; };
		BEA20DA6216663DC0032F67B /* dlgctrl.cxx */ = {isa = PBXFileReference; lastKnownFileType = sourcecode.cpp.cpp; name = dlgctrl.cxx; path = "$(LOSRCDIR)/vcl/source/window/dlgctrl.cxx"; sourceTree = "<group>"; };
		BEA20DA7216663DC0032F67B /* scrwnd.cxx */ = {isa = PBXFileReference; lastKnownFileType = sourcecode.cpp.cpp; name = scrwnd.cxx; path = "$(LOSRCDIR)/vcl/source/window/scrwnd.cxx"; sourceTree = "<group>"; };
		BEA20DA8216663DC0032F67B /* mnemonicengine.cxx */ = {isa = PBXFileReference; lastKnownFileType = sourcecode.cpp.cpp; name = mnemonicengine.cxx; path = "$(LOSRCDIR)/vcl/source/window/mnemonicengine.cxx"; sourceTree = "<group>"; };
		BEA20DA9216663DC0032F67B /* menu.cxx */ = {isa = PBXFileReference; lastKnownFileType = sourcecode.cpp.cpp; name = menu.cxx; path = "$(LOSRCDIR)/vcl/source/window/menu.cxx"; sourceTree = "<group>"; };
		BEA20DAA216663DC0032F67B /* menubarwindow.cxx */ = {isa = PBXFileReference; lastKnownFileType = sourcecode.cpp.cpp; name = menubarwindow.cxx; path = "$(LOSRCDIR)/vcl/source/window/menubarwindow.cxx"; sourceTree = "<group>"; };
		BEA20DAB216663DD0032F67B /* mouse.cxx */ = {isa = PBXFileReference; lastKnownFileType = sourcecode.cpp.cpp; name = mouse.cxx; path = "$(LOSRCDIR)/vcl/source/window/mouse.cxx"; sourceTree = "<group>"; };
		BEA20DAC216663DD0032F67B /* brdwin.cxx */ = {isa = PBXFileReference; lastKnownFileType = sourcecode.cpp.cpp; name = brdwin.cxx; path = "$(LOSRCDIR)/vcl/source/window/brdwin.cxx"; sourceTree = "<group>"; };
		BEA20DAD216663DD0032F67B /* status.cxx */ = {isa = PBXFileReference; lastKnownFileType = sourcecode.cpp.cpp; name = status.cxx; path = "$(LOSRCDIR)/vcl/source/window/status.cxx"; sourceTree = "<group>"; };
		BEA20DAE216663DD0032F67B /* dockingarea.cxx */ = {isa = PBXFileReference; lastKnownFileType = sourcecode.cpp.cpp; name = dockingarea.cxx; path = "$(LOSRCDIR)/vcl/source/window/dockingarea.cxx"; sourceTree = "<group>"; };
		BEA20DAF216663DD0032F67B /* popupmenuwindow.cxx */ = {isa = PBXFileReference; lastKnownFileType = sourcecode.cpp.cpp; name = popupmenuwindow.cxx; path = "$(LOSRCDIR)/vcl/source/window/popupmenuwindow.cxx"; sourceTree = "<group>"; };
		BEA20DB0216663DD0032F67B /* settings.cxx */ = {isa = PBXFileReference; lastKnownFileType = sourcecode.cpp.cpp; name = settings.cxx; path = "$(LOSRCDIR)/vcl/source/window/settings.cxx"; sourceTree = "<group>"; };
		BEA20DB1216663DD0032F67B /* accessibility.cxx */ = {isa = PBXFileReference; lastKnownFileType = sourcecode.cpp.cpp; name = accessibility.cxx; path = "$(LOSRCDIR)/vcl/source/window/accessibility.cxx"; sourceTree = "<group>"; };
		BEA20DB2216663DD0032F67B /* errinf.cxx */ = {isa = PBXFileReference; lastKnownFileType = sourcecode.cpp.cpp; name = errinf.cxx; path = "$(LOSRCDIR)/vcl/source/window/errinf.cxx"; sourceTree = "<group>"; };
		BEA20DB421668F550032F67B /* svpvd.cxx */ = {isa = PBXFileReference; lastKnownFileType = sourcecode.cpp.cpp; name = svpvd.cxx; path = "$(LOSRCDIR)/vcl/headless/svpvd.cxx"; sourceTree = "<group>"; };
		BEA20DB521668F550032F67B /* svpframe.cxx */ = {isa = PBXFileReference; lastKnownFileType = sourcecode.cpp.cpp; name = svpframe.cxx; path = "$(LOSRCDIR)/vcl/headless/svpframe.cxx"; sourceTree = "<group>"; };
		BEA20DB621668F550032F67B /* svpbmp.cxx */ = {isa = PBXFileReference; lastKnownFileType = sourcecode.cpp.cpp; name = svpbmp.cxx; path = "$(LOSRCDIR)/vcl/headless/svpbmp.cxx"; sourceTree = "<group>"; };
		BEA20DB721668F550032F67B /* svpcairotextrender.cxx */ = {isa = PBXFileReference; lastKnownFileType = sourcecode.cpp.cpp; name = svpcairotextrender.cxx; path = "$(LOSRCDIR)/vcl/headless/svpcairotextrender.cxx"; sourceTree = "<group>"; };
		BEA20DB821668F550032F67B /* svpgdi.cxx */ = {isa = PBXFileReference; lastKnownFileType = sourcecode.cpp.cpp; name = svpgdi.cxx; path = "$(LOSRCDIR)/vcl/headless/svpgdi.cxx"; sourceTree = "<group>"; };
		BEA20DB921668F550032F67B /* svpglyphcache.cxx */ = {isa = PBXFileReference; lastKnownFileType = sourcecode.cpp.cpp; name = svpglyphcache.cxx; path = "$(LOSRCDIR)/vcl/headless/svpglyphcache.cxx"; sourceTree = "<group>"; };
		BEA20DBA21668F550032F67B /* svpinst.cxx */ = {isa = PBXFileReference; lastKnownFileType = sourcecode.cpp.cpp; name = svpinst.cxx; path = "$(LOSRCDIR)/vcl/headless/svpinst.cxx"; sourceTree = "<group>"; };
		BEA20DBB21668F550032F67B /* svptext.cxx */ = {isa = PBXFileReference; lastKnownFileType = sourcecode.cpp.cpp; name = svptext.cxx; path = "$(LOSRCDIR)/vcl/headless/svptext.cxx"; sourceTree = "<group>"; };
		BEA20DBC21668F550032F67B /* headlessinst.cxx */ = {isa = PBXFileReference; lastKnownFileType = sourcecode.cpp.cpp; name = headlessinst.cxx; path = "$(LOSRCDIR)/vcl/headless/headlessinst.cxx"; sourceTree = "<group>"; };
		BEA20DBD21668F550032F67B /* svpdata.cxx */ = {isa = PBXFileReference; lastKnownFileType = sourcecode.cpp.cpp; name = svpdata.cxx; path = "$(LOSRCDIR)/vcl/headless/svpdata.cxx"; sourceTree = "<group>"; };
		BEA20DBE21668F560032F67B /* svpdummies.cxx */ = {isa = PBXFileReference; lastKnownFileType = sourcecode.cpp.cpp; name = svpdummies.cxx; path = "$(LOSRCDIR)/vcl/headless/svpdummies.cxx"; sourceTree = "<group>"; };
		BEA20DBF21668F560032F67B /* svpprn.cxx */ = {isa = PBXFileReference; lastKnownFileType = sourcecode.cpp.cpp; name = svpprn.cxx; path = "$(LOSRCDIR)/vcl/headless/svpprn.cxx"; sourceTree = "<group>"; };
		BEA2835521467FDD00848631 /* Kit.cpp */ = {isa = PBXFileReference; fileEncoding = 4; lastKnownFileType = sourcecode.cpp.cpp; path = Kit.cpp; sourceTree = "<group>"; };
		BEA283572146945500848631 /* ChildSession.cpp */ = {isa = PBXFileReference; fileEncoding = 4; lastKnownFileType = sourcecode.cpp.cpp; path = ChildSession.cpp; sourceTree = "<group>"; };
		BEA2835921470A1C00848631 /* WebKit.framework */ = {isa = PBXFileReference; lastKnownFileType = wrapper.framework; name = WebKit.framework; path = System/Library/Frameworks/WebKit.framework; sourceTree = SDKROOT; };
		BEA2835C21498AD400848631 /* Socket.cpp */ = {isa = PBXFileReference; fileEncoding = 4; lastKnownFileType = sourcecode.cpp.cpp; name = Socket.cpp; path = ../net/Socket.cpp; sourceTree = "<group>"; };
		BEA2835E214A8E2000848631 /* Socket.hpp */ = {isa = PBXFileReference; fileEncoding = 4; lastKnownFileType = sourcecode.cpp.h; path = Socket.hpp; sourceTree = "<group>"; };
		BEA2835F214ACA8500848631 /* FakeSocket.cpp */ = {isa = PBXFileReference; fileEncoding = 4; lastKnownFileType = sourcecode.cpp.cpp; path = FakeSocket.cpp; sourceTree = "<group>"; };
		BEA28376214FFD8C00848631 /* Unit.cpp */ = {isa = PBXFileReference; fileEncoding = 4; lastKnownFileType = sourcecode.cpp.cpp; path = Unit.cpp; sourceTree = "<group>"; };
		BEA283782150172600848631 /* Unit.hpp */ = {isa = PBXFileReference; fileEncoding = 4; lastKnownFileType = sourcecode.cpp.h; path = Unit.hpp; sourceTree = "<group>"; };
/* End PBXFileReference section */

/* Begin PBXFrameworksBuildPhase section */
		BE8D77242136762500AC58EA /* Frameworks */ = {
			isa = PBXFrameworksBuildPhase;
			buildActionMask = 2147483647;
			files = (
				BE6362C22153B5B500F4237E /* MobileCoreServices.framework in Frameworks */,
				BEA2835A21470A1C00848631 /* WebKit.framework in Frameworks */,
				BE00F8B7213ED573001CE2D4 /* libz.tbd in Frameworks */,
				BE00F8B5213ED543001CE2D4 /* libiconv.tbd in Frameworks */,
			);
			runOnlyForDeploymentPostprocessing = 0;
		};
/* End PBXFrameworksBuildPhase section */

/* Begin PBXGroup section */
		BE00F8922139494E001CE2D4 /* Resources */ = {
			isa = PBXGroup;
			children = (
				BE8D85BE214055F2009F1860 /* config */,
				BE8D85BB214055F2009F1860 /* filter */,
				BE8D85C6214055F3009F1860 /* fundamentalrc */,
				BE8D85BC214055F2009F1860 /* offapi.rdb */,
				BE8D85C0214055F2009F1860 /* oovbaapi.rdb */,
				BE8D85C4214055F3009F1860 /* program */,
				BE8D85C8214055F3009F1860 /* rc */,
				BE8D85BF214055F2009F1860 /* registry */,
				BE8D85C2214055F2009F1860 /* services */,
				BE8D85C3214055F2009F1860 /* services.rdb */,
				BE8D85BD214055F2009F1860 /* share */,
				BE8D85C1214055F2009F1860 /* udkapi.rdb */,
				BE8D85C7214055F3009F1860 /* unorc */,
				BE5EB5DB2140480B00E0826C /* icudt62l.dat */,
				BE00F89721396585001CE2D4 /* bundle.css */,
				BE00F89921396585001CE2D4 /* bundle.js */,
				BE00F89E21396585001CE2D4 /* images */,
				BE00F89B21396585001CE2D4 /* l10n */,
				BE00F89C21396585001CE2D4 /* loading.html */,
				BE00F89D21396585001CE2D4 /* loleaflet-help.html */,
				BE00F89621396585001CE2D4 /* loleaflet.html */,
			);
			path = Resources;
			sourceTree = "<group>";
		};
		BE00F8B3213ED542001CE2D4 /* Frameworks */ = {
			isa = PBXGroup;
			children = (
				BE6362C12153B5B500F4237E /* MobileCoreServices.framework */,
				BEA2835921470A1C00848631 /* WebKit.framework */,
				BE00F8B6213ED573001CE2D4 /* libz.tbd */,
				BE00F8B4213ED543001CE2D4 /* libiconv.tbd */,
			);
			name = Frameworks;
			sourceTree = "<group>";
		};
		BE5EB5B5213FE1F900E0826C /* Online */ = {
			isa = PBXGroup;
			children = (
				BE5EB5B6213FE21000E0826C /* common */,
				BEA2835421467F8200848631 /* kit */,
				BEA2835B21498ABF00848631 /* net */,
				BE5EB5B7213FE21600E0826C /* wsd */,
			);
			name = Online;
			path = ..;
			sourceTree = SOURCE_ROOT;
		};
		BE5EB5B6213FE21000E0826C /* common */ = {
			isa = PBXGroup;
			children = (
				BEA283782150172600848631 /* Unit.hpp */,
				BEA28376214FFD8C00848631 /* Unit.cpp */,
				BE5EB5C0213FE29900E0826C /* FileUtil.cpp */,
				BE5EB5B9213FE29900E0826C /* Log.cpp */,
				BE5EB5BD213FE29900E0826C /* MessageQueue.cpp */,
				BE5EB5BF213FE29900E0826C /* Protocol.cpp */,
				BE5EB5BB213FE29900E0826C /* Session.cpp */,
				BE5EB5BE213FE29900E0826C /* SigUtil.cpp */,
				BE5EB5BA213FE29900E0826C /* SpookyV2.cpp */,
				BE5EB5BC213FE29900E0826C /* Util.cpp */,
			);
			path = common;
			sourceTree = "<group>";
		};
		BE5EB5B7213FE21600E0826C /* wsd */ = {
			isa = PBXGroup;
			children = (
				BE5EB5CC213FE2D000E0826C /* ClientSession.cpp */,
				BE5EB5D321400DC100E0826C /* DocumentBroker.cpp */,
				BE5EB5D12140039100E0826C /* LOOLWSD.cpp */,
				BE5EB5D521401E0F00E0826C /* Storage.cpp */,
				BE5EB5CD213FE2D000E0826C /* TileCache.cpp */,
			);
			name = wsd;
			path = ../wsd;
			sourceTree = SOURCE_ROOT;
		};
		BE6362BE2153A79200F4237E /* Core */ = {
			isa = PBXGroup;
			children = (
				BE6362BF2153A7A200F4237E /* desktop */,
				BE6362C32154473C00F4237E /* vcl */,
			);
			name = Core;
			sourceTree = "<group>";
		};
		BE6362BF2153A7A200F4237E /* desktop */ = {
			isa = PBXGroup;
			children = (
				BE6362C02153A7B500F4237E /* init.cxx */,
			);
			name = desktop;
			sourceTree = "<group>";
		};
		BE6362C32154473C00F4237E /* vcl */ = {
			isa = PBXGroup;
			children = (
				BEA20DB321668F3E0032F67B /* headless */,
				BEA20D5E21663BBD0032F67B /* ios */,
				BEA20D71216663AD0032F67B /* window */,
				BEA20D5621663B990032F67B /* quartz */,
			);
			name = vcl;
			sourceTree = "<group>";
		};
		BE8D771E2136762500AC58EA = {
			isa = PBXGroup;
			children = (
				BE6362BE2153A79200F4237E /* Core */,
				BE5EB5B5213FE1F900E0826C /* Online */,
				BE8D77292136762500AC58EA /* Mobile */,
				BE8D77282136762500AC58EA /* Products */,
				BE00F8B3213ED542001CE2D4 /* Frameworks */,
			);
			sourceTree = "<group>";
		};
		BE8D77282136762500AC58EA /* Products */ = {
			isa = PBXGroup;
			children = (
				BE8D77272136762500AC58EA /* Mobile.app */,
			);
			name = Products;
			sourceTree = "<group>";
		};
		BE8D77292136762500AC58EA /* Mobile */ = {
			isa = PBXGroup;
			children = (
				BE5EB5D92140363100E0826C /* ios.mm */,
				BE00F8922139494E001CE2D4 /* Resources */,
				BE8D772A2136762500AC58EA /* AppDelegate.h */,
				BE8D772B2136762500AC58EA /* AppDelegate.mm */,
				BE8D772D2136762500AC58EA /* DocumentBrowserViewController.h */,
				BE8D772E2136762500AC58EA /* DocumentBrowserViewController.mm */,
				BE8D77302136762500AC58EA /* DocumentViewController.h */,
				BE8D77312136762500AC58EA /* DocumentViewController.mm */,
				BE8D77332136762500AC58EA /* Document.h */,
				BE8D77342136762500AC58EA /* Document.mm */,
				BE8D77362136762500AC58EA /* Main.storyboard */,
				BE8D77392136762600AC58EA /* Assets.xcassets */,
				BE8D773B2136762600AC58EA /* LaunchScreen.storyboard */,
				BE8D773E2136762600AC58EA /* Info.plist */,
				BE8D773F2136762600AC58EA /* main.m */,
			);
			path = Mobile;
			sourceTree = "<group>";
		};
		BEA20D5621663B990032F67B /* quartz */ = {
			isa = PBXGroup;
			children = (
				BEA20D5821663BB70032F67B /* ctfonts.cxx */,
				BEA20D5C21663BB70032F67B /* salbmp.cxx */,
				BEA20D5D21663BB70032F67B /* salgdi.cxx */,
				BEA20D5B21663BB70032F67B /* salgdicommon.cxx */,
				BEA20D5721663BB60032F67B /* salgdiutils.cxx */,
				BEA20D5A21663BB70032F67B /* salvd.cxx */,
				BEA20D5921663BB70032F67B /* utils.cxx */,
			);
			name = quartz;
			sourceTree = "<group>";
		};
		BEA20D5E21663BBD0032F67B /* ios */ = {
			isa = PBXGroup;
			children = (
				BEA20D6321663C080032F67B /* dummies.cxx */,
				BEA20D6221663C080032F67B /* iosinst.cxx */,
			);
			name = ios;
			sourceTree = "<group>";
		};
		BEA20D71216663AD0032F67B /* window */ = {
			isa = PBXGroup;
			children = (
				BEA20D97216663DB0032F67B /* abstdlg.cxx */,
				BEA20D80216663DB0032F67B /* accel.cxx */,
				BEA20DB1216663DD0032F67B /* accessibility.cxx */,
				BEA20D96216663DB0032F67B /* accmgr.cxx */,
				BEA20DAC216663DD0032F67B /* brdwin.cxx */,
				BEA20D72216663DA0032F67B /* builder.cxx */,
				BEA20D79216663DA0032F67B /* clipping.cxx */,
				BEA20D8F216663DB0032F67B /* commandevent.cxx */,
				BEA20DA0216663DC0032F67B /* cursor.cxx */,
				BEA20D81216663DB0032F67B /* debug.cxx */,
				BEA20D7C216663DA0032F67B /* debugevent.cxx */,
				BEA20DA5216663DC0032F67B /* decoview.cxx */,
				BEA20D83216663DB0032F67B /* dialog.cxx */,
				BEA20DA6216663DC0032F67B /* dlgctrl.cxx */,
				BEA20D9D216663DC0032F67B /* dlgctrl.hxx */,
				BEA20DA3216663DC0032F67B /* dndeventdispatcher.cxx */,
				BEA20D85216663DB0032F67B /* dndlistenercontainer.cxx */,
				BEA20DAE216663DD0032F67B /* dockingarea.cxx */,
				BEA20D9B216663DC0032F67B /* dockmgr.cxx */,
				BEA20D87216663DB0032F67B /* dockwin.cxx */,
				BEA20DA4216663DC0032F67B /* EnumContext.cxx */,
				BEA20DB2216663DD0032F67B /* errinf.cxx */,
				BEA20D7B216663DA0032F67B /* event.cxx */,
				BEA20D82216663DB0032F67B /* floatwin.cxx */,
				BEA20D88216663DB0032F67B /* globalization.cxx */,
				BEA20D7F216663DB0032F67B /* introwin.cxx */,
				BEA20D98216663DC0032F67B /* keycod.cxx */,
				BEA20D75216663DA0032F67B /* keyevent.cxx */,
				BEA20D99216663DC0032F67B /* layout.cxx */,
				BEA20D90216663DB0032F67B /* legacyaccessibility.cxx */,
				BEA20DA9216663DC0032F67B /* menu.cxx */,
				BEA20DAA216663DC0032F67B /* menubarwindow.cxx */,
				BEA20D95216663DB0032F67B /* menubarwindow.hxx */,
				BEA20D9E216663DC0032F67B /* menufloatingwindow.cxx */,
				BEA20D92216663DB0032F67B /* menufloatingwindow.hxx */,
				BEA20D8A216663DB0032F67B /* menuitemlist.cxx */,
				BEA20D8D216663DB0032F67B /* menuitemlist.hxx */,
				BEA20D76216663DA0032F67B /* menuwindow.cxx */,
				BEA20D78216663DA0032F67B /* menuwindow.hxx */,
				BEA20D89216663DB0032F67B /* mnemonic.cxx */,
				BEA20DA8216663DC0032F67B /* mnemonicengine.cxx */,
				BEA20DAB216663DD0032F67B /* mouse.cxx */,
				BEA20D77216663DA0032F67B /* msgbox.cxx */,
				BEA20D8E216663DB0032F67B /* paint.cxx */,
				BEA20DAF216663DD0032F67B /* popupmenuwindow.cxx */,
				BEA20D74216663DA0032F67B /* printdlg.cxx */,
				BEA20DA7216663DC0032F67B /* scrwnd.cxx */,
				BEA20D7A216663DA0032F67B /* seleng.cxx */,
				BEA20DB0216663DD0032F67B /* settings.cxx */,
				BEA20D93216663DB0032F67B /* split.cxx */,
				BEA20D73216663DA0032F67B /* splitwin.cxx */,
				BEA20D7D216663DB0032F67B /* stacking.cxx */,
				BEA20DAD216663DD0032F67B /* status.cxx */,
				BEA20D86216663DB0032F67B /* syschild.cxx */,
				BEA20D9C216663DC0032F67B /* syswin.cxx */,
				BEA20D8B216663DB0032F67B /* tabdlg.cxx */,
				BEA20D84216663DB0032F67B /* tabpage.cxx */,
				BEA20D7E216663DB0032F67B /* taskpanelist.cxx */,
				BEA20D9A216663DC0032F67B /* toolbox.cxx */,
				BEA20DA1216663DC0032F67B /* toolbox2.cxx */,
				BEA20D94216663DB0032F67B /* window.cxx */,
				BEA20D91216663DB0032F67B /* window2.cxx */,
				BEA20D9F216663DC0032F67B /* window3.cxx */,
				BEA20DA2216663DC0032F67B /* winproc.cxx */,
				BEA20D8C216663DB0032F67B /* wrkwin.cxx */,
			);
			name = window;
			sourceTree = "<group>";
		};
		BEA20DB321668F3E0032F67B /* headless */ = {
			isa = PBXGroup;
			children = (
				BEA20DBC21668F550032F67B /* headlessinst.cxx */,
				BEA20DB621668F550032F67B /* svpbmp.cxx */,
				BEA20DB721668F550032F67B /* svpcairotextrender.cxx */,
				BEA20DBD21668F550032F67B /* svpdata.cxx */,
				BEA20DBE21668F560032F67B /* svpdummies.cxx */,
				BEA20DB521668F550032F67B /* svpframe.cxx */,
				BEA20DB821668F550032F67B /* svpgdi.cxx */,
				BEA20DB921668F550032F67B /* svpglyphcache.cxx */,
				BEA20DBA21668F550032F67B /* svpinst.cxx */,
				BEA20DBF21668F560032F67B /* svpprn.cxx */,
				BEA20DBB21668F550032F67B /* svptext.cxx */,
				BEA20DB421668F550032F67B /* svpvd.cxx */,
			);
			name = headless;
			sourceTree = "<group>";
		};
		BEA2835421467F8200848631 /* kit */ = {
			isa = PBXGroup;
			children = (
				BEA283572146945500848631 /* ChildSession.cpp */,
				BEA2835521467FDD00848631 /* Kit.cpp */,
			);
			name = kit;
			path = ../kit;
			sourceTree = SOURCE_ROOT;
		};
		BEA2835B21498ABF00848631 /* net */ = {
			isa = PBXGroup;
			children = (
				BEA2835F214ACA8500848631 /* FakeSocket.cpp */,
				BEA2835E214A8E2000848631 /* Socket.hpp */,
				BEA2835C21498AD400848631 /* Socket.cpp */,
				BE636210215101D000F4237E /* WebSocketHandler.hpp */,
			);
			name = net;
			path = ../net;
			sourceTree = SOURCE_ROOT;
		};
/* End PBXGroup section */

/* Begin PBXNativeTarget section */
		BE8D77262136762500AC58EA /* Mobile */ = {
			isa = PBXNativeTarget;
			buildConfigurationList = BE8D77432136762600AC58EA /* Build configuration list for PBXNativeTarget "Mobile" */;
			buildPhases = (
				BE8D77232136762500AC58EA /* Sources */,
				BE8D77242136762500AC58EA /* Frameworks */,
				BE8D77252136762500AC58EA /* Resources */,
			);
			buildRules = (
			);
			dependencies = (
			);
			name = Mobile;
			productName = Mobile;
			productReference = BE8D77272136762500AC58EA /* Mobile.app */;
			productType = "com.apple.product-type.application";
		};
/* End PBXNativeTarget section */

/* Begin PBXProject section */
		BE8D771F2136762500AC58EA /* Project object */ = {
			isa = PBXProject;
			attributes = {
				LastUpgradeCheck = 0940;
				ORGANIZATIONNAME = Collabora;
				TargetAttributes = {
					BE8D77262136762500AC58EA = {
						CreatedOnToolsVersion = 9.4.1;
					};
				};
			};
			buildConfigurationList = BE8D77222136762500AC58EA /* Build configuration list for PBXProject "Mobile" */;
			compatibilityVersion = "Xcode 9.3";
			developmentRegion = en;
			hasScannedForEncodings = 0;
			knownRegions = (
				en,
				Base,
			);
			mainGroup = BE8D771E2136762500AC58EA;
			productRefGroup = BE8D77282136762500AC58EA /* Products */;
			projectDirPath = "";
			projectRoot = "";
			targets = (
				BE8D77262136762500AC58EA /* Mobile */,
			);
		};
/* End PBXProject section */

/* Begin PBXResourcesBuildPhase section */
		BE8D77252136762500AC58EA /* Resources */ = {
			isa = PBXResourcesBuildPhase;
			buildActionMask = 2147483647;
			files = (
				BE8D85D6214055F3009F1860 /* rc in Resources */,
				BE8D85D0214055F3009F1860 /* services in Resources */,
				BE8D85D4214055F3009F1860 /* fundamentalrc in Resources */,
				BE8D85C9214055F3009F1860 /* filter in Resources */,
				BE8D85CD214055F3009F1860 /* registry in Resources */,
				BE00F8A821396585001CE2D4 /* images in Resources */,
				BE5EB5DC2140480B00E0826C /* icudt62l.dat in Resources */,
				BE8D85CE214055F3009F1860 /* oovbaapi.rdb in Resources */,
				BE00F8A721396585001CE2D4 /* loleaflet-help.html in Resources */,
				BE8D773D2136762600AC58EA /* LaunchScreen.storyboard in Resources */,
				BE00F8A121396585001CE2D4 /* bundle.css in Resources */,
				BE8D85CF214055F3009F1860 /* udkapi.rdb in Resources */,
				BE8D85D5214055F3009F1860 /* unorc in Resources */,
				BE8D85D1214055F3009F1860 /* services.rdb in Resources */,
				BE00F8A021396585001CE2D4 /* loleaflet.html in Resources */,
				BE8D85CA214055F3009F1860 /* offapi.rdb in Resources */,
				BE8D773A2136762600AC58EA /* Assets.xcassets in Resources */,
				BE00F8A521396585001CE2D4 /* l10n in Resources */,
				BE8D85CC214055F3009F1860 /* config in Resources */,
				BE00F8A321396585001CE2D4 /* bundle.js in Resources */,
				BE8D77382136762500AC58EA /* Main.storyboard in Resources */,
				BE8D85D2214055F3009F1860 /* program in Resources */,
				BE8D85CB214055F3009F1860 /* share in Resources */,
				BE00F8A621396585001CE2D4 /* loading.html in Resources */,
			);
			runOnlyForDeploymentPostprocessing = 0;
		};
/* End PBXResourcesBuildPhase section */

/* Begin PBXSourcesBuildPhase section */
		BE8D77232136762500AC58EA /* Sources */ = {
			isa = PBXSourcesBuildPhase;
			buildActionMask = 2147483647;
			files = (
				BEA2835D21498AD400848631 /* Socket.cpp in Sources */,
				BE5EB5C4213FE29900E0826C /* Util.cpp in Sources */,
				BEA283582146945500848631 /* ChildSession.cpp in Sources */,
				BE5EB5C3213FE29900E0826C /* Session.cpp in Sources */,
				BE5EB5D22140039100E0826C /* LOOLWSD.cpp in Sources */,
				BE5EB5C6213FE29900E0826C /* SigUtil.cpp in Sources */,
				BE5EB5C1213FE29900E0826C /* Log.cpp in Sources */,
				BE5EB5DA2140363100E0826C /* ios.mm in Sources */,
				BE5EB5D421400DC100E0826C /* DocumentBroker.cpp in Sources */,
				BEA28377214FFD8C00848631 /* Unit.cpp in Sources */,
				BE5EB5CF213FE2D000E0826C /* ClientSession.cpp in Sources */,
				BE5EB5C2213FE29900E0826C /* SpookyV2.cpp in Sources */,
				BE8D77402136762600AC58EA /* main.m in Sources */,
				BE5EB5C8213FE29900E0826C /* FileUtil.cpp in Sources */,
				BEA28360214ACA8500848631 /* FakeSocket.cpp in Sources */,
				BE8D77352136762500AC58EA /* Document.mm in Sources */,
				BE5EB5C7213FE29900E0826C /* Protocol.cpp in Sources */,
				BE8D772F2136762500AC58EA /* DocumentBrowserViewController.mm in Sources */,
				BE5EB5D0213FE2D000E0826C /* TileCache.cpp in Sources */,
				BE5EB5C5213FE29900E0826C /* MessageQueue.cpp in Sources */,
				BE5EB5D621401E0F00E0826C /* Storage.cpp in Sources */,
				BEA2835621467FDD00848631 /* Kit.cpp in Sources */,
				BE8D77322136762500AC58EA /* DocumentViewController.mm in Sources */,
				BE8D772C2136762500AC58EA /* AppDelegate.mm in Sources */,
			);
			runOnlyForDeploymentPostprocessing = 0;
		};
/* End PBXSourcesBuildPhase section */

/* Begin PBXVariantGroup section */
		BE8D77362136762500AC58EA /* Main.storyboard */ = {
			isa = PBXVariantGroup;
			children = (
				BE8D77372136762500AC58EA /* Base */,
			);
			name = Main.storyboard;
			sourceTree = "<group>";
		};
		BE8D773B2136762600AC58EA /* LaunchScreen.storyboard */ = {
			isa = PBXVariantGroup;
			children = (
				BE8D773C2136762600AC58EA /* Base */,
			);
			name = LaunchScreen.storyboard;
			sourceTree = "<group>";
		};
/* End PBXVariantGroup section */

/* Begin XCBuildConfiguration section */
		BE8D77412136762600AC58EA /* Debug */ = {
			isa = XCBuildConfiguration;
			buildSettings = {
				ALWAYS_SEARCH_USER_PATHS = NO;
				CLANG_ANALYZER_NONNULL = YES;
				CLANG_ANALYZER_NUMBER_OBJECT_CONVERSION = YES_AGGRESSIVE;
				CLANG_CXX_LANGUAGE_STANDARD = "gnu++14";
				CLANG_CXX_LIBRARY = "libc++";
				CLANG_ENABLE_MODULES = YES;
				CLANG_ENABLE_OBJC_ARC = YES;
				CLANG_ENABLE_OBJC_WEAK = YES;
				CLANG_WARN_BLOCK_CAPTURE_AUTORELEASING = YES;
				CLANG_WARN_BOOL_CONVERSION = YES;
				CLANG_WARN_COMMA = YES;
				CLANG_WARN_CONSTANT_CONVERSION = YES;
				CLANG_WARN_DEPRECATED_OBJC_IMPLEMENTATIONS = YES;
				CLANG_WARN_DIRECT_OBJC_ISA_USAGE = YES_ERROR;
				CLANG_WARN_DOCUMENTATION_COMMENTS = YES;
				CLANG_WARN_EMPTY_BODY = YES;
				CLANG_WARN_ENUM_CONVERSION = YES;
				CLANG_WARN_INFINITE_RECURSION = YES;
				CLANG_WARN_INT_CONVERSION = YES;
				CLANG_WARN_NON_LITERAL_NULL_CONVERSION = YES;
				CLANG_WARN_OBJC_IMPLICIT_RETAIN_SELF = YES;
				CLANG_WARN_OBJC_LITERAL_CONVERSION = YES;
				CLANG_WARN_OBJC_ROOT_CLASS = YES_ERROR;
				CLANG_WARN_RANGE_LOOP_ANALYSIS = YES;
				CLANG_WARN_STRICT_PROTOTYPES = YES;
				CLANG_WARN_SUSPICIOUS_MOVE = YES;
				CLANG_WARN_UNGUARDED_AVAILABILITY = YES_AGGRESSIVE;
				CLANG_WARN_UNREACHABLE_CODE = YES;
				CLANG_WARN__DUPLICATE_METHOD_MATCH = YES;
				CODE_SIGN_IDENTITY = "iPhone Developer";
				COPY_PHASE_STRIP = NO;
				DEBUG_INFORMATION_FORMAT = dwarf;
				ENABLE_STRICT_OBJC_MSGSEND = YES;
				ENABLE_TESTABILITY = YES;
				GCC_C_LANGUAGE_STANDARD = gnu11;
				GCC_DYNAMIC_NO_PIC = NO;
				GCC_NO_COMMON_BLOCKS = YES;
				GCC_OPTIMIZATION_LEVEL = 0;
				GCC_PREPROCESSOR_DEFINITIONS = (
					"DEBUG=1",
					"$(inherited)",
				);
				GCC_WARN_64_TO_32_BIT_CONVERSION = YES;
				GCC_WARN_ABOUT_RETURN_TYPE = YES_ERROR;
				GCC_WARN_UNDECLARED_SELECTOR = YES;
				GCC_WARN_UNINITIALIZED_AUTOS = YES_AGGRESSIVE;
				GCC_WARN_UNUSED_FUNCTION = YES;
				GCC_WARN_UNUSED_VARIABLE = YES;
				IPHONEOS_DEPLOYMENT_TARGET = 11.4;
				LOBUILDDIR = "$(SOURCE_ROOT)/../../ios-device";
				LOSRCDIR = "$(SOURCE_ROOT)/../../ios-device";
				MTL_ENABLE_DEBUG_INFO = YES;
				ONLY_ACTIVE_ARCH = YES;
				PNGINSTDIR = "/opt/ios-libpng";
				POCOINSTDIR = "/opt/ios-poco";
				SDKROOT = iphoneos;
			};
			name = Debug;
		};
		BE8D77422136762600AC58EA /* Release */ = {
			isa = XCBuildConfiguration;
			buildSettings = {
				ALWAYS_SEARCH_USER_PATHS = NO;
				CLANG_ANALYZER_NONNULL = YES;
				CLANG_ANALYZER_NUMBER_OBJECT_CONVERSION = YES_AGGRESSIVE;
				CLANG_CXX_LANGUAGE_STANDARD = "gnu++14";
				CLANG_CXX_LIBRARY = "libc++";
				CLANG_ENABLE_MODULES = YES;
				CLANG_ENABLE_OBJC_ARC = YES;
				CLANG_ENABLE_OBJC_WEAK = YES;
				CLANG_WARN_BLOCK_CAPTURE_AUTORELEASING = YES;
				CLANG_WARN_BOOL_CONVERSION = YES;
				CLANG_WARN_COMMA = YES;
				CLANG_WARN_CONSTANT_CONVERSION = YES;
				CLANG_WARN_DEPRECATED_OBJC_IMPLEMENTATIONS = YES;
				CLANG_WARN_DIRECT_OBJC_ISA_USAGE = YES_ERROR;
				CLANG_WARN_DOCUMENTATION_COMMENTS = YES;
				CLANG_WARN_EMPTY_BODY = YES;
				CLANG_WARN_ENUM_CONVERSION = YES;
				CLANG_WARN_INFINITE_RECURSION = YES;
				CLANG_WARN_INT_CONVERSION = YES;
				CLANG_WARN_NON_LITERAL_NULL_CONVERSION = YES;
				CLANG_WARN_OBJC_IMPLICIT_RETAIN_SELF = YES;
				CLANG_WARN_OBJC_LITERAL_CONVERSION = YES;
				CLANG_WARN_OBJC_ROOT_CLASS = YES_ERROR;
				CLANG_WARN_RANGE_LOOP_ANALYSIS = YES;
				CLANG_WARN_STRICT_PROTOTYPES = YES;
				CLANG_WARN_SUSPICIOUS_MOVE = YES;
				CLANG_WARN_UNGUARDED_AVAILABILITY = YES_AGGRESSIVE;
				CLANG_WARN_UNREACHABLE_CODE = YES;
				CLANG_WARN__DUPLICATE_METHOD_MATCH = YES;
				CODE_SIGN_IDENTITY = "iPhone Developer";
				COPY_PHASE_STRIP = NO;
				DEBUG_INFORMATION_FORMAT = "dwarf-with-dsym";
				ENABLE_NS_ASSERTIONS = NO;
				ENABLE_STRICT_OBJC_MSGSEND = YES;
				GCC_C_LANGUAGE_STANDARD = gnu11;
				GCC_NO_COMMON_BLOCKS = YES;
				GCC_WARN_64_TO_32_BIT_CONVERSION = YES;
				GCC_WARN_ABOUT_RETURN_TYPE = YES_ERROR;
				GCC_WARN_UNDECLARED_SELECTOR = YES;
				GCC_WARN_UNINITIALIZED_AUTOS = YES_AGGRESSIVE;
				GCC_WARN_UNUSED_FUNCTION = YES;
				GCC_WARN_UNUSED_VARIABLE = YES;
				IPHONEOS_DEPLOYMENT_TARGET = 11.4;
				LOBUILDDIR = "$(SOURCE_ROOT)/../../ios-device";
				LOSRCDIR = "$(SOURCE_ROOT)/../../ios-device";
				MTL_ENABLE_DEBUG_INFO = NO;
				PNGINSTDIR = "/opt/ios-libpng";
				POCOINSTDIR = "/opt/ios-poco";
				SDKROOT = iphoneos;
				VALIDATE_PRODUCT = YES;
			};
			name = Release;
		};
		BE8D77442136762600AC58EA /* Debug */ = {
			isa = XCBuildConfiguration;
			buildSettings = {
				ASSETCATALOG_COMPILER_APPICON_NAME = AppIcon;
				CLANG_WARN_DOCUMENTATION_COMMENTS = NO;
				CODE_SIGN_STYLE = Automatic;
				DEVELOPMENT_TEAM = J4FQ687VJK;
				ENABLE_BITCODE = NO;
				GCC_PREPROCESSOR_DEFINITIONS = (
					"MOBILEAPP=1",
					"IOS=IOS",
					"DISABLE_DYNLOADING=1",
					"DEBUG=1",
					"LOOLWSD_CONFIGDIR='\".\"'",
				);
				GCC_WARN_64_TO_32_BIT_CONVERSION = NO;
				HEADER_SEARCH_PATHS = (
					"$(SOURCE_ROOT)/..",
					"$(SOURCE_ROOT)/../ios",
					"$(SOURCE_ROOT)/../kit",
					"$(SOURCE_ROOT)/../common",
					"$(SOURCE_ROOT)/../wsd",
					"$(SOURCE_ROOT)/../net",
					"$(LOBUILDDIR)/config_host",
					"$(LOSRCDIR)/include",
					"$(LOBUILDDIR)/workdir/CustomTarget/ios",
					"$(PNGINSTDIR)/include",
					"$(POCOINSTDIR)/include",
				);
				INFOPLIST_FILE = Mobile/Info.plist;
				LD_GENERATE_MAP_FILE = YES;
				LD_RUNPATH_SEARCH_PATHS = (
					"$(inherited)",
					"@executable_path/Frameworks",
				);
				OTHER_CPLUSPLUSFLAGS = (
					"-x",
					"objective-c++",
					"$(OTHER_CFLAGS)",
				);
				OTHER_LDFLAGS = (
					"-filelist",
					"$(LOBUILDDIR)/workdir/CustomTarget/ios/ios-all-static-libs.list",
					"-L",
					"$(PNGINSTDIR)/lib",
					"-L",
					"$(POCOINSTDIR)/lib",
					"-lPocoFoundationd",
					"-lPocoUtild",
					"-lPocoXMLd",
					"-lPocoJSONd",
					"-lPocoNetd",
				);
				PRODUCT_BUNDLE_IDENTIFIER = com.collabora.office.Mobile;
				PRODUCT_NAME = "$(TARGET_NAME)";
				TARGETED_DEVICE_FAMILY = "1,2";
			};
			name = Debug;
		};
		BE8D77452136762600AC58EA /* Release */ = {
			isa = XCBuildConfiguration;
			buildSettings = {
				ASSETCATALOG_COMPILER_APPICON_NAME = AppIcon;
				CLANG_WARN_DOCUMENTATION_COMMENTS = NO;
				CODE_SIGN_STYLE = Automatic;
				DEVELOPMENT_TEAM = J4FQ687VJK;
				ENABLE_BITCODE = NO;
				GCC_PREPROCESSOR_DEFINITIONS = (
					"MOBILEAPP=1",
					"IOS=IOS",
					"DISABLE_DYNLOADING=1",
				);
				GCC_WARN_64_TO_32_BIT_CONVERSION = NO;
				HEADER_SEARCH_PATHS = (
					"$(SOURCE_ROOT)/..",
					"$(SOURCE_ROOT)/../ios",
					"$(SOURCE_ROOT)/../kit",
					"$(SOURCE_ROOT)/../common",
					"$(SOURCE_ROOT)/../wsd",
					"$(SOURCE_ROOT)/../net",
					"$(LOBUILDDIR)/config_host",
					"$(LOSRCDIR)/include",
					"$(LOBUILDDIR)/workdir/CustomTarget/ios",
					"$(PNGINSTDIR)/include",
					"$(POCOINSTDIR)/include",
				);
				INFOPLIST_FILE = Mobile/Info.plist;
				LD_GENERATE_MAP_FILE = YES;
				LD_RUNPATH_SEARCH_PATHS = (
					"$(inherited)",
					"@executable_path/Frameworks",
				);
				OTHER_CPLUSPLUSFLAGS = (
					"-x",
					"objective-c++",
					"$(OTHER_CFLAGS)",
				);
				OTHER_LDFLAGS = (
					"-filelist",
					"$(LOBUILDDIR)/workdir/CustomTarget/ios/ios-all-static-libs.list",
					"-L",
					"$(PNGINSTDIR)/lib",
					"-L",
					"$(POCOINSTDIR)/lib",
					"-lPocoFoundation",
					"-lPocoUtil",
					"-lPocoXML",
					"-lPocoJSON",
					"-lPocoNet",
				);
				PRODUCT_BUNDLE_IDENTIFIER = com.collabora.office.Mobile;
				PRODUCT_NAME = "$(TARGET_NAME)";
				TARGETED_DEVICE_FAMILY = "1,2";
			};
			name = Release;
		};
/* End XCBuildConfiguration section */

/* Begin XCConfigurationList section */
		BE8D77222136762500AC58EA /* Build configuration list for PBXProject "Mobile" */ = {
			isa = XCConfigurationList;
			buildConfigurations = (
				BE8D77412136762600AC58EA /* Debug */,
				BE8D77422136762600AC58EA /* Release */,
			);
			defaultConfigurationIsVisible = 0;
			defaultConfigurationName = Release;
		};
		BE8D77432136762600AC58EA /* Build configuration list for PBXNativeTarget "Mobile" */ = {
			isa = XCConfigurationList;
			buildConfigurations = (
				BE8D77442136762600AC58EA /* Debug */,
				BE8D77452136762600AC58EA /* Release */,
			);
			defaultConfigurationIsVisible = 0;
			defaultConfigurationName = Release;
		};
/* End XCConfigurationList section */
	};
	rootObject = BE8D771F2136762500AC58EA /* Project object */;
}
